// !$*UTF8*$!
{
	archiveVersion = 1;
	classes = {
	};
	objectVersion = 46;
	objects = {

/* Begin PBXBuildFile section */
		77B5C6F3DE0EF60F1A2F19F9 /* Pods.framework in Frameworks */ = {isa = PBXBuildFile; fileRef = 68916BCF18B0690F8F2180BF /* Pods.framework */; settings = {ATTRIBUTES = (Weak, ); }; };
		D40F84241B4EA723004FD250 /* MQPullToRefresh.podspec in Resources */ = {isa = PBXBuildFile; fileRef = D40F84231B4EA723004FD250 /* MQPullToRefresh.podspec */; };
		D4121E791B075D9200612CA3 /* QuartzCore.framework in Frameworks */ = {isa = PBXBuildFile; fileRef = D4121E781B075D9200612CA3 /* QuartzCore.framework */; };
		D4121E7B1B075D9B00612CA3 /* ImageIO.framework in Frameworks */ = {isa = PBXBuildFile; fileRef = D4121E7A1B075D9B00612CA3 /* ImageIO.framework */; };
		D4121E7D1B075DA700612CA3 /* SystemConfiguration.framework in Frameworks */ = {isa = PBXBuildFile; fileRef = D4121E7C1B075DA700612CA3 /* SystemConfiguration.framework */; };
		D4121E7F1B075DAE00612CA3 /* Security.framework in Frameworks */ = {isa = PBXBuildFile; fileRef = D4121E7E1B075DAE00612CA3 /* Security.framework */; };
		D4121E811B075DBA00612CA3 /* CoreTelephony.framework in Frameworks */ = {isa = PBXBuildFile; fileRef = D4121E801B075DBA00612CA3 /* CoreTelephony.framework */; };
		D4121E831B075DC200612CA3 /* CoreText.framework in Frameworks */ = {isa = PBXBuildFile; fileRef = D4121E821B075DC200612CA3 /* CoreText.framework */; };
		D4121E851B075DCC00612CA3 /* UIKit.framework in Frameworks */ = {isa = PBXBuildFile; fileRef = D4121E841B075DCC00612CA3 /* UIKit.framework */; };
		D4121E871B075DD600612CA3 /* Foundation.framework in Frameworks */ = {isa = PBXBuildFile; fileRef = D4121E861B075DD600612CA3 /* Foundation.framework */; };
		D4121E891B075DDC00612CA3 /* CoreGraphics.framework in Frameworks */ = {isa = PBXBuildFile; fileRef = D4121E881B075DDC00612CA3 /* CoreGraphics.framework */; };
		D4127CF81B3D1A0600AE7AEA /* MVBAccountRecordView.swift in Sources */ = {isa = PBXBuildFile; fileRef = D4127CF71B3D1A0600AE7AEA /* MVBAccountRecordView.swift */; };
		D4127CFA1B3D1A1E00AE7AEA /* MVBAccountRecordView.xib in Resources */ = {isa = PBXBuildFile; fileRef = D4127CF91B3D1A1E00AE7AEA /* MVBAccountRecordView.xib */; };
		D41620F11B4104E000D1D021 /* MVBNewPasswordView.swift in Sources */ = {isa = PBXBuildFile; fileRef = D41620F01B4104E000D1D021 /* MVBNewPasswordView.swift */; };
		D41620F31B4104ED00D1D021 /* MVBNewPasswordView.xib in Resources */ = {isa = PBXBuildFile; fileRef = D41620F21B4104ED00D1D021 /* MVBNewPasswordView.xib */; };
		D41C80101B1BEF2600987D42 /* MQButton.swift in Sources */ = {isa = PBXBuildFile; fileRef = D41C7FFF1B1BEF2600987D42 /* MQButton.swift */; };
		D41C80111B1BEF2600987D42 /* UIView+MQRecursiveLevelLog.m in Sources */ = {isa = PBXBuildFile; fileRef = D41C80011B1BEF2600987D42 /* UIView+MQRecursiveLevelLog.m */; };
		D430B0F01B417D480082A310 /* MVBPasswordIdListModel.swift in Sources */ = {isa = PBXBuildFile; fileRef = D430B0EF1B417D480082A310 /* MVBPasswordIdListModel.swift */; };
		D441578B1B3E4B35004ECC7E /* MQMaskController.podspec in Resources */ = {isa = PBXBuildFile; fileRef = D441578A1B3E4B35004ECC7E /* MQMaskController.podspec */; };
		D44A6B151B2886A7003C4834 /* AppMacroObjc.m in Sources */ = {isa = PBXBuildFile; fileRef = D44A6B141B2886A7003C4834 /* AppMacroObjc.m */; };
		D45E89841B36CD1500AFF9F8 /* MVBLogInViewController.swift in Sources */ = {isa = PBXBuildFile; fileRef = D45E89721B36CD1500AFF9F8 /* MVBLogInViewController.swift */; };
		D45E89851B36CD1500AFF9F8 /* MVBMainMenuView.swift in Sources */ = {isa = PBXBuildFile; fileRef = D45E89741B36CD1500AFF9F8 /* MVBMainMenuView.swift */; };
		D45E89861B36CD1500AFF9F8 /* MVBMainMenuView.xib in Resources */ = {isa = PBXBuildFile; fileRef = D45E89751B36CD1500AFF9F8 /* MVBMainMenuView.xib */; };
		D45E89871B36CD1500AFF9F8 /* MVBMainMenuViewController.swift in Sources */ = {isa = PBXBuildFile; fileRef = D45E89761B36CD1500AFF9F8 /* MVBMainMenuViewController.swift */; };
		D45E89881B36CD1500AFF9F8 /* MVBMainStructureManage.swift in Sources */ = {isa = PBXBuildFile; fileRef = D45E89771B36CD1500AFF9F8 /* MVBMainStructureManage.swift */; };
		D45E899D1B3700B300AFF9F8 /* MVBHeroesViewController.swift in Sources */ = {isa = PBXBuildFile; fileRef = D45E89931B3700B300AFF9F8 /* MVBHeroesViewController.swift */; };
		D45E899E1B3700B300AFF9F8 /* MVBHeroTableViewCell.swift in Sources */ = {isa = PBXBuildFile; fileRef = D45E89941B3700B300AFF9F8 /* MVBHeroTableViewCell.swift */; };
		D45E899F1B3700B300AFF9F8 /* MVBHeroTableViewCell.xib in Resources */ = {isa = PBXBuildFile; fileRef = D45E89951B3700B300AFF9F8 /* MVBHeroTableViewCell.xib */; };
		D45E89A01B3700B300AFF9F8 /* MVBMainViewController.swift in Sources */ = {isa = PBXBuildFile; fileRef = D45E89971B3700B300AFF9F8 /* MVBMainViewController.swift */; };
		D45E89A21B3700B300AFF9F8 /* MVBPasswordManageViewController.swift in Sources */ = {isa = PBXBuildFile; fileRef = D45E899A1B3700B300AFF9F8 /* MVBPasswordManageViewController.swift */; };
		D45E89A31B3700B300AFF9F8 /* MVBPasswordRecordCell.swift in Sources */ = {isa = PBXBuildFile; fileRef = D45E899B1B3700B300AFF9F8 /* MVBPasswordRecordCell.swift */; };
		D45E89A61B3700DE00AFF9F8 /* MVBDetailBaseViewController.swift in Sources */ = {isa = PBXBuildFile; fileRef = D45E89A51B3700DE00AFF9F8 /* MVBDetailBaseViewController.swift */; };
		D47B272D1B3FFE1B00679BEE /* MVBPasswordManageDataSource.swift in Sources */ = {isa = PBXBuildFile; fileRef = D47B272C1B3FFE1B00679BEE /* MVBPasswordManageDataSource.swift */; };
		D488BF051B28685A0050C2E2 /* MVBAppDelegate.swift in Sources */ = {isa = PBXBuildFile; fileRef = D488BF041B28685A0050C2E2 /* MVBAppDelegate.swift */; };
		D4AAF2C51B31B47C00350A91 /* LaunchScreen.xib in Resources */ = {isa = PBXBuildFile; fileRef = D4121DEC1B07184400612CA3 /* LaunchScreen.xib */; };
		D4AAF2C61B31B47C00350A91 /* Main.storyboard in Resources */ = {isa = PBXBuildFile; fileRef = D4121DE71B07184400612CA3 /* Main.storyboard */; };
		D4B337D01BA68E73005F88BD /* AVOSCloud.framework in Frameworks */ = {isa = PBXBuildFile; fileRef = D4B337CB1BA68BC2005F88BD /* AVOSCloud.framework */; };
		D4D36A151B3BC81000F2BBF5 /* MVBAccountManageViewController.swift in Sources */ = {isa = PBXBuildFile; fileRef = D4D36A141B3BC81000F2BBF5 /* MVBAccountManageViewController.swift */; };
		D4D36A191B3C48E800F2BBF5 /* MVBAccountManageDataSource.swift in Sources */ = {isa = PBXBuildFile; fileRef = D4D36A181B3C48E800F2BBF5 /* MVBAccountManageDataSource.swift */; };
		D4D36A1B1B3C49AD00F2BBF5 /* MVBAcconutTableViewCell.swift in Sources */ = {isa = PBXBuildFile; fileRef = D4D36A1A1B3C49AD00F2BBF5 /* MVBAcconutTableViewCell.swift */; };
		D4DE759F1B573EAD007E31F0 /* MVBPasswordRecordDetailCell.swift in Sources */ = {isa = PBXBuildFile; fileRef = D4DE759E1B573EAD007E31F0 /* MVBPasswordRecordDetailCell.swift */; };
		D4DE75A11B57560D007E31F0 /* MMDrawerVisualStateCustom.swift in Sources */ = {isa = PBXBuildFile; fileRef = D4DE75A01B57560D007E31F0 /* MMDrawerVisualStateCustom.swift */; };
		D4E17B451B28695300228B4A /* MVBHeroesInfoModel.swift in Sources */ = {isa = PBXBuildFile; fileRef = D4E17B401B28695300228B4A /* MVBHeroesInfoModel.swift */; };
		D4E17B461B28695300228B4A /* MVBHeroModel.swift in Sources */ = {isa = PBXBuildFile; fileRef = D4E17B411B28695300228B4A /* MVBHeroModel.swift */; };
		D4E17B491B28695300228B4A /* MVBUserModel.swift in Sources */ = {isa = PBXBuildFile; fileRef = D4E17B441B28695300228B4A /* MVBUserModel.swift */; };
		D4E17B4C1B286A7F00228B4A /* Images.xcassets in Resources */ = {isa = PBXBuildFile; fileRef = D4E17B4B1B286A7F00228B4A /* Images.xcassets */; };
		D4E17B4E1B286BC100228B4A /* AppMacro.swift in Sources */ = {isa = PBXBuildFile; fileRef = D4E17B4D1B286BC100228B4A /* AppMacro.swift */; };
		D4F52C431B417983009E80AE /* MVBPasswordRecordModel.swift in Sources */ = {isa = PBXBuildFile; fileRef = D4F52C421B417983009E80AE /* MVBPasswordRecordModel.swift */; };
		D4FD3BC51B209D1700F73D43 /* libWeiboSDK.a in Frameworks */ = {isa = PBXBuildFile; fileRef = D4FD3BBA1B209D1700F73D43 /* libWeiboSDK.a */; };
		D4FD3BC61B209D1700F73D43 /* WeiboSDK.bundle in Resources */ = {isa = PBXBuildFile; fileRef = D4FD3BC21B209D1700F73D43 /* WeiboSDK.bundle */; };
/* End PBXBuildFile section */

/* Begin PBXCopyFilesBuildPhase section */
		D4B337D21BA68E74005F88BD /* Embed Frameworks */ = {
			isa = PBXCopyFilesBuildPhase;
			buildActionMask = 2147483647;
			dstPath = "";
			dstSubfolderSpec = 10;
			files = (
			);
			name = "Embed Frameworks";
			runOnlyForDeploymentPostprocessing = 0;
		};
/* End PBXCopyFilesBuildPhase section */

/* Begin PBXFileReference section */
		68916BCF18B0690F8F2180BF /* Pods.framework */ = {isa = PBXFileReference; explicitFileType = wrapper.framework; includeInIndex = 0; path = Pods.framework; sourceTree = BUILT_PRODUCTS_DIR; };
		68C22996EE97883205A46665 /* Pods.release.xcconfig */ = {isa = PBXFileReference; includeInIndex = 1; lastKnownFileType = text.xcconfig; name = Pods.release.xcconfig; path = "Pods/Target Support Files/Pods/Pods.release.xcconfig"; sourceTree = "<group>"; };
		74E4AD8AB57723A8F079C50C /* Pods.debug.xcconfig */ = {isa = PBXFileReference; includeInIndex = 1; lastKnownFileType = text.xcconfig; name = Pods.debug.xcconfig; path = "Pods/Target Support Files/Pods/Pods.debug.xcconfig"; sourceTree = "<group>"; };
		D40F84231B4EA723004FD250 /* MQPullToRefresh.podspec */ = {isa = PBXFileReference; fileEncoding = 4; lastKnownFileType = text; path = MQPullToRefresh.podspec; sourceTree = "<group>"; };
		D4121DDE1B07184400612CA3 /* vb.app */ = {isa = PBXFileReference; explicitFileType = wrapper.application; includeInIndex = 0; path = vb.app; sourceTree = BUILT_PRODUCTS_DIR; };
		D4121DE21B07184400612CA3 /* Info.plist */ = {isa = PBXFileReference; lastKnownFileType = text.plist.xml; path = Info.plist; sourceTree = "<group>"; };
		D4121DE81B07184400612CA3 /* Base */ = {isa = PBXFileReference; lastKnownFileType = file.storyboard; name = Base; path = Base.lproj/Main.storyboard; sourceTree = "<group>"; };
		D4121DED1B07184400612CA3 /* Base */ = {isa = PBXFileReference; lastKnownFileType = file.xib; name = Base; path = Base.lproj/LaunchScreen.xib; sourceTree = "<group>"; };
		D4121DF81B07184400612CA3 /* Info.plist */ = {isa = PBXFileReference; lastKnownFileType = text.plist.xml; path = Info.plist; sourceTree = "<group>"; };
		D4121DF91B07184400612CA3 /* vbTests.swift */ = {isa = PBXFileReference; lastKnownFileType = sourcecode.swift; path = vbTests.swift; sourceTree = "<group>"; };
		D4121E781B075D9200612CA3 /* QuartzCore.framework */ = {isa = PBXFileReference; lastKnownFileType = wrapper.framework; name = QuartzCore.framework; path = System/Library/Frameworks/QuartzCore.framework; sourceTree = SDKROOT; };
		D4121E7A1B075D9B00612CA3 /* ImageIO.framework */ = {isa = PBXFileReference; lastKnownFileType = wrapper.framework; name = ImageIO.framework; path = System/Library/Frameworks/ImageIO.framework; sourceTree = SDKROOT; };
		D4121E7C1B075DA700612CA3 /* SystemConfiguration.framework */ = {isa = PBXFileReference; lastKnownFileType = wrapper.framework; name = SystemConfiguration.framework; path = System/Library/Frameworks/SystemConfiguration.framework; sourceTree = SDKROOT; };
		D4121E7E1B075DAE00612CA3 /* Security.framework */ = {isa = PBXFileReference; lastKnownFileType = wrapper.framework; name = Security.framework; path = System/Library/Frameworks/Security.framework; sourceTree = SDKROOT; };
		D4121E801B075DBA00612CA3 /* CoreTelephony.framework */ = {isa = PBXFileReference; lastKnownFileType = wrapper.framework; name = CoreTelephony.framework; path = System/Library/Frameworks/CoreTelephony.framework; sourceTree = SDKROOT; };
		D4121E821B075DC200612CA3 /* CoreText.framework */ = {isa = PBXFileReference; lastKnownFileType = wrapper.framework; name = CoreText.framework; path = System/Library/Frameworks/CoreText.framework; sourceTree = SDKROOT; };
		D4121E841B075DCC00612CA3 /* UIKit.framework */ = {isa = PBXFileReference; lastKnownFileType = wrapper.framework; name = UIKit.framework; path = System/Library/Frameworks/UIKit.framework; sourceTree = SDKROOT; };
		D4121E861B075DD600612CA3 /* Foundation.framework */ = {isa = PBXFileReference; lastKnownFileType = wrapper.framework; name = Foundation.framework; path = System/Library/Frameworks/Foundation.framework; sourceTree = SDKROOT; };
		D4121E881B075DDC00612CA3 /* CoreGraphics.framework */ = {isa = PBXFileReference; lastKnownFileType = wrapper.framework; name = CoreGraphics.framework; path = System/Library/Frameworks/CoreGraphics.framework; sourceTree = SDKROOT; };
		D4127CF71B3D1A0600AE7AEA /* MVBAccountRecordView.swift */ = {isa = PBXFileReference; fileEncoding = 4; lastKnownFileType = sourcecode.swift; path = MVBAccountRecordView.swift; sourceTree = "<group>"; };
		D4127CF91B3D1A1E00AE7AEA /* MVBAccountRecordView.xib */ = {isa = PBXFileReference; fileEncoding = 4; lastKnownFileType = file.xib; path = MVBAccountRecordView.xib; sourceTree = "<group>"; };
		D41620F01B4104E000D1D021 /* MVBNewPasswordView.swift */ = {isa = PBXFileReference; fileEncoding = 4; lastKnownFileType = sourcecode.swift; path = MVBNewPasswordView.swift; sourceTree = "<group>"; };
		D41620F21B4104ED00D1D021 /* MVBNewPasswordView.xib */ = {isa = PBXFileReference; fileEncoding = 4; lastKnownFileType = file.xib; path = MVBNewPasswordView.xib; sourceTree = "<group>"; };
		D41C7FFF1B1BEF2600987D42 /* MQButton.swift */ = {isa = PBXFileReference; fileEncoding = 4; lastKnownFileType = sourcecode.swift; path = MQButton.swift; sourceTree = "<group>"; };
		D41C80001B1BEF2600987D42 /* UIView+MQRecursiveLevelLog.h */ = {isa = PBXFileReference; fileEncoding = 4; lastKnownFileType = sourcecode.c.h; path = "UIView+MQRecursiveLevelLog.h"; sourceTree = "<group>"; };
		D41C80011B1BEF2600987D42 /* UIView+MQRecursiveLevelLog.m */ = {isa = PBXFileReference; fileEncoding = 4; lastKnownFileType = sourcecode.c.objc; path = "UIView+MQRecursiveLevelLog.m"; sourceTree = "<group>"; };
		D430B0EF1B417D480082A310 /* MVBPasswordIdListModel.swift */ = {isa = PBXFileReference; fileEncoding = 4; lastKnownFileType = sourcecode.swift; path = MVBPasswordIdListModel.swift; sourceTree = "<group>"; };
		D441578A1B3E4B35004ECC7E /* MQMaskController.podspec */ = {isa = PBXFileReference; fileEncoding = 4; lastKnownFileType = text; path = MQMaskController.podspec; sourceTree = "<group>"; };
		D44A6B131B288696003C4834 /* AppMacroObjc.h */ = {isa = PBXFileReference; fileEncoding = 4; lastKnownFileType = sourcecode.c.h; path = AppMacroObjc.h; sourceTree = "<group>"; };
		D44A6B141B2886A7003C4834 /* AppMacroObjc.m */ = {isa = PBXFileReference; fileEncoding = 4; lastKnownFileType = sourcecode.c.objc; path = AppMacroObjc.m; sourceTree = "<group>"; };
		D45E89721B36CD1500AFF9F8 /* MVBLogInViewController.swift */ = {isa = PBXFileReference; fileEncoding = 4; lastKnownFileType = sourcecode.swift; path = MVBLogInViewController.swift; sourceTree = "<group>"; };
		D45E89741B36CD1500AFF9F8 /* MVBMainMenuView.swift */ = {isa = PBXFileReference; fileEncoding = 4; lastKnownFileType = sourcecode.swift; path = MVBMainMenuView.swift; sourceTree = "<group>"; };
		D45E89751B36CD1500AFF9F8 /* MVBMainMenuView.xib */ = {isa = PBXFileReference; fileEncoding = 4; lastKnownFileType = file.xib; path = MVBMainMenuView.xib; sourceTree = "<group>"; };
		D45E89761B36CD1500AFF9F8 /* MVBMainMenuViewController.swift */ = {isa = PBXFileReference; fileEncoding = 4; lastKnownFileType = sourcecode.swift; path = MVBMainMenuViewController.swift; sourceTree = "<group>"; };
		D45E89771B36CD1500AFF9F8 /* MVBMainStructureManage.swift */ = {isa = PBXFileReference; fileEncoding = 4; lastKnownFileType = sourcecode.swift; path = MVBMainStructureManage.swift; sourceTree = "<group>"; };
		D45E89931B3700B300AFF9F8 /* MVBHeroesViewController.swift */ = {isa = PBXFileReference; fileEncoding = 4; lastKnownFileType = sourcecode.swift; path = MVBHeroesViewController.swift; sourceTree = "<group>"; };
		D45E89941B3700B300AFF9F8 /* MVBHeroTableViewCell.swift */ = {isa = PBXFileReference; fileEncoding = 4; lastKnownFileType = sourcecode.swift; path = MVBHeroTableViewCell.swift; sourceTree = "<group>"; };
		D45E89951B3700B300AFF9F8 /* MVBHeroTableViewCell.xib */ = {isa = PBXFileReference; fileEncoding = 4; lastKnownFileType = file.xib; path = MVBHeroTableViewCell.xib; sourceTree = "<group>"; };
		D45E89971B3700B300AFF9F8 /* MVBMainViewController.swift */ = {isa = PBXFileReference; fileEncoding = 4; lastKnownFileType = sourcecode.swift; path = MVBMainViewController.swift; sourceTree = "<group>"; };
		D45E899A1B3700B300AFF9F8 /* MVBPasswordManageViewController.swift */ = {isa = PBXFileReference; fileEncoding = 4; lastKnownFileType = sourcecode.swift; path = MVBPasswordManageViewController.swift; sourceTree = "<group>"; };
		D45E899B1B3700B300AFF9F8 /* MVBPasswordRecordCell.swift */ = {isa = PBXFileReference; fileEncoding = 4; lastKnownFileType = sourcecode.swift; path = MVBPasswordRecordCell.swift; sourceTree = "<group>"; };
		D45E89A51B3700DE00AFF9F8 /* MVBDetailBaseViewController.swift */ = {isa = PBXFileReference; fileEncoding = 4; lastKnownFileType = sourcecode.swift; name = MVBDetailBaseViewController.swift; path = Main/MVBDetailBaseViewController.swift; sourceTree = "<group>"; };
		D46C6CB31B10273400EA9FF6 /* vb-Prefix.pch */ = {isa = PBXFileReference; fileEncoding = 4; lastKnownFileType = sourcecode.c.h; name = "vb-Prefix.pch"; path = "vb/vb-Prefix.pch"; sourceTree = "<group>"; };
		D46EFAFE1BA5CF3200DB73BE /* vb-Bridging-Header.h */ = {isa = PBXFileReference; lastKnownFileType = sourcecode.c.h; name = "vb-Bridging-Header.h"; path = "vb/vb-Bridging-Header.h"; sourceTree = "<group>"; };
		D47B272C1B3FFE1B00679BEE /* MVBPasswordManageDataSource.swift */ = {isa = PBXFileReference; fileEncoding = 4; lastKnownFileType = sourcecode.swift; path = MVBPasswordManageDataSource.swift; sourceTree = "<group>"; };
		D488BF041B28685A0050C2E2 /* MVBAppDelegate.swift */ = {isa = PBXFileReference; fileEncoding = 4; lastKnownFileType = sourcecode.swift; path = MVBAppDelegate.swift; sourceTree = "<group>"; };
		D4B337CB1BA68BC2005F88BD /* AVOSCloud.framework */ = {isa = PBXFileReference; lastKnownFileType = wrapper.framework; name = AVOSCloud.framework; path = /Users/quanma/githubUpdate/swift/vb/vb/vb/Utils/SDK/AVOSCloud/Dynamic/AVOSCloud.framework; sourceTree = "<absolute>"; };
		D4D36A141B3BC81000F2BBF5 /* MVBAccountManageViewController.swift */ = {isa = PBXFileReference; fileEncoding = 4; lastKnownFileType = sourcecode.swift; path = MVBAccountManageViewController.swift; sourceTree = "<group>"; };
		D4D36A181B3C48E800F2BBF5 /* MVBAccountManageDataSource.swift */ = {isa = PBXFileReference; fileEncoding = 4; lastKnownFileType = sourcecode.swift; path = MVBAccountManageDataSource.swift; sourceTree = "<group>"; };
		D4D36A1A1B3C49AD00F2BBF5 /* MVBAcconutTableViewCell.swift */ = {isa = PBXFileReference; fileEncoding = 4; lastKnownFileType = sourcecode.swift; path = MVBAcconutTableViewCell.swift; sourceTree = "<group>"; };
		D4DE759E1B573EAD007E31F0 /* MVBPasswordRecordDetailCell.swift */ = {isa = PBXFileReference; fileEncoding = 4; lastKnownFileType = sourcecode.swift; path = MVBPasswordRecordDetailCell.swift; sourceTree = "<group>"; };
		D4DE75A01B57560D007E31F0 /* MMDrawerVisualStateCustom.swift */ = {isa = PBXFileReference; fileEncoding = 4; lastKnownFileType = sourcecode.swift; path = MMDrawerVisualStateCustom.swift; sourceTree = "<group>"; };
		D4E17B401B28695300228B4A /* MVBHeroesInfoModel.swift */ = {isa = PBXFileReference; fileEncoding = 4; lastKnownFileType = sourcecode.swift; path = MVBHeroesInfoModel.swift; sourceTree = "<group>"; };
		D4E17B411B28695300228B4A /* MVBHeroModel.swift */ = {isa = PBXFileReference; fileEncoding = 4; lastKnownFileType = sourcecode.swift; path = MVBHeroModel.swift; sourceTree = "<group>"; };
		D4E17B441B28695300228B4A /* MVBUserModel.swift */ = {isa = PBXFileReference; fileEncoding = 4; lastKnownFileType = sourcecode.swift; path = MVBUserModel.swift; sourceTree = "<group>"; };
		D4E17B4B1B286A7F00228B4A /* Images.xcassets */ = {isa = PBXFileReference; lastKnownFileType = folder.assetcatalog; path = Images.xcassets; sourceTree = "<group>"; };
		D4E17B4D1B286BC100228B4A /* AppMacro.swift */ = {isa = PBXFileReference; fileEncoding = 4; lastKnownFileType = sourcecode.swift; path = AppMacro.swift; sourceTree = "<group>"; };
		D4F52C421B417983009E80AE /* MVBPasswordRecordModel.swift */ = {isa = PBXFileReference; fileEncoding = 4; lastKnownFileType = sourcecode.swift; path = MVBPasswordRecordModel.swift; sourceTree = "<group>"; };
		D4FD3BBA1B209D1700F73D43 /* libWeiboSDK.a */ = {isa = PBXFileReference; lastKnownFileType = archive.ar; path = libWeiboSDK.a; sourceTree = "<group>"; };
		D4FD3BBB1B209D1700F73D43 /* WBHttpRequest+WeiboShare.h */ = {isa = PBXFileReference; fileEncoding = 4; lastKnownFileType = sourcecode.c.h; path = "WBHttpRequest+WeiboShare.h"; sourceTree = "<group>"; };
		D4FD3BBC1B209D1700F73D43 /* WBHttpRequest+WeiboToken.h */ = {isa = PBXFileReference; fileEncoding = 4; lastKnownFileType = sourcecode.c.h; path = "WBHttpRequest+WeiboToken.h"; sourceTree = "<group>"; };
		D4FD3BBD1B209D1700F73D43 /* WBHttpRequest+WeiboUser.h */ = {isa = PBXFileReference; fileEncoding = 4; lastKnownFileType = sourcecode.c.h; path = "WBHttpRequest+WeiboUser.h"; sourceTree = "<group>"; };
		D4FD3BBE1B209D1700F73D43 /* WBHttpRequest.h */ = {isa = PBXFileReference; fileEncoding = 4; lastKnownFileType = sourcecode.c.h; path = WBHttpRequest.h; sourceTree = "<group>"; };
		D4FD3BBF1B209D1700F73D43 /* WBSDKBasicButton.h */ = {isa = PBXFileReference; fileEncoding = 4; lastKnownFileType = sourcecode.c.h; path = WBSDKBasicButton.h; sourceTree = "<group>"; };
		D4FD3BC01B209D1700F73D43 /* WBSDKCommentButton.h */ = {isa = PBXFileReference; fileEncoding = 4; lastKnownFileType = sourcecode.c.h; path = WBSDKCommentButton.h; sourceTree = "<group>"; };
		D4FD3BC11B209D1700F73D43 /* WBSDKRelationshipButton.h */ = {isa = PBXFileReference; fileEncoding = 4; lastKnownFileType = sourcecode.c.h; path = WBSDKRelationshipButton.h; sourceTree = "<group>"; };
		D4FD3BC21B209D1700F73D43 /* WeiboSDK.bundle */ = {isa = PBXFileReference; lastKnownFileType = "wrapper.plug-in"; path = WeiboSDK.bundle; sourceTree = "<group>"; };
		D4FD3BC31B209D1700F73D43 /* WeiboSDK.h */ = {isa = PBXFileReference; fileEncoding = 4; lastKnownFileType = sourcecode.c.h; path = WeiboSDK.h; sourceTree = "<group>"; };
		D4FD3BC41B209D1700F73D43 /* WeiboUser.h */ = {isa = PBXFileReference; fileEncoding = 4; lastKnownFileType = sourcecode.c.h; path = WeiboUser.h; sourceTree = "<group>"; };
/* End PBXFileReference section */

/* Begin PBXFrameworksBuildPhase section */
		D4121DDB1B07184400612CA3 /* Frameworks */ = {
			isa = PBXFrameworksBuildPhase;
			buildActionMask = 2147483647;
			files = (
				D4121E891B075DDC00612CA3 /* CoreGraphics.framework in Frameworks */,
				D4FD3BC51B209D1700F73D43 /* libWeiboSDK.a in Frameworks */,
				D4121E871B075DD600612CA3 /* Foundation.framework in Frameworks */,
				D4121E851B075DCC00612CA3 /* UIKit.framework in Frameworks */,
				D4121E831B075DC200612CA3 /* CoreText.framework in Frameworks */,
				D4B337D01BA68E73005F88BD /* AVOSCloud.framework in Frameworks */,
				D4121E811B075DBA00612CA3 /* CoreTelephony.framework in Frameworks */,
				D4121E7F1B075DAE00612CA3 /* Security.framework in Frameworks */,
				D4121E7D1B075DA700612CA3 /* SystemConfiguration.framework in Frameworks */,
				D4121E7B1B075D9B00612CA3 /* ImageIO.framework in Frameworks */,
				D4121E791B075D9200612CA3 /* QuartzCore.framework in Frameworks */,
				77B5C6F3DE0EF60F1A2F19F9 /* Pods.framework in Frameworks */,
			);
			runOnlyForDeploymentPostprocessing = 0;
		};
/* End PBXFrameworksBuildPhase section */

/* Begin PBXGroup section */
		9114F6F747F82872356B1F1F /* Frameworks */ = {
			isa = PBXGroup;
			children = (
				D4121E881B075DDC00612CA3 /* CoreGraphics.framework */,
				D4121E861B075DD600612CA3 /* Foundation.framework */,
				D4121E841B075DCC00612CA3 /* UIKit.framework */,
				D4121E821B075DC200612CA3 /* CoreText.framework */,
				D4121E801B075DBA00612CA3 /* CoreTelephony.framework */,
				D4121E7E1B075DAE00612CA3 /* Security.framework */,
				D4121E7C1B075DA700612CA3 /* SystemConfiguration.framework */,
				D4121E7A1B075D9B00612CA3 /* ImageIO.framework */,
				D4121E781B075D9200612CA3 /* QuartzCore.framework */,
				68916BCF18B0690F8F2180BF /* Pods.framework */,
			);
			name = Frameworks;
			sourceTree = "<group>";
		};
		D4121DD51B07184400612CA3 = {
			isa = PBXGroup;
			children = (
				D4121DE01B07184400612CA3 /* vb */,
				D46C6CB31B10273400EA9FF6 /* vb-Prefix.pch */,
				D46EFAFE1BA5CF3200DB73BE /* vb-Bridging-Header.h */,
				D4121DF61B07184400612CA3 /* vbTests */,
				D4121DDF1B07184400612CA3 /* Products */,
				9114F6F747F82872356B1F1F /* Frameworks */,
				FC9F7212BF61B2CF41494C5F /* Pods */,
			);
			sourceTree = "<group>";
		};
		D4121DDF1B07184400612CA3 /* Products */ = {
			isa = PBXGroup;
			children = (
				D4121DDE1B07184400612CA3 /* vb.app */,
			);
			name = Products;
			sourceTree = "<group>";
		};
		D4121DE01B07184400612CA3 /* vb */ = {
			isa = PBXGroup;
			children = (
				D488BF031B28685A0050C2E2 /* AppDelegate */,
				D45E89701B36CD1500AFF9F8 /* Modules */,
				D4121E081B072EAA00612CA3 /* Models */,
				D488BF191B2868F50050C2E2 /* Macro */,
				D41C7FF91B1BEF2600987D42 /* Utils */,
				D4E17B4A1B286A6300228B4A /* Resources */,
				D4121DE11B07184400612CA3 /* Supporting Files */,
			);
			path = vb;
			sourceTree = "<group>";
		};
		D4121DE11B07184400612CA3 /* Supporting Files */ = {
			isa = PBXGroup;
			children = (
				D4121DE71B07184400612CA3 /* Main.storyboard */,
				D4121DEC1B07184400612CA3 /* LaunchScreen.xib */,
				D4121DE21B07184400612CA3 /* Info.plist */,
			);
			name = "Supporting Files";
			sourceTree = "<group>";
		};
		D4121DF61B07184400612CA3 /* vbTests */ = {
			isa = PBXGroup;
			children = (
				D4121DF91B07184400612CA3 /* vbTests.swift */,
				D4121DF71B07184400612CA3 /* Supporting Files */,
			);
			path = vbTests;
			sourceTree = "<group>";
		};
		D4121DF71B07184400612CA3 /* Supporting Files */ = {
			isa = PBXGroup;
			children = (
				D4121DF81B07184400612CA3 /* Info.plist */,
			);
			name = "Supporting Files";
			sourceTree = "<group>";
		};
		D4121E081B072EAA00612CA3 /* Models */ = {
			isa = PBXGroup;
			children = (
				D4E17B441B28695300228B4A /* MVBUserModel.swift */,
				D4E17B401B28695300228B4A /* MVBHeroesInfoModel.swift */,
				D4E17B411B28695300228B4A /* MVBHeroModel.swift */,
				D47B27311B400A5F00679BEE /* PasswordModels */,
			);
			path = Models;
			sourceTree = "<group>";
		};
		D41C7FF91B1BEF2600987D42 /* Utils */ = {
			isa = PBXGroup;
			children = (
				D41C7FFA1B1BEF2600987D42 /* Library */,
				D41C80021B1BEF2600987D42 /* SDK */,
				D44157891B3E4B35004ECC7E /* Podspec */,
			);
			path = Utils;
			sourceTree = "<group>";
		};
		D41C7FFA1B1BEF2600987D42 /* Library */ = {
			isa = PBXGroup;
			children = (
				D41C7FFE1B1BEF2600987D42 /* VbLibrary */,
			);
			path = Library;
			sourceTree = "<group>";
		};
		D41C7FFE1B1BEF2600987D42 /* VbLibrary */ = {
			isa = PBXGroup;
			children = (
				D41C7FFF1B1BEF2600987D42 /* MQButton.swift */,
				D41C80001B1BEF2600987D42 /* UIView+MQRecursiveLevelLog.h */,
				D41C80011B1BEF2600987D42 /* UIView+MQRecursiveLevelLog.m */,
			);
			path = VbLibrary;
			sourceTree = "<group>";
		};
		D41C80021B1BEF2600987D42 /* SDK */ = {
			isa = PBXGroup;
			children = (
				D4FD3BB91B209D1700F73D43 /* libWeiboSDK */,
			);
			path = SDK;
			sourceTree = "<group>";
		};
		D44157891B3E4B35004ECC7E /* Podspec */ = {
			isa = PBXGroup;
			children = (
				D441578A1B3E4B35004ECC7E /* MQMaskController.podspec */,
				D40F84231B4EA723004FD250 /* MQPullToRefresh.podspec */,
			);
			path = Podspec;
			sourceTree = "<group>";
		};
		D45E89701B36CD1500AFF9F8 /* Modules */ = {
			isa = PBXGroup;
			children = (
				D45E89771B36CD1500AFF9F8 /* MVBMainStructureManage.swift */,
				D4DE75A01B57560D007E31F0 /* MMDrawerVisualStateCustom.swift */,
				D45E89731B36CD1500AFF9F8 /* MainMenu */,
				D45E89911B3700B300AFF9F8 /* DetailMenu */,
				D45E89711B36CD1500AFF9F8 /* LogIn */,
			);
			path = Modules;
			sourceTree = "<group>";
		};
		D45E89711B36CD1500AFF9F8 /* LogIn */ = {
			isa = PBXGroup;
			children = (
				D45E89721B36CD1500AFF9F8 /* MVBLogInViewController.swift */,
			);
			path = LogIn;
			sourceTree = "<group>";
		};
		D45E89731B36CD1500AFF9F8 /* MainMenu */ = {
			isa = PBXGroup;
			children = (
				D45E89761B36CD1500AFF9F8 /* MVBMainMenuViewController.swift */,
				D45E89741B36CD1500AFF9F8 /* MVBMainMenuView.swift */,
				D45E89751B36CD1500AFF9F8 /* MVBMainMenuView.xib */,
			);
			path = MainMenu;
			sourceTree = "<group>";
		};
		D45E89911B3700B300AFF9F8 /* DetailMenu */ = {
			isa = PBXGroup;
			children = (
				D45E89A51B3700DE00AFF9F8 /* MVBDetailBaseViewController.swift */,
				D45E89961B3700B300AFF9F8 /* Main */,
				D45E89921B3700B300AFF9F8 /* Heroes */,
				D45E89981B3700B300AFF9F8 /* PasswordManage */,
				D4D36A131B3BC7E300F2BBF5 /* AccountManage */,
			);
			path = DetailMenu;
			sourceTree = "<group>";
		};
		D45E89921B3700B300AFF9F8 /* Heroes */ = {
			isa = PBXGroup;
			children = (
				D45E89931B3700B300AFF9F8 /* MVBHeroesViewController.swift */,
				D45E89941B3700B300AFF9F8 /* MVBHeroTableViewCell.swift */,
				D45E89951B3700B300AFF9F8 /* MVBHeroTableViewCell.xib */,
			);
			path = Heroes;
			sourceTree = "<group>";
		};
		D45E89961B3700B300AFF9F8 /* Main */ = {
			isa = PBXGroup;
			children = (
				D45E89971B3700B300AFF9F8 /* MVBMainViewController.swift */,
			);
			path = Main;
			sourceTree = "<group>";
		};
		D45E89981B3700B300AFF9F8 /* PasswordManage */ = {
			isa = PBXGroup;
			children = (
				D45E899A1B3700B300AFF9F8 /* MVBPasswordManageViewController.swift */,
				D47B272C1B3FFE1B00679BEE /* MVBPasswordManageDataSource.swift */,
				D45E899B1B3700B300AFF9F8 /* MVBPasswordRecordCell.swift */,
				D4DE759E1B573EAD007E31F0 /* MVBPasswordRecordDetailCell.swift */,
				D41620F01B4104E000D1D021 /* MVBNewPasswordView.swift */,
				D41620F21B4104ED00D1D021 /* MVBNewPasswordView.xib */,
			);
			path = PasswordManage;
			sourceTree = "<group>";
		};
		D47B27311B400A5F00679BEE /* PasswordModels */ = {
			isa = PBXGroup;
			children = (
				D430B0EF1B417D480082A310 /* MVBPasswordIdListModel.swift */,
				D4F52C421B417983009E80AE /* MVBPasswordRecordModel.swift */,
			);
			path = PasswordModels;
			sourceTree = "<group>";
		};
		D488BF031B28685A0050C2E2 /* AppDelegate */ = {
			isa = PBXGroup;
			children = (
				D488BF041B28685A0050C2E2 /* MVBAppDelegate.swift */,
			);
			path = AppDelegate;
			sourceTree = "<group>";
		};
		D488BF191B2868F50050C2E2 /* Macro */ = {
			isa = PBXGroup;
			children = (
				D4E17B4D1B286BC100228B4A /* AppMacro.swift */,
				D44A6B131B288696003C4834 /* AppMacroObjc.h */,
				D44A6B141B2886A7003C4834 /* AppMacroObjc.m */,
			);
			path = Macro;
			sourceTree = "<group>";
		};
		D4D36A131B3BC7E300F2BBF5 /* AccountManage */ = {
			isa = PBXGroup;
			children = (
				D4D36A141B3BC81000F2BBF5 /* MVBAccountManageViewController.swift */,
				D4D36A181B3C48E800F2BBF5 /* MVBAccountManageDataSource.swift */,
				D4D36A1A1B3C49AD00F2BBF5 /* MVBAcconutTableViewCell.swift */,
				D4127CF71B3D1A0600AE7AEA /* MVBAccountRecordView.swift */,
				D4127CF91B3D1A1E00AE7AEA /* MVBAccountRecordView.xib */,
			);
			name = AccountManage;
			path = PasswordManage/AccountManage;
			sourceTree = "<group>";
		};
		D4E17B4A1B286A6300228B4A /* Resources */ = {
			isa = PBXGroup;
			children = (
				D4E17B4B1B286A7F00228B4A /* Images.xcassets */,
			);
			path = Resources;
			sourceTree = "<group>";
		};
		D4FD3BB91B209D1700F73D43 /* libWeiboSDK */ = {
			isa = PBXGroup;
			children = (
				D4FD3BBA1B209D1700F73D43 /* libWeiboSDK.a */,
				D4FD3BBB1B209D1700F73D43 /* WBHttpRequest+WeiboShare.h */,
				D4FD3BBC1B209D1700F73D43 /* WBHttpRequest+WeiboToken.h */,
				D4FD3BBD1B209D1700F73D43 /* WBHttpRequest+WeiboUser.h */,
				D4FD3BBE1B209D1700F73D43 /* WBHttpRequest.h */,
				D4FD3BBF1B209D1700F73D43 /* WBSDKBasicButton.h */,
				D4FD3BC01B209D1700F73D43 /* WBSDKCommentButton.h */,
				D4FD3BC11B209D1700F73D43 /* WBSDKRelationshipButton.h */,
				D4FD3BC21B209D1700F73D43 /* WeiboSDK.bundle */,
				D4FD3BC31B209D1700F73D43 /* WeiboSDK.h */,
				D4FD3BC41B209D1700F73D43 /* WeiboUser.h */,
			);
			path = libWeiboSDK;
			sourceTree = "<group>";
		};
		FC9F7212BF61B2CF41494C5F /* Pods */ = {
			isa = PBXGroup;
			children = (
				74E4AD8AB57723A8F079C50C /* Pods.debug.xcconfig */,
				68C22996EE97883205A46665 /* Pods.release.xcconfig */,
			);
			name = Pods;
			sourceTree = "<group>";
		};
/* End PBXGroup section */

/* Begin PBXNativeTarget section */
		D4121DDD1B07184400612CA3 /* vb */ = {
			isa = PBXNativeTarget;
			buildConfigurationList = D4121DFD1B07184400612CA3 /* Build configuration list for PBXNativeTarget "vb" */;
			buildPhases = (
				DA80DC2C734EB17B3BC2DF76 /* Check Pods Manifest.lock */,
				D4121DDA1B07184400612CA3 /* Sources */,
				D4121DDB1B07184400612CA3 /* Frameworks */,
				D4121DDC1B07184400612CA3 /* Resources */,
				1D18ADCCFFCB080ECE3DEAFD /* Copy Pods Resources */,
				7E2C8CF46461D0FDE104281C /* Embed Pods Frameworks */,
				D4B337D21BA68E74005F88BD /* Embed Frameworks */,
			);
			buildRules = (
			);
			dependencies = (
			);
			name = vb;
			productName = vb;
			productReference = D4121DDE1B07184400612CA3 /* vb.app */;
			productType = "com.apple.product-type.application";
		};
/* End PBXNativeTarget section */

/* Begin PBXProject section */
		D4121DD61B07184400612CA3 /* Project object */ = {
			isa = PBXProject;
			attributes = {
				CLASSPREFIX = MVB;
				LastSwiftMigration = 0700;
				LastSwiftUpdateCheck = 0700;
				LastUpgradeCheck = 0700;
				ORGANIZATIONNAME = maquan;
				TargetAttributes = {
					D4121DDD1B07184400612CA3 = {
						CreatedOnToolsVersion = 6.3.1;
					};
				};
			};
			buildConfigurationList = D4121DD91B07184400612CA3 /* Build configuration list for PBXProject "vb" */;
			compatibilityVersion = "Xcode 3.2";
			developmentRegion = English;
			hasScannedForEncodings = 0;
			knownRegions = (
				en,
				Base,
			);
			mainGroup = D4121DD51B07184400612CA3;
			productRefGroup = D4121DDF1B07184400612CA3 /* Products */;
			projectDirPath = "";
			projectRoot = "";
			targets = (
				D4121DDD1B07184400612CA3 /* vb */,
			);
		};
/* End PBXProject section */

/* Begin PBXResourcesBuildPhase section */
		D4121DDC1B07184400612CA3 /* Resources */ = {
			isa = PBXResourcesBuildPhase;
			buildActionMask = 2147483647;
			files = (
				D41620F31B4104ED00D1D021 /* MVBNewPasswordView.xib in Resources */,
				D4AAF2C51B31B47C00350A91 /* LaunchScreen.xib in Resources */,
				D4127CFA1B3D1A1E00AE7AEA /* MVBAccountRecordView.xib in Resources */,
				D40F84241B4EA723004FD250 /* MQPullToRefresh.podspec in Resources */,
				D441578B1B3E4B35004ECC7E /* MQMaskController.podspec in Resources */,
				D45E899F1B3700B300AFF9F8 /* MVBHeroTableViewCell.xib in Resources */,
				D4AAF2C61B31B47C00350A91 /* Main.storyboard in Resources */,
				D45E89861B36CD1500AFF9F8 /* MVBMainMenuView.xib in Resources */,
				D4E17B4C1B286A7F00228B4A /* Images.xcassets in Resources */,
				D4FD3BC61B209D1700F73D43 /* WeiboSDK.bundle in Resources */,
			);
			runOnlyForDeploymentPostprocessing = 0;
		};
/* End PBXResourcesBuildPhase section */

/* Begin PBXShellScriptBuildPhase section */
		1D18ADCCFFCB080ECE3DEAFD /* Copy Pods Resources */ = {
			isa = PBXShellScriptBuildPhase;
			buildActionMask = 2147483647;
			files = (
			);
			inputPaths = (
			);
			name = "Copy Pods Resources";
			outputPaths = (
			);
			runOnlyForDeploymentPostprocessing = 0;
			shellPath = /bin/sh;
			shellScript = "\"${SRCROOT}/Pods/Target Support Files/Pods/Pods-resources.sh\"\n";
			showEnvVarsInLog = 0;
		};
		7E2C8CF46461D0FDE104281C /* Embed Pods Frameworks */ = {
			isa = PBXShellScriptBuildPhase;
			buildActionMask = 2147483647;
			files = (
			);
			inputPaths = (
			);
			name = "Embed Pods Frameworks";
			outputPaths = (
			);
			runOnlyForDeploymentPostprocessing = 0;
			shellPath = /bin/sh;
			shellScript = "\"${SRCROOT}/Pods/Target Support Files/Pods/Pods-frameworks.sh\"\n";
			showEnvVarsInLog = 0;
		};
		DA80DC2C734EB17B3BC2DF76 /* Check Pods Manifest.lock */ = {
			isa = PBXShellScriptBuildPhase;
			buildActionMask = 2147483647;
			files = (
			);
			inputPaths = (
			);
			name = "Check Pods Manifest.lock";
			outputPaths = (
			);
			runOnlyForDeploymentPostprocessing = 0;
			shellPath = /bin/sh;
			shellScript = "diff \"${PODS_ROOT}/../Podfile.lock\" \"${PODS_ROOT}/Manifest.lock\" > /dev/null\nif [[ $? != 0 ]] ; then\n    cat << EOM\nerror: The sandbox is not in sync with the Podfile.lock. Run 'pod install' or update your CocoaPods installation.\nEOM\n    exit 1\nfi\n";
			showEnvVarsInLog = 0;
		};
/* End PBXShellScriptBuildPhase section */

/* Begin PBXSourcesBuildPhase section */
		D4121DDA1B07184400612CA3 /* Sources */ = {
			isa = PBXSourcesBuildPhase;
			buildActionMask = 2147483647;
			files = (
				D45E89A21B3700B300AFF9F8 /* MVBPasswordManageViewController.swift in Sources */,
				D430B0F01B417D480082A310 /* MVBPasswordIdListModel.swift in Sources */,
				D45E89851B36CD1500AFF9F8 /* MVBMainMenuView.swift in Sources */,
				D4127CF81B3D1A0600AE7AEA /* MVBAccountRecordView.swift in Sources */,
				D4E17B491B28695300228B4A /* MVBUserModel.swift in Sources */,
				D41C80111B1BEF2600987D42 /* UIView+MQRecursiveLevelLog.m in Sources */,
				D45E89871B36CD1500AFF9F8 /* MVBMainMenuViewController.swift in Sources */,
				D4E17B451B28695300228B4A /* MVBHeroesInfoModel.swift in Sources */,
				D45E89A61B3700DE00AFF9F8 /* MVBDetailBaseViewController.swift in Sources */,
				D4D36A151B3BC81000F2BBF5 /* MVBAccountManageViewController.swift in Sources */,
				D45E899E1B3700B300AFF9F8 /* MVBHeroTableViewCell.swift in Sources */,
				D4DE75A11B57560D007E31F0 /* MMDrawerVisualStateCustom.swift in Sources */,
				D4F52C431B417983009E80AE /* MVBPasswordRecordModel.swift in Sources */,
				D4D36A1B1B3C49AD00F2BBF5 /* MVBAcconutTableViewCell.swift in Sources */,
				D488BF051B28685A0050C2E2 /* MVBAppDelegate.swift in Sources */,
				D45E89841B36CD1500AFF9F8 /* MVBLogInViewController.swift in Sources */,
				D45E89881B36CD1500AFF9F8 /* MVBMainStructureManage.swift in Sources */,
				D41620F11B4104E000D1D021 /* MVBNewPasswordView.swift in Sources */,
				D45E89A31B3700B300AFF9F8 /* MVBPasswordRecordCell.swift in Sources */,
				D41C80101B1BEF2600987D42 /* MQButton.swift in Sources */,
				D4D36A191B3C48E800F2BBF5 /* MVBAccountManageDataSource.swift in Sources */,
				D47B272D1B3FFE1B00679BEE /* MVBPasswordManageDataSource.swift in Sources */,
				D44A6B151B2886A7003C4834 /* AppMacroObjc.m in Sources */,
				D45E89A01B3700B300AFF9F8 /* MVBMainViewController.swift in Sources */,
				D45E899D1B3700B300AFF9F8 /* MVBHeroesViewController.swift in Sources */,
				D4E17B4E1B286BC100228B4A /* AppMacro.swift in Sources */,
				D4E17B461B28695300228B4A /* MVBHeroModel.swift in Sources */,
				D4DE759F1B573EAD007E31F0 /* MVBPasswordRecordDetailCell.swift in Sources */,
			);
			runOnlyForDeploymentPostprocessing = 0;
		};
/* End PBXSourcesBuildPhase section */

/* Begin PBXVariantGroup section */
		D4121DE71B07184400612CA3 /* Main.storyboard */ = {
			isa = PBXVariantGroup;
			children = (
				D4121DE81B07184400612CA3 /* Base */,
			);
			name = Main.storyboard;
			sourceTree = "<group>";
		};
		D4121DEC1B07184400612CA3 /* LaunchScreen.xib */ = {
			isa = PBXVariantGroup;
			children = (
				D4121DED1B07184400612CA3 /* Base */,
			);
			name = LaunchScreen.xib;
			sourceTree = "<group>";
		};
/* End PBXVariantGroup section */

/* Begin XCBuildConfiguration section */
		D4121DFB1B07184400612CA3 /* Debug */ = {
			isa = XCBuildConfiguration;
			buildSettings = {
				ALWAYS_SEARCH_USER_PATHS = NO;
				CLANG_CXX_LANGUAGE_STANDARD = "gnu++0x";
				CLANG_CXX_LIBRARY = "libc++";
				CLANG_ENABLE_MODULES = YES;
				CLANG_ENABLE_OBJC_ARC = YES;
				CLANG_WARN_BOOL_CONVERSION = YES;
				CLANG_WARN_CONSTANT_CONVERSION = YES;
				CLANG_WARN_DIRECT_OBJC_ISA_USAGE = YES_ERROR;
				CLANG_WARN_EMPTY_BODY = YES;
				CLANG_WARN_ENUM_CONVERSION = YES;
				CLANG_WARN_INT_CONVERSION = YES;
				CLANG_WARN_OBJC_ROOT_CLASS = YES_ERROR;
				CLANG_WARN_UNREACHABLE_CODE = YES;
				CLANG_WARN__DUPLICATE_METHOD_MATCH = YES;
				"CODE_SIGN_IDENTITY[sdk=iphoneos*]" = "iPhone Developer";
				COPY_PHASE_STRIP = NO;
				DEBUG_INFORMATION_FORMAT = "dwarf-with-dsym";
				ENABLE_STRICT_OBJC_MSGSEND = YES;
				ENABLE_TESTABILITY = YES;
				GCC_C_LANGUAGE_STANDARD = gnu99;
				GCC_DYNAMIC_NO_PIC = NO;
				GCC_NO_COMMON_BLOCKS = YES;
				GCC_OPTIMIZATION_LEVEL = 0;
				GCC_PREPROCESSOR_DEFINITIONS = (
					"DEBUG=1",
					"$(inherited)",
				);
				GCC_SYMBOLS_PRIVATE_EXTERN = NO;
				GCC_WARN_64_TO_32_BIT_CONVERSION = YES;
				GCC_WARN_ABOUT_RETURN_TYPE = YES_ERROR;
				GCC_WARN_UNDECLARED_SELECTOR = YES;
				GCC_WARN_UNINITIALIZED_AUTOS = YES_AGGRESSIVE;
				GCC_WARN_UNUSED_FUNCTION = YES;
				GCC_WARN_UNUSED_VARIABLE = YES;
				IPHONEOS_DEPLOYMENT_TARGET = 8.0;
				MTL_ENABLE_DEBUG_INFO = YES;
				ONLY_ACTIVE_ARCH = YES;
				SDKROOT = iphoneos;
				SWIFT_OPTIMIZATION_LEVEL = "-Onone";
			};
			name = Debug;
		};
		D4121DFC1B07184400612CA3 /* Release */ = {
			isa = XCBuildConfiguration;
			buildSettings = {
				ALWAYS_SEARCH_USER_PATHS = NO;
				CLANG_CXX_LANGUAGE_STANDARD = "gnu++0x";
				CLANG_CXX_LIBRARY = "libc++";
				CLANG_ENABLE_MODULES = YES;
				CLANG_ENABLE_OBJC_ARC = YES;
				CLANG_WARN_BOOL_CONVERSION = YES;
				CLANG_WARN_CONSTANT_CONVERSION = YES;
				CLANG_WARN_DIRECT_OBJC_ISA_USAGE = YES_ERROR;
				CLANG_WARN_EMPTY_BODY = YES;
				CLANG_WARN_ENUM_CONVERSION = YES;
				CLANG_WARN_INT_CONVERSION = YES;
				CLANG_WARN_OBJC_ROOT_CLASS = YES_ERROR;
				CLANG_WARN_UNREACHABLE_CODE = YES;
				CLANG_WARN__DUPLICATE_METHOD_MATCH = YES;
				"CODE_SIGN_IDENTITY[sdk=iphoneos*]" = "iPhone Developer";
				COPY_PHASE_STRIP = NO;
				DEBUG_INFORMATION_FORMAT = "dwarf-with-dsym";
				ENABLE_NS_ASSERTIONS = NO;
				ENABLE_STRICT_OBJC_MSGSEND = YES;
				GCC_C_LANGUAGE_STANDARD = gnu99;
				GCC_NO_COMMON_BLOCKS = YES;
				GCC_WARN_64_TO_32_BIT_CONVERSION = YES;
				GCC_WARN_ABOUT_RETURN_TYPE = YES_ERROR;
				GCC_WARN_UNDECLARED_SELECTOR = YES;
				GCC_WARN_UNINITIALIZED_AUTOS = YES_AGGRESSIVE;
				GCC_WARN_UNUSED_FUNCTION = YES;
				GCC_WARN_UNUSED_VARIABLE = YES;
				IPHONEOS_DEPLOYMENT_TARGET = 8.0;
				MTL_ENABLE_DEBUG_INFO = NO;
				SDKROOT = iphoneos;
				VALIDATE_PRODUCT = YES;
			};
			name = Release;
		};
		D4121DFE1B07184400612CA3 /* Debug */ = {
			isa = XCBuildConfiguration;
			baseConfigurationReference = 74E4AD8AB57723A8F079C50C /* Pods.debug.xcconfig */;
			buildSettings = {
				ASSETCATALOG_COMPILER_APPICON_NAME = "";
				CLANG_CXX_LIBRARY = "libc++";
				CLANG_ENABLE_MODULES = YES;
				CODE_SIGN_IDENTITY = "iPhone Developer";
				"CODE_SIGN_IDENTITY[sdk=iphoneos*]" = "iPhone Developer";
				DEBUG_INFORMATION_FORMAT = dwarf;
				DEFINES_MODULE = NO;
				ENABLE_BITCODE = NO;
				FRAMEWORK_SEARCH_PATHS = (
					"$(inherited)",
					"$(PROJECT_DIR)/vb/AppDelegate/AVOSCloud/Dynamic",
					"$(PROJECT_DIR)/vb/AppDelegate/AVOSCloud/Static",
					"$(PROJECT_DIR)/Static",
					"$(PROJECT_DIR)",
					"$(PROJECT_DIR)/AVOSCloud/Dynamic",
					"$(PROJECT_DIR)/AVOSCloud/Static",
					"$(PROJECT_DIR)/vb",
					"$(PROJECT_DIR)/vb/Utils/SDK/AVOSCloud/Dynamic",
					"$(PROJECT_DIR)/vb/Utils/SDK/AVOSCloud/Static",
				);
				GCC_PRECOMPILE_PREFIX_HEADER = YES;
				GCC_PREFIX_HEADER = "vb/vb-Prefix.pch";
				GCC_WARN_UNUSED_FUNCTION = NO;
				INFOPLIST_FILE = vb/Info.plist;
				IPHONEOS_DEPLOYMENT_TARGET = 8.0;
				LD_RUNPATH_SEARCH_PATHS = "$(inherited) @executable_path/Frameworks";
				LIBRARY_SEARCH_PATHS = (
					"$(inherited)",
					"$(PROJECT_DIR)/vb/Utils/SDK/libWeiboSDK",
				);
				OTHER_CFLAGS = (
					"$(inherited)",
					"-isystem",
					"\"${PODS_ROOT}/Headers/Public\"",
					"-isystem",
					"\"${PODS_ROOT}/Headers/Public/AFNetworking\"",
					"-isystem",
					"\"${PODS_ROOT}/Headers/Public/BlocksKit\"",
					"-isystem",
					"\"${PODS_ROOT}/Headers/Public/JSONModel\"",
					"-isystem",
					"\"${PODS_ROOT}/Headers/Public/MJExtension\"",
					"-isystem",
					"\"${PODS_ROOT}/Headers/Public/SDWebImage\"",
					"-isystem",
					"\"${PODS_ROOT}/Headers/Public/SVProgressHUD\"",
					"-isystem",
					"\"${PODS_ROOT}/Headers/Public/SVPullToRefresh\"",
					"-isystem",
					"\"${PODS_ROOT}/Headers/Public/UIActivityIndicator-for-SDWebImage\"",
				);
				PRODUCT_BUNDLE_IDENTIFIER = "com.yushuyi.$(PRODUCT_NAME:rfc1034identifier)";
				PRODUCT_NAME = "$(TARGET_NAME)";
				PROVISIONING_PROFILE = "";
				SWIFT_OBJC_BRIDGING_HEADER = "vb/vb-Bridging-Header.h";
				SWIFT_OPTIMIZATION_LEVEL = "-Onone";
			};
			name = Debug;
		};
		D4121DFF1B07184400612CA3 /* Release */ = {
			isa = XCBuildConfiguration;
			baseConfigurationReference = 68C22996EE97883205A46665 /* Pods.release.xcconfig */;
			buildSettings = {
				ASSETCATALOG_COMPILER_APPICON_NAME = "";
				CLANG_CXX_LIBRARY = "libc++";
				CLANG_ENABLE_MODULES = YES;
				CODE_SIGN_IDENTITY = "iPhone Developer";
				"CODE_SIGN_IDENTITY[sdk=iphoneos*]" = "iPhone Developer";
				DEBUG_INFORMATION_FORMAT = dwarf;
				DEFINES_MODULE = NO;
				ENABLE_BITCODE = NO;
				FRAMEWORK_SEARCH_PATHS = (
					"$(inherited)",
					"$(PROJECT_DIR)/vb/AppDelegate/AVOSCloud/Dynamic",
					"$(PROJECT_DIR)/vb/AppDelegate/AVOSCloud/Static",
					"$(PROJECT_DIR)/Static",
					"$(PROJECT_DIR)",
					"$(PROJECT_DIR)/AVOSCloud/Dynamic",
					"$(PROJECT_DIR)/AVOSCloud/Static",
					"$(PROJECT_DIR)/vb",
					"$(PROJECT_DIR)/vb/Utils/SDK/AVOSCloud/Dynamic",
					"$(PROJECT_DIR)/vb/Utils/SDK/AVOSCloud/Static",
				);
				GCC_PRECOMPILE_PREFIX_HEADER = YES;
				GCC_PREFIX_HEADER = "vb/vb-Prefix.pch";
				GCC_WARN_UNUSED_FUNCTION = NO;
				INFOPLIST_FILE = vb/Info.plist;
				IPHONEOS_DEPLOYMENT_TARGET = 8.0;
				LD_RUNPATH_SEARCH_PATHS = "$(inherited) @executable_path/Frameworks";
				LIBRARY_SEARCH_PATHS = (
					"$(inherited)",
					"$(PROJECT_DIR)/vb/Utils/SDK/libWeiboSDK",
				);
				OTHER_CFLAGS = (
					"$(inherited)",
					"-isystem",
					"\"${PODS_ROOT}/Headers/Public\"",
					"-isystem",
					"\"${PODS_ROOT}/Headers/Public/AFNetworking\"",
					"-isystem",
					"\"${PODS_ROOT}/Headers/Public/BlocksKit\"",
					"-isystem",
					"\"${PODS_ROOT}/Headers/Public/JSONModel\"",
					"-isystem",
					"\"${PODS_ROOT}/Headers/Public/MJExtension\"",
					"-isystem",
					"\"${PODS_ROOT}/Headers/Public/SDWebImage\"",
					"-isystem",
					"\"${PODS_ROOT}/Headers/Public/SVProgressHUD\"",
					"-isystem",
					"\"${PODS_ROOT}/Headers/Public/SVPullToRefresh\"",
					"-isystem",
					"\"${PODS_ROOT}/Headers/Public/UIActivityIndicator-for-SDWebImage\"",
				);
				PRODUCT_BUNDLE_IDENTIFIER = "com.yushuyi.$(PRODUCT_NAME:rfc1034identifier)";
				PRODUCT_NAME = "$(TARGET_NAME)";
				PROVISIONING_PROFILE = "";
				SWIFT_OBJC_BRIDGING_HEADER = "vb/vb-Bridging-Header.h";
			};
			name = Release;
		};
/* End XCBuildConfiguration section */

/* Begin XCConfigurationList section */
		D4121DD91B07184400612CA3 /* Build configuration list for PBXProject "vb" */ = {
			isa = XCConfigurationList;
			buildConfigurations = (
				D4121DFB1B07184400612CA3 /* Debug */,
				D4121DFC1B07184400612CA3 /* Release */,
			);
			defaultConfigurationIsVisible = 0;
			defaultConfigurationName = Release;
		};
		D4121DFD1B07184400612CA3 /* Build configuration list for PBXNativeTarget "vb" */ = {
			isa = XCConfigurationList;
			buildConfigurations = (
				D4121DFE1B07184400612CA3 /* Debug */,
				D4121DFF1B07184400612CA3 /* Release */,
			);
			defaultConfigurationIsVisible = 0;
			defaultConfigurationName = Release;
		};
/* End XCConfigurationList section */
	};
	rootObject = D4121DD61B07184400612CA3 /* Project object */;
}
