PODS:
  - AFNetworking (3.0.4):
    - AFNetworking/NSURLSession (= 3.0.4)
    - AFNetworking/Reachability (= 3.0.4)
    - AFNetworking/Security (= 3.0.4)
    - AFNetworking/Serialization (= 3.0.4)
    - AFNetworking/UIKit (= 3.0.4)
  - AFNetworking/NSURLSession (3.0.4):
    - AFNetworking/Reachability
    - AFNetworking/Security
    - AFNetworking/Serialization
  - AFNetworking/Reachability (3.0.4)
  - AFNetworking/Security (3.0.4)
  - AFNetworking/Serialization (3.0.4)
  - AFNetworking/UIKit (3.0.4):
    - AFNetworking/NSURLSession
  - Cent (4.1.0):
    - Dollar (~> 4.1.0)
  - Dollar (4.1.0)
  - FDFullscreenPopGesture (1.1)
  - Kingfisher (1.9.2)
  - MJExtension (3.0.9)
  - MJRefresh (3.1.0)
  - MMDrawerController (0.5.7):
    - MMDrawerController/Core (= 0.5.7)
    - MMDrawerController/MMDrawerBarButtonItem (= 0.5.7)
    - MMDrawerController/MMDrawerVisualStates (= 0.5.7)
    - MMDrawerController/Subclass (= 0.5.7)
  - MMDrawerController/Core (0.5.7)
  - MMDrawerController/MMDrawerBarButtonItem (0.5.7):
    - MMDrawerController/Core
  - MMDrawerController/MMDrawerVisualStates (0.5.7):
    - MMDrawerController/Core
  - MMDrawerController/Subclass (0.5.7):
    - MMDrawerController/Core
  - MQMaskController (0.0.1)
  - NYXImagesKit (2.3)
  - SDWebImage (3.7.4):
    - SDWebImage/Core (= 3.7.4)
  - SDWebImage/Core (3.7.4)
  - SVProgressHUD (HEAD based on 2.0-beta)
  - SWTableViewCell (0.3.7)
  - WeiboSDK (3.1.3)

DEPENDENCIES:
  - AFNetworking (~> 3.0)
  - Cent
  - Dollar
  - FDFullscreenPopGesture (from `git://github.com/forkingdog/FDFullscreenPopGesture`,
    commit `da1efbf53f5fdd17090d5b30e4cd497a23827b58`)
  - Kingfisher (~> 1.5)
  - MJExtension
  - MJRefresh
  - MMDrawerController (~> 0.5.7)
  - MQMaskController (from `https://github.com/wuhanness/MQMaskViewController.git`,
    commit `6b313578e296ac772e9c5dbe18975094ce741360`)
  - NYXImagesKit
  - SDWebImage (~> 3.6)
  - SVProgressHUD (HEAD)
  - SWTableViewCell (= 0.3.7)
  - WeiboSDK (from `https://github.com/sinaweibosdk/weibo_ios_sdk.git`)

EXTERNAL SOURCES:
  FDFullscreenPopGesture:
    :commit: da1efbf53f5fdd17090d5b30e4cd497a23827b58
    :git: git://github.com/forkingdog/FDFullscreenPopGesture
  MQMaskController:
    :commit: 6b313578e296ac772e9c5dbe18975094ce741360
    :git: https://github.com/wuhanness/MQMaskViewController.git
  WeiboSDK:
    :git: https://github.com/sinaweibosdk/weibo_ios_sdk.git

CHECKOUT OPTIONS:
  FDFullscreenPopGesture:
    :commit: da1efbf53f5fdd17090d5b30e4cd497a23827b58
    :git: git://github.com/forkingdog/FDFullscreenPopGesture
  MQMaskController:
    :commit: 6b313578e296ac772e9c5dbe18975094ce741360
    :git: https://github.com/wuhanness/MQMaskViewController.git
  WeiboSDK:
    :commit: 61e4bf36084b3fda1f73e4099e6c29bf8758e335
    :git: https://github.com/sinaweibosdk/weibo_ios_sdk.git

SPEC CHECKSUMS:
  AFNetworking: a0075feb321559dc78d9d85b55d11caa19eabb93
  Cent: 9960f0a1963631c6164cdb43bd3344d04b793fe3
  Dollar: 1ee47922ccdfda5b572c8a4956b08986f1b4c429
  FDFullscreenPopGesture: a8a620179e3d9c40e8e00256dcee1c1a27c6d0f0
  Kingfisher: 7b6df0fa9d211807152c32c46494f9bc08f0e07b
  MJExtension: 116781b18cb25cee39619e16617f62bb7433ea4e
  MJRefresh: 743e6404967d1c2c688472ea3ecfde247d872db4
  MMDrawerController: 7a4cf8e25596bf2434e03ce50d22a8608ddee6a1
  MQMaskController: 7c9864cd0a9b2095d9c7b48acdc60cb813e9679a
  NYXImagesKit: 8163e3335a40eaa173ca5bbbf81fafb57d3947eb
  SDWebImage: 247edd7dd80dd6124197b0d6a17846fe9d1df968
  SVProgressHUD: c83337f10ed32d701c423d519059a249973c8662
  SWTableViewCell: 2a94aadc9d47b2b611fa064566bf57948b95b579
  WeiboSDK: 5f2a707c4569a64f4641f4171acd712016f24342

COCOAPODS: 0.39.0
