// !$*UTF8*$!
{
	archiveVersion = 1;
	classes = {
	};
	objectVersion = 46;
	objects = {

/* Begin PBXBuildFile section */
		77B5C6F3DE0EF60F1A2F19F9 /* Pods.framework in Frameworks */ = {isa = PBXBuildFile; fileRef = 68916BCF18B0690F8F2180BF /* Pods.framework */; settings = {ATTRIBUTES = (Weak, ); }; };
		D40709321BB101250098867E /* NSObject_Extension.swift in Sources */ = {isa = PBXBuildFile; fileRef = D40709311BB101250098867E /* NSObject_Extension.swift */; };
		D40709361BB104F20098867E /* UIView_Extension.swift in Sources */ = {isa = PBXBuildFile; fileRef = D40709351BB104F20098867E /* UIView_Extension.swift */; };
		D40F84241B4EA723004FD250 /* MQPullToRefresh.podspec in Resources */ = {isa = PBXBuildFile; fileRef = D40F84231B4EA723004FD250 /* MQPullToRefresh.podspec */; };
		D4121E791B075D9200612CA3 /* QuartzCore.framework in Frameworks */ = {isa = PBXBuildFile; fileRef = D4121E781B075D9200612CA3 /* QuartzCore.framework */; };
		D4121E7B1B075D9B00612CA3 /* ImageIO.framework in Frameworks */ = {isa = PBXBuildFile; fileRef = D4121E7A1B075D9B00612CA3 /* ImageIO.framework */; };
		D4121E7D1B075DA700612CA3 /* SystemConfiguration.framework in Frameworks */ = {isa = PBXBuildFile; fileRef = D4121E7C1B075DA700612CA3 /* SystemConfiguration.framework */; };
		D4121E7F1B075DAE00612CA3 /* Security.framework in Frameworks */ = {isa = PBXBuildFile; fileRef = D4121E7E1B075DAE00612CA3 /* Security.framework */; };
		D4121E811B075DBA00612CA3 /* CoreTelephony.framework in Frameworks */ = {isa = PBXBuildFile; fileRef = D4121E801B075DBA00612CA3 /* CoreTelephony.framework */; };
		D4121E831B075DC200612CA3 /* CoreText.framework in Frameworks */ = {isa = PBXBuildFile; fileRef = D4121E821B075DC200612CA3 /* CoreText.framework */; };
		D4121E851B075DCC00612CA3 /* UIKit.framework in Frameworks */ = {isa = PBXBuildFile; fileRef = D4121E841B075DCC00612CA3 /* UIKit.framework */; };
		D4121E871B075DD600612CA3 /* Foundation.framework in Frameworks */ = {isa = PBXBuildFile; fileRef = D4121E861B075DD600612CA3 /* Foundation.framework */; };
		D4121E891B075DDC00612CA3 /* CoreGraphics.framework in Frameworks */ = {isa = PBXBuildFile; fileRef = D4121E881B075DDC00612CA3 /* CoreGraphics.framework */; };
		D417F1D71BCF509800106012 /* MVBAppDataSource.swift in Sources */ = {isa = PBXBuildFile; fileRef = D417F1D61BCF509800106012 /* MVBAppDataSource.swift */; };
		D418AD441BE0D70C00338CC2 /* MVBNoteTrackViewModel.swift in Sources */ = {isa = PBXBuildFile; fileRef = D418AD431BE0D70C00338CC2 /* MVBNoteTrackViewModel.swift */; };
		D418AD471BE0D72D00338CC2 /* MVBImageTextTrackViewModel.swift in Sources */ = {isa = PBXBuildFile; fileRef = D418AD461BE0D72D00338CC2 /* MVBImageTextTrackViewModel.swift */; };
		D41C80101B1BEF2600987D42 /* MQButton.swift in Sources */ = {isa = PBXBuildFile; fileRef = D41C7FFF1B1BEF2600987D42 /* MQButton.swift */; };
		D41C80111B1BEF2600987D42 /* UIView+MQRecursiveLevelLog.m in Sources */ = {isa = PBXBuildFile; fileRef = D41C80011B1BEF2600987D42 /* UIView+MQRecursiveLevelLog.m */; };
		D441578B1B3E4B35004ECC7E /* MQMaskController.podspec in Resources */ = {isa = PBXBuildFile; fileRef = D441578A1B3E4B35004ECC7E /* MQMaskController.podspec */; };
		D44A6B151B2886A7003C4834 /* AppMacroObjc.m in Sources */ = {isa = PBXBuildFile; fileRef = D44A6B141B2886A7003C4834 /* AppMacroObjc.m */; };
		D45E89841B36CD1500AFF9F8 /* MVBLogInViewController.swift in Sources */ = {isa = PBXBuildFile; fileRef = D45E89721B36CD1500AFF9F8 /* MVBLogInViewController.swift */; };
		D45E89881B36CD1500AFF9F8 /* MVBPageTransformManage.swift in Sources */ = {isa = PBXBuildFile; fileRef = D45E89771B36CD1500AFF9F8 /* MVBPageTransformManage.swift */; };
		D4786FBE1BC95FAA0043DCBF /* MVBImageTextTrackAddMenuView.swift in Sources */ = {isa = PBXBuildFile; fileRef = D4786FBD1BC95FAA0043DCBF /* MVBImageTextTrackAddMenuView.swift */; };
		D4786FC01BC95FD00043DCBF /* MVBImageTextTrack.xib in Resources */ = {isa = PBXBuildFile; fileRef = D4786FBF1BC95FCF0043DCBF /* MVBImageTextTrack.xib */; };
		D47E024D1BEF411700E34F23 /* UINavigationBar+Awesome.m in Sources */ = {isa = PBXBuildFile; fileRef = D47E024C1BEF411700E34F23 /* UINavigationBar+Awesome.m */; };
		D488BF051B28685A0050C2E2 /* MVBAppDelegate.swift in Sources */ = {isa = PBXBuildFile; fileRef = D488BF041B28685A0050C2E2 /* MVBAppDelegate.swift */; };
		D48982DA1BB532BE00A3D881 /* MVBImageTextTrackViewController.swift in Sources */ = {isa = PBXBuildFile; fileRef = D48982D71BB532BE00A3D881 /* MVBImageTextTrackViewController.swift */; };
		D48982DE1BB5348C00A3D881 /* MVBImageTextTrack.storyboard in Resources */ = {isa = PBXBuildFile; fileRef = D48982DD1BB5348C00A3D881 /* MVBImageTextTrack.storyboard */; };
		D48982E01BB535A600A3D881 /* MVBImageTextTrackCell.swift in Sources */ = {isa = PBXBuildFile; fileRef = D48982DF1BB535A600A3D881 /* MVBImageTextTrackCell.swift */; };
		D48982E21BB5391800A3D881 /* MVBImageTextTrackLayout.swift in Sources */ = {isa = PBXBuildFile; fileRef = D48982E11BB5391800A3D881 /* MVBImageTextTrackLayout.swift */; };
		D48982E41BB53B4A00A3D881 /* MVBImageTextTrackModel.swift in Sources */ = {isa = PBXBuildFile; fileRef = D48982E31BB53B4A00A3D881 /* MVBImageTextTrackModel.swift */; };
		D4AAF2C51B31B47C00350A91 /* LaunchScreen.xib in Resources */ = {isa = PBXBuildFile; fileRef = D4121DEC1B07184400612CA3 /* LaunchScreen.xib */; };
		D4AAF2C61B31B47C00350A91 /* Main.storyboard in Resources */ = {isa = PBXBuildFile; fileRef = D4121DE71B07184400612CA3 /* Main.storyboard */; };
		D4B209D31BE0FAC600E15434 /* MVBImageTextTrackDisplayCell.xib in Resources */ = {isa = PBXBuildFile; fileRef = D4B209D21BE0FAC600E15434 /* MVBImageTextTrackDisplayCell.xib */; };
		D4B679B91BB4ED3D002E7B32 /* UIWindow_Extension.swift in Sources */ = {isa = PBXBuildFile; fileRef = D4B679B81BB4ED3D002E7B32 /* UIWindow_Extension.swift */; };
		D4B679BB1BB4EDC1002E7B32 /* UIScreen_Extension.swift in Sources */ = {isa = PBXBuildFile; fileRef = D4B679BA1BB4EDC1002E7B32 /* UIScreen_Extension.swift */; };
		D4B712F31BAFC6D200166806 /* AVOSCloud.framework in Frameworks */ = {isa = PBXBuildFile; fileRef = D4B712F21BAFC6D200166806 /* AVOSCloud.framework */; };
		D4B712F51BAFC72900166806 /* libsqlite3.tbd in Frameworks */ = {isa = PBXBuildFile; fileRef = D4B712F41BAFC72900166806 /* libsqlite3.tbd */; };
		D4B712F71BAFC77200166806 /* libicucore.tbd in Frameworks */ = {isa = PBXBuildFile; fileRef = D4B712F61BAFC77200166806 /* libicucore.tbd */; };
		D4BDF1111BC8A1490053966A /* MVBNoteTrack.storyboard in Resources */ = {isa = PBXBuildFile; fileRef = D4BDF1031BC8A1490053966A /* MVBNoteTrack.storyboard */; };
		D4BDF1121BC8A1490053966A /* MVBNoteTrackViewController.swift in Sources */ = {isa = PBXBuildFile; fileRef = D4BDF1041BC8A1490053966A /* MVBNoteTrackViewController.swift */; };
		D4BDF1131BC8A1490053966A /* MVBNoteTrackIdListModel.swift in Sources */ = {isa = PBXBuildFile; fileRef = D4BDF1061BC8A1490053966A /* MVBNoteTrackIdListModel.swift */; };
		D4BDF1151BC8A1490053966A /* MVBNoteTrackModel.swift in Sources */ = {isa = PBXBuildFile; fileRef = D4BDF1081BC8A1490053966A /* MVBNoteTrackModel.swift */; };
		D4BDF1161BC8A1490053966A /* MVBNewNoteTrackView.swift in Sources */ = {isa = PBXBuildFile; fileRef = D4BDF10A1BC8A1490053966A /* MVBNewNoteTrackView.swift */; };
		D4BDF1171BC8A1490053966A /* MVBNewNoteTrackView.xib in Resources */ = {isa = PBXBuildFile; fileRef = D4BDF10B1BC8A1490053966A /* MVBNewNoteTrackView.xib */; };
		D4BDF1181BC8A1490053966A /* MVBNoteTrackDetailView.swift in Sources */ = {isa = PBXBuildFile; fileRef = D4BDF10C1BC8A1490053966A /* MVBNoteTrackDetailView.swift */; };
		D4BDF1191BC8A1490053966A /* MVBNoteTrackCell.swift in Sources */ = {isa = PBXBuildFile; fileRef = D4BDF10D1BC8A1490053966A /* MVBNoteTrackCell.swift */; };
		D4BDF11A1BC8A1490053966A /* MVBNoteTrackCell.xib in Resources */ = {isa = PBXBuildFile; fileRef = D4BDF10E1BC8A1490053966A /* MVBNoteTrackCell.xib */; };
		D4BDF11B1BC8A1490053966A /* MVBNoteTrackDetailCell.swift in Sources */ = {isa = PBXBuildFile; fileRef = D4BDF10F1BC8A1490053966A /* MVBNoteTrackDetailCell.swift */; };
		D4BDF11C1BC8A1490053966A /* MVBNoteTrackDetailCell.xib in Resources */ = {isa = PBXBuildFile; fileRef = D4BDF1101BC8A1490053966A /* MVBNoteTrackDetailCell.xib */; };
		D4BDF1241BC8E6260053966A /* MVBMainMenuViewController.swift in Sources */ = {isa = PBXBuildFile; fileRef = D4BDF11E1BC8E6260053966A /* MVBMainMenuViewController.swift */; };
		D4BDF1251BC8E6260053966A /* MVBUserModel.swift in Sources */ = {isa = PBXBuildFile; fileRef = D4BDF1201BC8E6260053966A /* MVBUserModel.swift */; };
		D4BDF1261BC8E6260053966A /* MVBMainMenuView.swift in Sources */ = {isa = PBXBuildFile; fileRef = D4BDF1221BC8E6260053966A /* MVBMainMenuView.swift */; };
		D4BDF1271BC8E6260053966A /* MVBMainMenuView.xib in Resources */ = {isa = PBXBuildFile; fileRef = D4BDF1231BC8E6260053966A /* MVBMainMenuView.xib */; };
		D4BDF1301BC8E6B50053966A /* MVBHeroesViewController.swift in Sources */ = {isa = PBXBuildFile; fileRef = D4BDF1291BC8E6B50053966A /* MVBHeroesViewController.swift */; };
		D4BDF1311BC8E6B50053966A /* MVBHeroesInfoModel.swift in Sources */ = {isa = PBXBuildFile; fileRef = D4BDF12B1BC8E6B50053966A /* MVBHeroesInfoModel.swift */; };
		D4BDF1321BC8E6B50053966A /* MVBHeroModel.swift in Sources */ = {isa = PBXBuildFile; fileRef = D4BDF12C1BC8E6B50053966A /* MVBHeroModel.swift */; };
		D4BDF1331BC8E6B50053966A /* MVBHeroTableViewCell.swift in Sources */ = {isa = PBXBuildFile; fileRef = D4BDF12E1BC8E6B50053966A /* MVBHeroTableViewCell.swift */; };
		D4BDF1341BC8E6B50053966A /* MVBHeroTableViewCell.xib in Resources */ = {isa = PBXBuildFile; fileRef = D4BDF12F1BC8E6B50053966A /* MVBHeroTableViewCell.xib */; };
		D4DE75A11B57560D007E31F0 /* MMDrawerVisualStateCustom.swift in Sources */ = {isa = PBXBuildFile; fileRef = D4DE75A01B57560D007E31F0 /* MMDrawerVisualStateCustom.swift */; };
		D4E17B4C1B286A7F00228B4A /* Images.xcassets in Resources */ = {isa = PBXBuildFile; fileRef = D4E17B4B1B286A7F00228B4A /* Images.xcassets */; };
		D4E17B4E1B286BC100228B4A /* AppMacro.swift in Sources */ = {isa = PBXBuildFile; fileRef = D4E17B4D1B286BC100228B4A /* AppMacro.swift */; };
		D4E48EBF1BB6388F0042FC74 /* Photos.xcassets in Resources */ = {isa = PBXBuildFile; fileRef = D4E48EBE1BB6388F0042FC74 /* Photos.xcassets */; };
		D4E48EC51BB63F070042FC74 /* MVBImageTextTrackIdListModel.swift in Sources */ = {isa = PBXBuildFile; fileRef = D4E48EC41BB63F070042FC74 /* MVBImageTextTrackIdListModel.swift */; };
		D4E903331BB1514000D5907D /* UILabel_Extension.swift in Sources */ = {isa = PBXBuildFile; fileRef = D4E903321BB1514000D5907D /* UILabel_Extension.swift */; };
		D4EA2EA41BAC505C00E48135 /* MVBAcconutTableViewCell.swift in Sources */ = {isa = PBXBuildFile; fileRef = D4EA2E9F1BAC505C00E48135 /* MVBAcconutTableViewCell.swift */; };
		D4EA2EA51BAC505C00E48135 /* MVBAccountManageDataSource.swift in Sources */ = {isa = PBXBuildFile; fileRef = D4EA2EA01BAC505C00E48135 /* MVBAccountManageDataSource.swift */; };
		D4EA2EA61BAC505C00E48135 /* MVBAccountManageViewController.swift in Sources */ = {isa = PBXBuildFile; fileRef = D4EA2EA11BAC505C00E48135 /* MVBAccountManageViewController.swift */; };
		D4EA2EA71BAC505C00E48135 /* MVBAccountRecordView.swift in Sources */ = {isa = PBXBuildFile; fileRef = D4EA2EA21BAC505C00E48135 /* MVBAccountRecordView.swift */; };
		D4EA2EA81BAC505C00E48135 /* MVBAccountRecordView.xib in Resources */ = {isa = PBXBuildFile; fileRef = D4EA2EA31BAC505C00E48135 /* MVBAccountRecordView.xib */; };
		D4F01F4E1BE751730057CCEE /* MQPictureBrowserView.swift in Sources */ = {isa = PBXBuildFile; fileRef = D4F01F4D1BE751730057CCEE /* MQPictureBrowserView.swift */; };
		D4F01F501BE7530D0057CCEE /* MQPictureBrowserView.xib in Resources */ = {isa = PBXBuildFile; fileRef = D4F01F4F1BE7530D0057CCEE /* MQPictureBrowserView.xib */; };
		D4F01F8C1BEEF0970057CCEE /* MVBMainMenuViewCell.swift in Sources */ = {isa = PBXBuildFile; fileRef = D4F01F8B1BEEF0970057CCEE /* MVBMainMenuViewCell.swift */; };
		D4F01F8E1BEEF7D00057CCEE /* MVBMainMenuViewCell.xib in Resources */ = {isa = PBXBuildFile; fileRef = D4F01F8D1BEEF7D00057CCEE /* MVBMainMenuViewCell.xib */; };
		D4F01F901BEF26A20057CCEE /* MVBDetailBaseViewController.swift in Sources */ = {isa = PBXBuildFile; fileRef = D4F01F8F1BEF26A20057CCEE /* MVBDetailBaseViewController.swift */; };
		D4F01F931BEF26AC0057CCEE /* MVBHomeViewController.swift in Sources */ = {isa = PBXBuildFile; fileRef = D4F01F921BEF26AC0057CCEE /* MVBHomeViewController.swift */; };
		D4F01F971BEF2FE40057CCEE /* MVBSettingViewController.swift in Sources */ = {isa = PBXBuildFile; fileRef = D4F01F951BEF2FE40057CCEE /* MVBSettingViewController.swift */; };
		D4F01F9A1BEF31E00057CCEE /* MVBSetting.storyboard in Resources */ = {isa = PBXBuildFile; fileRef = D4F01F991BEF31E00057CCEE /* MVBSetting.storyboard */; };
		D4F36E661BC66CCF006DCF94 /* MQPictureBrowser.podspec in Resources */ = {isa = PBXBuildFile; fileRef = D4F36E651BC66CCF006DCF94 /* MQPictureBrowser.podspec */; };
		D4F36EAA1BC6BFC6006DCF94 /* MVBImageTextTrackDisplayCell.swift in Sources */ = {isa = PBXBuildFile; fileRef = D4F36EA91BC6BFC6006DCF94 /* MVBImageTextTrackDisplayCell.swift */; };
		D4F36EAE1BC6C227006DCF94 /* MQPictureBrowserCell.swift in Sources */ = {isa = PBXBuildFile; fileRef = D4F36EAC1BC6C227006DCF94 /* MQPictureBrowserCell.swift */; };
		D4F36EAF1BC6C227006DCF94 /* MQPictureBrowserController.swift in Sources */ = {isa = PBXBuildFile; fileRef = D4F36EAD1BC6C227006DCF94 /* MQPictureBrowserController.swift */; };
/* End PBXBuildFile section */

/* Begin PBXCopyFilesBuildPhase section */
		D4B337D21BA68E74005F88BD /* Embed Frameworks */ = {
			isa = PBXCopyFilesBuildPhase;
			buildActionMask = 2147483647;
			dstPath = "";
			dstSubfolderSpec = 10;
			files = (
			);
			name = "Embed Frameworks";
			runOnlyForDeploymentPostprocessing = 0;
		};
/* End PBXCopyFilesBuildPhase section */

/* Begin PBXFileReference section */
		68916BCF18B0690F8F2180BF /* Pods.framework */ = {isa = PBXFileReference; explicitFileType = wrapper.framework; includeInIndex = 0; path = Pods.framework; sourceTree = BUILT_PRODUCTS_DIR; };
		68C22996EE97883205A46665 /* Pods.release.xcconfig */ = {isa = PBXFileReference; includeInIndex = 1; lastKnownFileType = text.xcconfig; name = Pods.release.xcconfig; path = "Pods/Target Support Files/Pods/Pods.release.xcconfig"; sourceTree = "<group>"; };
		74E4AD8AB57723A8F079C50C /* Pods.debug.xcconfig */ = {isa = PBXFileReference; includeInIndex = 1; lastKnownFileType = text.xcconfig; name = Pods.debug.xcconfig; path = "Pods/Target Support Files/Pods/Pods.debug.xcconfig"; sourceTree = "<group>"; };
		D40709311BB101250098867E /* NSObject_Extension.swift */ = {isa = PBXFileReference; fileEncoding = 4; lastKnownFileType = sourcecode.swift; path = NSObject_Extension.swift; sourceTree = "<group>"; };
		D40709351BB104F20098867E /* UIView_Extension.swift */ = {isa = PBXFileReference; fileEncoding = 4; lastKnownFileType = sourcecode.swift; path = UIView_Extension.swift; sourceTree = "<group>"; };
		D40F84231B4EA723004FD250 /* MQPullToRefresh.podspec */ = {isa = PBXFileReference; fileEncoding = 4; lastKnownFileType = text; path = MQPullToRefresh.podspec; sourceTree = "<group>"; };
		D4121DDE1B07184400612CA3 /* vb.app */ = {isa = PBXFileReference; explicitFileType = wrapper.application; includeInIndex = 0; path = vb.app; sourceTree = BUILT_PRODUCTS_DIR; };
		D4121DE21B07184400612CA3 /* Info.plist */ = {isa = PBXFileReference; lastKnownFileType = text.plist.xml; path = Info.plist; sourceTree = "<group>"; };
		D4121DE81B07184400612CA3 /* Base */ = {isa = PBXFileReference; lastKnownFileType = file.storyboard; name = Base; path = Base.lproj/Main.storyboard; sourceTree = "<group>"; };
		D4121DED1B07184400612CA3 /* Base */ = {isa = PBXFileReference; lastKnownFileType = file.xib; name = Base; path = Base.lproj/LaunchScreen.xib; sourceTree = "<group>"; };
		D4121DF81B07184400612CA3 /* Info.plist */ = {isa = PBXFileReference; lastKnownFileType = text.plist.xml; path = Info.plist; sourceTree = "<group>"; };
		D4121DF91B07184400612CA3 /* vbTests.swift */ = {isa = PBXFileReference; lastKnownFileType = sourcecode.swift; path = vbTests.swift; sourceTree = "<group>"; };
		D4121E781B075D9200612CA3 /* QuartzCore.framework */ = {isa = PBXFileReference; lastKnownFileType = wrapper.framework; name = QuartzCore.framework; path = System/Library/Frameworks/QuartzCore.framework; sourceTree = SDKROOT; };
		D4121E7A1B075D9B00612CA3 /* ImageIO.framework */ = {isa = PBXFileReference; lastKnownFileType = wrapper.framework; name = ImageIO.framework; path = System/Library/Frameworks/ImageIO.framework; sourceTree = SDKROOT; };
		D4121E7C1B075DA700612CA3 /* SystemConfiguration.framework */ = {isa = PBXFileReference; lastKnownFileType = wrapper.framework; name = SystemConfiguration.framework; path = System/Library/Frameworks/SystemConfiguration.framework; sourceTree = SDKROOT; };
		D4121E7E1B075DAE00612CA3 /* Security.framework */ = {isa = PBXFileReference; lastKnownFileType = wrapper.framework; name = Security.framework; path = System/Library/Frameworks/Security.framework; sourceTree = SDKROOT; };
		D4121E801B075DBA00612CA3 /* CoreTelephony.framework */ = {isa = PBXFileReference; lastKnownFileType = wrapper.framework; name = CoreTelephony.framework; path = System/Library/Frameworks/CoreTelephony.framework; sourceTree = SDKROOT; };
		D4121E821B075DC200612CA3 /* CoreText.framework */ = {isa = PBXFileReference; lastKnownFileType = wrapper.framework; name = CoreText.framework; path = System/Library/Frameworks/CoreText.framework; sourceTree = SDKROOT; };
		D4121E841B075DCC00612CA3 /* UIKit.framework */ = {isa = PBXFileReference; lastKnownFileType = wrapper.framework; name = UIKit.framework; path = System/Library/Frameworks/UIKit.framework; sourceTree = SDKROOT; };
		D4121E861B075DD600612CA3 /* Foundation.framework */ = {isa = PBXFileReference; lastKnownFileType = wrapper.framework; name = Foundation.framework; path = System/Library/Frameworks/Foundation.framework; sourceTree = SDKROOT; };
		D4121E881B075DDC00612CA3 /* CoreGraphics.framework */ = {isa = PBXFileReference; lastKnownFileType = wrapper.framework; name = CoreGraphics.framework; path = System/Library/Frameworks/CoreGraphics.framework; sourceTree = SDKROOT; };
		D417F1D61BCF509800106012 /* MVBAppDataSource.swift */ = {isa = PBXFileReference; fileEncoding = 4; lastKnownFileType = sourcecode.swift; path = MVBAppDataSource.swift; sourceTree = "<group>"; };
		D418AD431BE0D70C00338CC2 /* MVBNoteTrackViewModel.swift */ = {isa = PBXFileReference; fileEncoding = 4; lastKnownFileType = sourcecode.swift; path = MVBNoteTrackViewModel.swift; sourceTree = "<group>"; };
		D418AD461BE0D72D00338CC2 /* MVBImageTextTrackViewModel.swift */ = {isa = PBXFileReference; fileEncoding = 4; lastKnownFileType = sourcecode.swift; path = MVBImageTextTrackViewModel.swift; sourceTree = "<group>"; };
		D41C7FFF1B1BEF2600987D42 /* MQButton.swift */ = {isa = PBXFileReference; fileEncoding = 4; lastKnownFileType = sourcecode.swift; path = MQButton.swift; sourceTree = "<group>"; };
		D41C80001B1BEF2600987D42 /* UIView+MQRecursiveLevelLog.h */ = {isa = PBXFileReference; fileEncoding = 4; lastKnownFileType = sourcecode.c.h; path = "UIView+MQRecursiveLevelLog.h"; sourceTree = "<group>"; };
		D41C80011B1BEF2600987D42 /* UIView+MQRecursiveLevelLog.m */ = {isa = PBXFileReference; fileEncoding = 4; lastKnownFileType = sourcecode.c.objc; path = "UIView+MQRecursiveLevelLog.m"; sourceTree = "<group>"; };
		D441578A1B3E4B35004ECC7E /* MQMaskController.podspec */ = {isa = PBXFileReference; fileEncoding = 4; lastKnownFileType = text; path = MQMaskController.podspec; sourceTree = "<group>"; };
		D44A6B131B288696003C4834 /* AppMacroObjc.h */ = {isa = PBXFileReference; fileEncoding = 4; lastKnownFileType = sourcecode.c.h; path = AppMacroObjc.h; sourceTree = "<group>"; };
		D44A6B141B2886A7003C4834 /* AppMacroObjc.m */ = {isa = PBXFileReference; fileEncoding = 4; lastKnownFileType = sourcecode.c.objc; path = AppMacroObjc.m; sourceTree = "<group>"; };
		D45E89721B36CD1500AFF9F8 /* MVBLogInViewController.swift */ = {isa = PBXFileReference; fileEncoding = 4; lastKnownFileType = sourcecode.swift; path = MVBLogInViewController.swift; sourceTree = "<group>"; };
		D45E89771B36CD1500AFF9F8 /* MVBPageTransformManage.swift */ = {isa = PBXFileReference; fileEncoding = 4; lastKnownFileType = sourcecode.swift; path = MVBPageTransformManage.swift; sourceTree = "<group>"; };
		D46C6CB31B10273400EA9FF6 /* vb-Prefix.pch */ = {isa = PBXFileReference; fileEncoding = 4; lastKnownFileType = sourcecode.c.h; name = "vb-Prefix.pch"; path = "vb/vb-Prefix.pch"; sourceTree = "<group>"; };
		D46EFAFE1BA5CF3200DB73BE /* vb-Bridging-Header.h */ = {isa = PBXFileReference; lastKnownFileType = sourcecode.c.h; name = "vb-Bridging-Header.h"; path = "vb/vb-Bridging-Header.h"; sourceTree = "<group>"; };
		D4786FBD1BC95FAA0043DCBF /* MVBImageTextTrackAddMenuView.swift */ = {isa = PBXFileReference; fileEncoding = 4; lastKnownFileType = sourcecode.swift; path = MVBImageTextTrackAddMenuView.swift; sourceTree = "<group>"; };
		D4786FBF1BC95FCF0043DCBF /* MVBImageTextTrack.xib */ = {isa = PBXFileReference; fileEncoding = 4; lastKnownFileType = file.xib; path = MVBImageTextTrack.xib; sourceTree = "<group>"; };
		D47E024B1BEF411700E34F23 /* UINavigationBar+Awesome.h */ = {isa = PBXFileReference; fileEncoding = 4; lastKnownFileType = sourcecode.c.h; path = "UINavigationBar+Awesome.h"; sourceTree = "<group>"; };
		D47E024C1BEF411700E34F23 /* UINavigationBar+Awesome.m */ = {isa = PBXFileReference; fileEncoding = 4; lastKnownFileType = sourcecode.c.objc; path = "UINavigationBar+Awesome.m"; sourceTree = "<group>"; };
		D488BF041B28685A0050C2E2 /* MVBAppDelegate.swift */ = {isa = PBXFileReference; fileEncoding = 4; lastKnownFileType = sourcecode.swift; path = MVBAppDelegate.swift; sourceTree = "<group>"; };
		D48982D71BB532BE00A3D881 /* MVBImageTextTrackViewController.swift */ = {isa = PBXFileReference; fileEncoding = 4; lastKnownFileType = sourcecode.swift; path = MVBImageTextTrackViewController.swift; sourceTree = "<group>"; };
		D48982DD1BB5348C00A3D881 /* MVBImageTextTrack.storyboard */ = {isa = PBXFileReference; fileEncoding = 4; lastKnownFileType = file.storyboard; path = MVBImageTextTrack.storyboard; sourceTree = "<group>"; };
		D48982DF1BB535A600A3D881 /* MVBImageTextTrackCell.swift */ = {isa = PBXFileReference; fileEncoding = 4; lastKnownFileType = sourcecode.swift; path = MVBImageTextTrackCell.swift; sourceTree = "<group>"; };
		D48982E11BB5391800A3D881 /* MVBImageTextTrackLayout.swift */ = {isa = PBXFileReference; fileEncoding = 4; lastKnownFileType = sourcecode.swift; path = MVBImageTextTrackLayout.swift; sourceTree = "<group>"; };
		D48982E31BB53B4A00A3D881 /* MVBImageTextTrackModel.swift */ = {isa = PBXFileReference; fileEncoding = 4; lastKnownFileType = sourcecode.swift; path = MVBImageTextTrackModel.swift; sourceTree = "<group>"; };
		D4B209D21BE0FAC600E15434 /* MVBImageTextTrackDisplayCell.xib */ = {isa = PBXFileReference; fileEncoding = 4; lastKnownFileType = file.xib; path = MVBImageTextTrackDisplayCell.xib; sourceTree = "<group>"; };
		D4B679B81BB4ED3D002E7B32 /* UIWindow_Extension.swift */ = {isa = PBXFileReference; fileEncoding = 4; lastKnownFileType = sourcecode.swift; path = UIWindow_Extension.swift; sourceTree = "<group>"; };
		D4B679BA1BB4EDC1002E7B32 /* UIScreen_Extension.swift */ = {isa = PBXFileReference; fileEncoding = 4; lastKnownFileType = sourcecode.swift; path = UIScreen_Extension.swift; sourceTree = "<group>"; };
		D4B712F21BAFC6D200166806 /* AVOSCloud.framework */ = {isa = PBXFileReference; lastKnownFileType = wrapper.framework; path = AVOSCloud.framework; sourceTree = "<group>"; };
		D4B712F41BAFC72900166806 /* libsqlite3.tbd */ = {isa = PBXFileReference; lastKnownFileType = "sourcecode.text-based-dylib-definition"; name = libsqlite3.tbd; path = usr/lib/libsqlite3.tbd; sourceTree = SDKROOT; };
		D4B712F61BAFC77200166806 /* libicucore.tbd */ = {isa = PBXFileReference; lastKnownFileType = "sourcecode.text-based-dylib-definition"; name = libicucore.tbd; path = usr/lib/libicucore.tbd; sourceTree = SDKROOT; };
		D4BDF1031BC8A1490053966A /* MVBNoteTrack.storyboard */ = {isa = PBXFileReference; fileEncoding = 4; lastKnownFileType = file.storyboard; path = MVBNoteTrack.storyboard; sourceTree = "<group>"; };
		D4BDF1041BC8A1490053966A /* MVBNoteTrackViewController.swift */ = {isa = PBXFileReference; fileEncoding = 4; lastKnownFileType = sourcecode.swift; path = MVBNoteTrackViewController.swift; sourceTree = "<group>"; };
		D4BDF1061BC8A1490053966A /* MVBNoteTrackIdListModel.swift */ = {isa = PBXFileReference; fileEncoding = 4; lastKnownFileType = sourcecode.swift; path = MVBNoteTrackIdListModel.swift; sourceTree = "<group>"; };
		D4BDF1081BC8A1490053966A /* MVBNoteTrackModel.swift */ = {isa = PBXFileReference; fileEncoding = 4; lastKnownFileType = sourcecode.swift; path = MVBNoteTrackModel.swift; sourceTree = "<group>"; };
		D4BDF10A1BC8A1490053966A /* MVBNewNoteTrackView.swift */ = {isa = PBXFileReference; fileEncoding = 4; lastKnownFileType = sourcecode.swift; path = MVBNewNoteTrackView.swift; sourceTree = "<group>"; };
		D4BDF10B1BC8A1490053966A /* MVBNewNoteTrackView.xib */ = {isa = PBXFileReference; fileEncoding = 4; lastKnownFileType = file.xib; path = MVBNewNoteTrackView.xib; sourceTree = "<group>"; };
		D4BDF10C1BC8A1490053966A /* MVBNoteTrackDetailView.swift */ = {isa = PBXFileReference; fileEncoding = 4; lastKnownFileType = sourcecode.swift; path = MVBNoteTrackDetailView.swift; sourceTree = "<group>"; };
		D4BDF10D1BC8A1490053966A /* MVBNoteTrackCell.swift */ = {isa = PBXFileReference; fileEncoding = 4; lastKnownFileType = sourcecode.swift; path = MVBNoteTrackCell.swift; sourceTree = "<group>"; };
		D4BDF10E1BC8A1490053966A /* MVBNoteTrackCell.xib */ = {isa = PBXFileReference; fileEncoding = 4; lastKnownFileType = file.xib; path = MVBNoteTrackCell.xib; sourceTree = "<group>"; };
		D4BDF10F1BC8A1490053966A /* MVBNoteTrackDetailCell.swift */ = {isa = PBXFileReference; fileEncoding = 4; lastKnownFileType = sourcecode.swift; path = MVBNoteTrackDetailCell.swift; sourceTree = "<group>"; };
		D4BDF1101BC8A1490053966A /* MVBNoteTrackDetailCell.xib */ = {isa = PBXFileReference; fileEncoding = 4; lastKnownFileType = file.xib; path = MVBNoteTrackDetailCell.xib; sourceTree = "<group>"; };
		D4BDF11E1BC8E6260053966A /* MVBMainMenuViewController.swift */ = {isa = PBXFileReference; fileEncoding = 4; lastKnownFileType = sourcecode.swift; path = MVBMainMenuViewController.swift; sourceTree = "<group>"; };
		D4BDF1201BC8E6260053966A /* MVBUserModel.swift */ = {isa = PBXFileReference; fileEncoding = 4; lastKnownFileType = sourcecode.swift; path = MVBUserModel.swift; sourceTree = "<group>"; };
		D4BDF1221BC8E6260053966A /* MVBMainMenuView.swift */ = {isa = PBXFileReference; fileEncoding = 4; lastKnownFileType = sourcecode.swift; path = MVBMainMenuView.swift; sourceTree = "<group>"; };
		D4BDF1231BC8E6260053966A /* MVBMainMenuView.xib */ = {isa = PBXFileReference; fileEncoding = 4; lastKnownFileType = file.xib; path = MVBMainMenuView.xib; sourceTree = "<group>"; };
		D4BDF1291BC8E6B50053966A /* MVBHeroesViewController.swift */ = {isa = PBXFileReference; fileEncoding = 4; lastKnownFileType = sourcecode.swift; path = MVBHeroesViewController.swift; sourceTree = "<group>"; };
		D4BDF12B1BC8E6B50053966A /* MVBHeroesInfoModel.swift */ = {isa = PBXFileReference; fileEncoding = 4; lastKnownFileType = sourcecode.swift; path = MVBHeroesInfoModel.swift; sourceTree = "<group>"; };
		D4BDF12C1BC8E6B50053966A /* MVBHeroModel.swift */ = {isa = PBXFileReference; fileEncoding = 4; lastKnownFileType = sourcecode.swift; path = MVBHeroModel.swift; sourceTree = "<group>"; };
		D4BDF12E1BC8E6B50053966A /* MVBHeroTableViewCell.swift */ = {isa = PBXFileReference; fileEncoding = 4; lastKnownFileType = sourcecode.swift; path = MVBHeroTableViewCell.swift; sourceTree = "<group>"; };
		D4BDF12F1BC8E6B50053966A /* MVBHeroTableViewCell.xib */ = {isa = PBXFileReference; fileEncoding = 4; lastKnownFileType = file.xib; path = MVBHeroTableViewCell.xib; sourceTree = "<group>"; };
		D4DE75A01B57560D007E31F0 /* MMDrawerVisualStateCustom.swift */ = {isa = PBXFileReference; fileEncoding = 4; lastKnownFileType = sourcecode.swift; path = MMDrawerVisualStateCustom.swift; sourceTree = "<group>"; };
		D4E17B4B1B286A7F00228B4A /* Images.xcassets */ = {isa = PBXFileReference; lastKnownFileType = folder.assetcatalog; path = Images.xcassets; sourceTree = "<group>"; };
		D4E17B4D1B286BC100228B4A /* AppMacro.swift */ = {isa = PBXFileReference; fileEncoding = 4; lastKnownFileType = sourcecode.swift; path = AppMacro.swift; sourceTree = "<group>"; };
		D4E48EBE1BB6388F0042FC74 /* Photos.xcassets */ = {isa = PBXFileReference; lastKnownFileType = folder.assetcatalog; path = Photos.xcassets; sourceTree = "<group>"; };
		D4E48EC41BB63F070042FC74 /* MVBImageTextTrackIdListModel.swift */ = {isa = PBXFileReference; fileEncoding = 4; lastKnownFileType = sourcecode.swift; path = MVBImageTextTrackIdListModel.swift; sourceTree = "<group>"; };
		D4E903321BB1514000D5907D /* UILabel_Extension.swift */ = {isa = PBXFileReference; fileEncoding = 4; lastKnownFileType = sourcecode.swift; path = UILabel_Extension.swift; sourceTree = "<group>"; };
		D4EA2E9F1BAC505C00E48135 /* MVBAcconutTableViewCell.swift */ = {isa = PBXFileReference; fileEncoding = 4; lastKnownFileType = sourcecode.swift; path = MVBAcconutTableViewCell.swift; sourceTree = "<group>"; };
		D4EA2EA01BAC505C00E48135 /* MVBAccountManageDataSource.swift */ = {isa = PBXFileReference; fileEncoding = 4; lastKnownFileType = sourcecode.swift; path = MVBAccountManageDataSource.swift; sourceTree = "<group>"; };
		D4EA2EA11BAC505C00E48135 /* MVBAccountManageViewController.swift */ = {isa = PBXFileReference; fileEncoding = 4; lastKnownFileType = sourcecode.swift; path = MVBAccountManageViewController.swift; sourceTree = "<group>"; };
		D4EA2EA21BAC505C00E48135 /* MVBAccountRecordView.swift */ = {isa = PBXFileReference; fileEncoding = 4; lastKnownFileType = sourcecode.swift; path = MVBAccountRecordView.swift; sourceTree = "<group>"; };
		D4EA2EA31BAC505C00E48135 /* MVBAccountRecordView.xib */ = {isa = PBXFileReference; fileEncoding = 4; lastKnownFileType = file.xib; path = MVBAccountRecordView.xib; sourceTree = "<group>"; };
		D4F01F4D1BE751730057CCEE /* MQPictureBrowserView.swift */ = {isa = PBXFileReference; fileEncoding = 4; lastKnownFileType = sourcecode.swift; path = MQPictureBrowserView.swift; sourceTree = "<group>"; };
		D4F01F4F1BE7530D0057CCEE /* MQPictureBrowserView.xib */ = {isa = PBXFileReference; fileEncoding = 4; lastKnownFileType = file.xib; path = MQPictureBrowserView.xib; sourceTree = "<group>"; };
		D4F01F8B1BEEF0970057CCEE /* MVBMainMenuViewCell.swift */ = {isa = PBXFileReference; fileEncoding = 4; lastKnownFileType = sourcecode.swift; path = MVBMainMenuViewCell.swift; sourceTree = "<group>"; };
		D4F01F8D1BEEF7D00057CCEE /* MVBMainMenuViewCell.xib */ = {isa = PBXFileReference; fileEncoding = 4; lastKnownFileType = file.xib; path = MVBMainMenuViewCell.xib; sourceTree = "<group>"; };
		D4F01F8F1BEF26A20057CCEE /* MVBDetailBaseViewController.swift */ = {isa = PBXFileReference; fileEncoding = 4; lastKnownFileType = sourcecode.swift; path = MVBDetailBaseViewController.swift; sourceTree = "<group>"; };
		D4F01F921BEF26AC0057CCEE /* MVBHomeViewController.swift */ = {isa = PBXFileReference; fileEncoding = 4; lastKnownFileType = sourcecode.swift; path = MVBHomeViewController.swift; sourceTree = "<group>"; };
		D4F01F951BEF2FE40057CCEE /* MVBSettingViewController.swift */ = {isa = PBXFileReference; fileEncoding = 4; lastKnownFileType = sourcecode.swift; path = MVBSettingViewController.swift; sourceTree = "<group>"; };
		D4F01F991BEF31E00057CCEE /* MVBSetting.storyboard */ = {isa = PBXFileReference; fileEncoding = 4; lastKnownFileType = file.storyboard; path = MVBSetting.storyboard; sourceTree = "<group>"; };
		D4F36E651BC66CCF006DCF94 /* MQPictureBrowser.podspec */ = {isa = PBXFileReference; fileEncoding = 4; lastKnownFileType = text; path = MQPictureBrowser.podspec; sourceTree = "<group>"; };
		D4F36EA91BC6BFC6006DCF94 /* MVBImageTextTrackDisplayCell.swift */ = {isa = PBXFileReference; fileEncoding = 4; lastKnownFileType = sourcecode.swift; path = MVBImageTextTrackDisplayCell.swift; sourceTree = "<group>"; };
		D4F36EAC1BC6C227006DCF94 /* MQPictureBrowserCell.swift */ = {isa = PBXFileReference; fileEncoding = 4; lastKnownFileType = sourcecode.swift; path = MQPictureBrowserCell.swift; sourceTree = "<group>"; };
		D4F36EAD1BC6C227006DCF94 /* MQPictureBrowserController.swift */ = {isa = PBXFileReference; fileEncoding = 4; lastKnownFileType = sourcecode.swift; path = MQPictureBrowserController.swift; sourceTree = "<group>"; };
/* End PBXFileReference section */

/* Begin PBXFrameworksBuildPhase section */
		D4121DDB1B07184400612CA3 /* Frameworks */ = {
			isa = PBXFrameworksBuildPhase;
			buildActionMask = 2147483647;
			files = (
				D4B712F71BAFC77200166806 /* libicucore.tbd in Frameworks */,
				D4B712F51BAFC72900166806 /* libsqlite3.tbd in Frameworks */,
				D4121E891B075DDC00612CA3 /* CoreGraphics.framework in Frameworks */,
				D4121E871B075DD600612CA3 /* Foundation.framework in Frameworks */,
				D4121E851B075DCC00612CA3 /* UIKit.framework in Frameworks */,
				D4121E831B075DC200612CA3 /* CoreText.framework in Frameworks */,
				D4B712F31BAFC6D200166806 /* AVOSCloud.framework in Frameworks */,
				D4121E811B075DBA00612CA3 /* CoreTelephony.framework in Frameworks */,
				D4121E7F1B075DAE00612CA3 /* Security.framework in Frameworks */,
				D4121E7D1B075DA700612CA3 /* SystemConfiguration.framework in Frameworks */,
				D4121E7B1B075D9B00612CA3 /* ImageIO.framework in Frameworks */,
				D4121E791B075D9200612CA3 /* QuartzCore.framework in Frameworks */,
				77B5C6F3DE0EF60F1A2F19F9 /* Pods.framework in Frameworks */,
			);
			runOnlyForDeploymentPostprocessing = 0;
		};
/* End PBXFrameworksBuildPhase section */

/* Begin PBXGroup section */
		9114F6F747F82872356B1F1F /* Frameworks */ = {
			isa = PBXGroup;
			children = (
				D4B712F61BAFC77200166806 /* libicucore.tbd */,
				D4B712F41BAFC72900166806 /* libsqlite3.tbd */,
				D4121E881B075DDC00612CA3 /* CoreGraphics.framework */,
				D4121E861B075DD600612CA3 /* Foundation.framework */,
				D4121E841B075DCC00612CA3 /* UIKit.framework */,
				D4121E821B075DC200612CA3 /* CoreText.framework */,
				D4121E801B075DBA00612CA3 /* CoreTelephony.framework */,
				D4121E7E1B075DAE00612CA3 /* Security.framework */,
				D4121E7C1B075DA700612CA3 /* SystemConfiguration.framework */,
				D4121E7A1B075D9B00612CA3 /* ImageIO.framework */,
				D4121E781B075D9200612CA3 /* QuartzCore.framework */,
				68916BCF18B0690F8F2180BF /* Pods.framework */,
			);
			name = Frameworks;
			sourceTree = "<group>";
		};
		D40709301BB100FA0098867E /* Extension */ = {
			isa = PBXGroup;
			children = (
				D40709311BB101250098867E /* NSObject_Extension.swift */,
				D4E903321BB1514000D5907D /* UILabel_Extension.swift */,
				D40709351BB104F20098867E /* UIView_Extension.swift */,
				D4B679B81BB4ED3D002E7B32 /* UIWindow_Extension.swift */,
				D4B679BA1BB4EDC1002E7B32 /* UIScreen_Extension.swift */,
			);
			path = Extension;
			sourceTree = "<group>";
		};
		D4121DD51B07184400612CA3 = {
			isa = PBXGroup;
			children = (
				D4121DE01B07184400612CA3 /* vb */,
				D46C6CB31B10273400EA9FF6 /* vb-Prefix.pch */,
				D46EFAFE1BA5CF3200DB73BE /* vb-Bridging-Header.h */,
				D4121DF61B07184400612CA3 /* vbTests */,
				D4121DDF1B07184400612CA3 /* Products */,
				9114F6F747F82872356B1F1F /* Frameworks */,
				FC9F7212BF61B2CF41494C5F /* Pods */,
			);
			sourceTree = "<group>";
		};
		D4121DDF1B07184400612CA3 /* Products */ = {
			isa = PBXGroup;
			children = (
				D4121DDE1B07184400612CA3 /* vb.app */,
			);
			name = Products;
			sourceTree = "<group>";
		};
		D4121DE01B07184400612CA3 /* vb */ = {
			isa = PBXGroup;
			children = (
				D488BF031B28685A0050C2E2 /* AppDelegate */,
				D45E89701B36CD1500AFF9F8 /* Modules */,
				D488BF191B2868F50050C2E2 /* Macro */,
				D41C7FF91B1BEF2600987D42 /* Utils */,
				D4E17B4A1B286A6300228B4A /* Resources */,
				D4121DE11B07184400612CA3 /* Supporting Files */,
			);
			path = vb;
			sourceTree = "<group>";
		};
		D4121DE11B07184400612CA3 /* Supporting Files */ = {
			isa = PBXGroup;
			children = (
				D4121DE71B07184400612CA3 /* Main.storyboard */,
				D4121DEC1B07184400612CA3 /* LaunchScreen.xib */,
				D4121DE21B07184400612CA3 /* Info.plist */,
			);
			name = "Supporting Files";
			sourceTree = "<group>";
		};
		D4121DF61B07184400612CA3 /* vbTests */ = {
			isa = PBXGroup;
			children = (
				D4121DF91B07184400612CA3 /* vbTests.swift */,
				D4121DF71B07184400612CA3 /* Supporting Files */,
			);
			path = vbTests;
			sourceTree = "<group>";
		};
		D4121DF71B07184400612CA3 /* Supporting Files */ = {
			isa = PBXGroup;
			children = (
				D4121DF81B07184400612CA3 /* Info.plist */,
			);
			name = "Supporting Files";
			sourceTree = "<group>";
		};
		D418AD421BE0D70C00338CC2 /* ViewModel */ = {
			isa = PBXGroup;
			children = (
				D418AD431BE0D70C00338CC2 /* MVBNoteTrackViewModel.swift */,
			);
			path = ViewModel;
			sourceTree = "<group>";
		};
		D418AD451BE0D72D00338CC2 /* ViewModel */ = {
			isa = PBXGroup;
			children = (
				D418AD461BE0D72D00338CC2 /* MVBImageTextTrackViewModel.swift */,
			);
			path = ViewModel;
			sourceTree = "<group>";
		};
		D41C7FF91B1BEF2600987D42 /* Utils */ = {
			isa = PBXGroup;
			children = (
				D40709301BB100FA0098867E /* Extension */,
				D41C7FFA1B1BEF2600987D42 /* Library */,
				D41C80021B1BEF2600987D42 /* SDK */,
				D44157891B3E4B35004ECC7E /* Podspec */,
			);
			path = Utils;
			sourceTree = "<group>";
		};
		D41C7FFA1B1BEF2600987D42 /* Library */ = {
			isa = PBXGroup;
			children = (
				D47E024A1BEF411700E34F23 /* AwsomeNavigationBar */,
				D4F36EAB1BC6C227006DCF94 /* MQPictureBrowser */,
				D41C7FFE1B1BEF2600987D42 /* VbLibrary */,
			);
			path = Library;
			sourceTree = "<group>";
		};
		D41C7FFE1B1BEF2600987D42 /* VbLibrary */ = {
			isa = PBXGroup;
			children = (
				D41C7FFF1B1BEF2600987D42 /* MQButton.swift */,
				D41C80001B1BEF2600987D42 /* UIView+MQRecursiveLevelLog.h */,
				D41C80011B1BEF2600987D42 /* UIView+MQRecursiveLevelLog.m */,
			);
			path = VbLibrary;
			sourceTree = "<group>";
		};
		D41C80021B1BEF2600987D42 /* SDK */ = {
			isa = PBXGroup;
			children = (
				D4B712F11BAFC6D200166806 /* AVOSCloud */,
			);
			path = SDK;
			sourceTree = "<group>";
		};
		D44157891B3E4B35004ECC7E /* Podspec */ = {
			isa = PBXGroup;
			children = (
				D441578A1B3E4B35004ECC7E /* MQMaskController.podspec */,
				D40F84231B4EA723004FD250 /* MQPullToRefresh.podspec */,
				D4F36E651BC66CCF006DCF94 /* MQPictureBrowser.podspec */,
			);
			path = Podspec;
			sourceTree = "<group>";
		};
		D45E89701B36CD1500AFF9F8 /* Modules */ = {
			isa = PBXGroup;
			children = (
				D45E89771B36CD1500AFF9F8 /* MVBPageTransformManage.swift */,
				D4DE75A01B57560D007E31F0 /* MMDrawerVisualStateCustom.swift */,
				D45E89731B36CD1500AFF9F8 /* MainMenu */,
				D45E89911B3700B300AFF9F8 /* DetailMenu */,
				D4F01F941BEF2FB60057CCEE /* SettingMenu */,
				D45E89711B36CD1500AFF9F8 /* LogIn */,
			);
			path = Modules;
			sourceTree = "<group>";
		};
		D45E89711B36CD1500AFF9F8 /* LogIn */ = {
			isa = PBXGroup;
			children = (
				D45E89721B36CD1500AFF9F8 /* MVBLogInViewController.swift */,
			);
			path = LogIn;
			sourceTree = "<group>";
		};
		D45E89731B36CD1500AFF9F8 /* MainMenu */ = {
			isa = PBXGroup;
			children = (
				D4BDF11D1BC8E6260053966A /* Controller */,
				D4BDF1211BC8E6260053966A /* View */,
				D4BDF11F1BC8E6260053966A /* Model */,
			);
			path = MainMenu;
			sourceTree = "<group>";
		};
		D45E89911B3700B300AFF9F8 /* DetailMenu */ = {
			isa = PBXGroup;
			children = (
				D4F01F8F1BEF26A20057CCEE /* MVBDetailBaseViewController.swift */,
				D4F01F911BEF26AC0057CCEE /* Home */,
				D4BDF1011BC8A1490053966A /* NoteTrack */,
				D48982D31BB5324900A3D881 /* ImageTextTrack */,
				D4EA2E9E1BAC505C00E48135 /* AccountManage */,
				D45E89921B3700B300AFF9F8 /* Heroes */,
			);
			path = DetailMenu;
			sourceTree = "<group>";
		};
		D45E89921B3700B300AFF9F8 /* Heroes */ = {
			isa = PBXGroup;
			children = (
				D4BDF1281BC8E6B50053966A /* Controller */,
				D4BDF12D1BC8E6B50053966A /* View */,
				D4BDF12A1BC8E6B50053966A /* Model */,
			);
			path = Heroes;
			sourceTree = "<group>";
		};
		D47E024A1BEF411700E34F23 /* AwsomeNavigationBar */ = {
			isa = PBXGroup;
			children = (
				D47E024B1BEF411700E34F23 /* UINavigationBar+Awesome.h */,
				D47E024C1BEF411700E34F23 /* UINavigationBar+Awesome.m */,
			);
			path = AwsomeNavigationBar;
			sourceTree = "<group>";
		};
		D488BF031B28685A0050C2E2 /* AppDelegate */ = {
			isa = PBXGroup;
			children = (
				D488BF041B28685A0050C2E2 /* MVBAppDelegate.swift */,
				D417F1D61BCF509800106012 /* MVBAppDataSource.swift */,
			);
			path = AppDelegate;
			sourceTree = "<group>";
		};
		D488BF191B2868F50050C2E2 /* Macro */ = {
			isa = PBXGroup;
			children = (
				D4E17B4D1B286BC100228B4A /* AppMacro.swift */,
				D44A6B131B288696003C4834 /* AppMacroObjc.h */,
				D44A6B141B2886A7003C4834 /* AppMacroObjc.m */,
			);
			path = Macro;
			sourceTree = "<group>";
		};
		D48982D31BB5324900A3D881 /* ImageTextTrack */ = {
			isa = PBXGroup;
			children = (
				D48982D61BB532BE00A3D881 /* Controller */,
				D48982D91BB532BE00A3D881 /* View */,
				D418AD451BE0D72D00338CC2 /* ViewModel */,
				D48982D81BB532BE00A3D881 /* Model */,
			);
			path = ImageTextTrack;
			sourceTree = "<group>";
		};
		D48982D61BB532BE00A3D881 /* Controller */ = {
			isa = PBXGroup;
			children = (
				D48982D71BB532BE00A3D881 /* MVBImageTextTrackViewController.swift */,
				D48982DD1BB5348C00A3D881 /* MVBImageTextTrack.storyboard */,
			);
			path = Controller;
			sourceTree = "<group>";
		};
		D48982D81BB532BE00A3D881 /* Model */ = {
			isa = PBXGroup;
			children = (
				D48982E31BB53B4A00A3D881 /* MVBImageTextTrackModel.swift */,
				D4E48EC41BB63F070042FC74 /* MVBImageTextTrackIdListModel.swift */,
			);
			path = Model;
			sourceTree = "<group>";
		};
		D48982D91BB532BE00A3D881 /* View */ = {
			isa = PBXGroup;
			children = (
				D48982E11BB5391800A3D881 /* MVBImageTextTrackLayout.swift */,
				D48982DF1BB535A600A3D881 /* MVBImageTextTrackCell.swift */,
				D4F36EA91BC6BFC6006DCF94 /* MVBImageTextTrackDisplayCell.swift */,
				D4B209D21BE0FAC600E15434 /* MVBImageTextTrackDisplayCell.xib */,
				D4786FBD1BC95FAA0043DCBF /* MVBImageTextTrackAddMenuView.swift */,
				D4786FBF1BC95FCF0043DCBF /* MVBImageTextTrack.xib */,
			);
			path = View;
			sourceTree = "<group>";
		};
		D4B712F11BAFC6D200166806 /* AVOSCloud */ = {
			isa = PBXGroup;
			children = (
				D4B712F21BAFC6D200166806 /* AVOSCloud.framework */,
			);
			path = AVOSCloud;
			sourceTree = "<group>";
		};
		D4BDF1011BC8A1490053966A /* NoteTrack */ = {
			isa = PBXGroup;
			children = (
				D4BDF1021BC8A1490053966A /* Controller */,
				D4BDF1091BC8A1490053966A /* View */,
				D418AD421BE0D70C00338CC2 /* ViewModel */,
				D4BDF1051BC8A1490053966A /* Model */,
			);
			path = NoteTrack;
			sourceTree = "<group>";
		};
		D4BDF1021BC8A1490053966A /* Controller */ = {
			isa = PBXGroup;
			children = (
				D4BDF1041BC8A1490053966A /* MVBNoteTrackViewController.swift */,
				D4BDF1031BC8A1490053966A /* MVBNoteTrack.storyboard */,
			);
			path = Controller;
			sourceTree = "<group>";
		};
		D4BDF1051BC8A1490053966A /* Model */ = {
			isa = PBXGroup;
			children = (
				D4BDF1061BC8A1490053966A /* MVBNoteTrackIdListModel.swift */,
				D4BDF1081BC8A1490053966A /* MVBNoteTrackModel.swift */,
			);
			path = Model;
			sourceTree = "<group>";
		};
		D4BDF1091BC8A1490053966A /* View */ = {
			isa = PBXGroup;
			children = (
				D4BDF10A1BC8A1490053966A /* MVBNewNoteTrackView.swift */,
				D4BDF10B1BC8A1490053966A /* MVBNewNoteTrackView.xib */,
				D4BDF10D1BC8A1490053966A /* MVBNoteTrackCell.swift */,
				D4BDF10E1BC8A1490053966A /* MVBNoteTrackCell.xib */,
				D4BDF10F1BC8A1490053966A /* MVBNoteTrackDetailCell.swift */,
				D4BDF1101BC8A1490053966A /* MVBNoteTrackDetailCell.xib */,
				D4BDF10C1BC8A1490053966A /* MVBNoteTrackDetailView.swift */,
			);
			path = View;
			sourceTree = "<group>";
		};
		D4BDF11D1BC8E6260053966A /* Controller */ = {
			isa = PBXGroup;
			children = (
				D4BDF11E1BC8E6260053966A /* MVBMainMenuViewController.swift */,
			);
			path = Controller;
			sourceTree = "<group>";
		};
		D4BDF11F1BC8E6260053966A /* Model */ = {
			isa = PBXGroup;
			children = (
				D4BDF1201BC8E6260053966A /* MVBUserModel.swift */,
			);
			path = Model;
			sourceTree = "<group>";
		};
		D4BDF1211BC8E6260053966A /* View */ = {
			isa = PBXGroup;
			children = (
				D4BDF1221BC8E6260053966A /* MVBMainMenuView.swift */,
				D4BDF1231BC8E6260053966A /* MVBMainMenuView.xib */,
				D4F01F8B1BEEF0970057CCEE /* MVBMainMenuViewCell.swift */,
				D4F01F8D1BEEF7D00057CCEE /* MVBMainMenuViewCell.xib */,
			);
			path = View;
			sourceTree = "<group>";
		};
		D4BDF1281BC8E6B50053966A /* Controller */ = {
			isa = PBXGroup;
			children = (
				D4BDF1291BC8E6B50053966A /* MVBHeroesViewController.swift */,
			);
			path = Controller;
			sourceTree = "<group>";
		};
		D4BDF12A1BC8E6B50053966A /* Model */ = {
			isa = PBXGroup;
			children = (
				D4BDF12B1BC8E6B50053966A /* MVBHeroesInfoModel.swift */,
				D4BDF12C1BC8E6B50053966A /* MVBHeroModel.swift */,
			);
			path = Model;
			sourceTree = "<group>";
		};
		D4BDF12D1BC8E6B50053966A /* View */ = {
			isa = PBXGroup;
			children = (
				D4BDF12E1BC8E6B50053966A /* MVBHeroTableViewCell.swift */,
				D4BDF12F1BC8E6B50053966A /* MVBHeroTableViewCell.xib */,
			);
			path = View;
			sourceTree = "<group>";
		};
		D4E17B4A1B286A6300228B4A /* Resources */ = {
			isa = PBXGroup;
			children = (
				D4E48EBE1BB6388F0042FC74 /* Photos.xcassets */,
				D4E17B4B1B286A7F00228B4A /* Images.xcassets */,
			);
			path = Resources;
			sourceTree = "<group>";
		};
		D4EA2E9E1BAC505C00E48135 /* AccountManage */ = {
			isa = PBXGroup;
			children = (
				D4EA2EA11BAC505C00E48135 /* MVBAccountManageViewController.swift */,
				D4EA2E9F1BAC505C00E48135 /* MVBAcconutTableViewCell.swift */,
				D4EA2EA01BAC505C00E48135 /* MVBAccountManageDataSource.swift */,
				D4EA2EA21BAC505C00E48135 /* MVBAccountRecordView.swift */,
				D4EA2EA31BAC505C00E48135 /* MVBAccountRecordView.xib */,
			);
			path = AccountManage;
			sourceTree = "<group>";
		};
		D4F01F911BEF26AC0057CCEE /* Home */ = {
			isa = PBXGroup;
			children = (
				D4F01F921BEF26AC0057CCEE /* MVBHomeViewController.swift */,
			);
			path = Home;
			sourceTree = "<group>";
		};
		D4F01F941BEF2FB60057CCEE /* SettingMenu */ = {
			isa = PBXGroup;
			children = (
				D4F01F951BEF2FE40057CCEE /* MVBSettingViewController.swift */,
				D4F01F991BEF31E00057CCEE /* MVBSetting.storyboard */,
			);
			path = SettingMenu;
			sourceTree = "<group>";
		};
		D4F36EAB1BC6C227006DCF94 /* MQPictureBrowser */ = {
			isa = PBXGroup;
			children = (
				D4F36EAD1BC6C227006DCF94 /* MQPictureBrowserController.swift */,
				D4F01F4D1BE751730057CCEE /* MQPictureBrowserView.swift */,
				D4F01F4F1BE7530D0057CCEE /* MQPictureBrowserView.xib */,
				D4F36EAC1BC6C227006DCF94 /* MQPictureBrowserCell.swift */,
			);
			path = MQPictureBrowser;
			sourceTree = "<group>";
		};
		FC9F7212BF61B2CF41494C5F /* Pods */ = {
			isa = PBXGroup;
			children = (
				74E4AD8AB57723A8F079C50C /* Pods.debug.xcconfig */,
				68C22996EE97883205A46665 /* Pods.release.xcconfig */,
			);
			name = Pods;
			sourceTree = "<group>";
		};
/* End PBXGroup section */

/* Begin PBXNativeTarget section */
		D4121DDD1B07184400612CA3 /* vb */ = {
			isa = PBXNativeTarget;
			buildConfigurationList = D4121DFD1B07184400612CA3 /* Build configuration list for PBXNativeTarget "vb" */;
			buildPhases = (
				DA80DC2C734EB17B3BC2DF76 /* Check Pods Manifest.lock */,
				D4121DDA1B07184400612CA3 /* Sources */,
				D4121DDB1B07184400612CA3 /* Frameworks */,
				D4121DDC1B07184400612CA3 /* Resources */,
				1D18ADCCFFCB080ECE3DEAFD /* Copy Pods Resources */,
				7E2C8CF46461D0FDE104281C /* Embed Pods Frameworks */,
				D4B337D21BA68E74005F88BD /* Embed Frameworks */,
			);
			buildRules = (
			);
			dependencies = (
			);
			name = vb;
			productName = vb;
			productReference = D4121DDE1B07184400612CA3 /* vb.app */;
			productType = "com.apple.product-type.application";
		};
/* End PBXNativeTarget section */

/* Begin PBXProject section */
		D4121DD61B07184400612CA3 /* Project object */ = {
			isa = PBXProject;
			attributes = {
				CLASSPREFIX = MVB;
				LastSwiftMigration = 0700;
				LastSwiftUpdateCheck = 0700;
				LastUpgradeCheck = 0700;
				ORGANIZATIONNAME = maquan;
				TargetAttributes = {
					D4121DDD1B07184400612CA3 = {
						CreatedOnToolsVersion = 6.3.1;
						DevelopmentTeam = 47A7JUUJ9E;
					};
				};
			};
			buildConfigurationList = D4121DD91B07184400612CA3 /* Build configuration list for PBXProject "vb" */;
			compatibilityVersion = "Xcode 3.2";
			developmentRegion = English;
			hasScannedForEncodings = 0;
			knownRegions = (
				en,
				Base,
			);
			mainGroup = D4121DD51B07184400612CA3;
			productRefGroup = D4121DDF1B07184400612CA3 /* Products */;
			projectDirPath = "";
			projectRoot = "";
			targets = (
				D4121DDD1B07184400612CA3 /* vb */,
			);
		};
/* End PBXProject section */

/* Begin PBXResourcesBuildPhase section */
		D4121DDC1B07184400612CA3 /* Resources */ = {
			isa = PBXResourcesBuildPhase;
			buildActionMask = 2147483647;
			files = (
				D4BDF11C1BC8A1490053966A /* MVBNoteTrackDetailCell.xib in Resources */,
				D4AAF2C51B31B47C00350A91 /* LaunchScreen.xib in Resources */,
				D4BDF1271BC8E6260053966A /* MVBMainMenuView.xib in Resources */,
				D4F01F9A1BEF31E00057CCEE /* MVBSetting.storyboard in Resources */,
				D48982DE1BB5348C00A3D881 /* MVBImageTextTrack.storyboard in Resources */,
				D40F84241B4EA723004FD250 /* MQPullToRefresh.podspec in Resources */,
				D4BDF1171BC8A1490053966A /* MVBNewNoteTrackView.xib in Resources */,
				D4E48EBF1BB6388F0042FC74 /* Photos.xcassets in Resources */,
				D4BDF1341BC8E6B50053966A /* MVBHeroTableViewCell.xib in Resources */,
				D4BDF11A1BC8A1490053966A /* MVBNoteTrackCell.xib in Resources */,
				D441578B1B3E4B35004ECC7E /* MQMaskController.podspec in Resources */,
				D4BDF1111BC8A1490053966A /* MVBNoteTrack.storyboard in Resources */,
				D4AAF2C61B31B47C00350A91 /* Main.storyboard in Resources */,
				D4F01F501BE7530D0057CCEE /* MQPictureBrowserView.xib in Resources */,
				D4F01F8E1BEEF7D00057CCEE /* MVBMainMenuViewCell.xib in Resources */,
				D4B209D31BE0FAC600E15434 /* MVBImageTextTrackDisplayCell.xib in Resources */,
				D4F36E661BC66CCF006DCF94 /* MQPictureBrowser.podspec in Resources */,
				D4EA2EA81BAC505C00E48135 /* MVBAccountRecordView.xib in Resources */,
				D4786FC01BC95FD00043DCBF /* MVBImageTextTrack.xib in Resources */,
				D4E17B4C1B286A7F00228B4A /* Images.xcassets in Resources */,
			);
			runOnlyForDeploymentPostprocessing = 0;
		};
/* End PBXResourcesBuildPhase section */

/* Begin PBXShellScriptBuildPhase section */
		1D18ADCCFFCB080ECE3DEAFD /* Copy Pods Resources */ = {
			isa = PBXShellScriptBuildPhase;
			buildActionMask = 2147483647;
			files = (
			);
			inputPaths = (
			);
			name = "Copy Pods Resources";
			outputPaths = (
			);
			runOnlyForDeploymentPostprocessing = 0;
			shellPath = /bin/sh;
			shellScript = "\"${SRCROOT}/Pods/Target Support Files/Pods/Pods-resources.sh\"\n";
			showEnvVarsInLog = 0;
		};
		7E2C8CF46461D0FDE104281C /* Embed Pods Frameworks */ = {
			isa = PBXShellScriptBuildPhase;
			buildActionMask = 2147483647;
			files = (
			);
			inputPaths = (
			);
			name = "Embed Pods Frameworks";
			outputPaths = (
			);
			runOnlyForDeploymentPostprocessing = 0;
			shellPath = /bin/sh;
			shellScript = "\"${SRCROOT}/Pods/Target Support Files/Pods/Pods-frameworks.sh\"\n";
			showEnvVarsInLog = 0;
		};
		DA80DC2C734EB17B3BC2DF76 /* Check Pods Manifest.lock */ = {
			isa = PBXShellScriptBuildPhase;
			buildActionMask = 2147483647;
			files = (
			);
			inputPaths = (
			);
			name = "Check Pods Manifest.lock";
			outputPaths = (
			);
			runOnlyForDeploymentPostprocessing = 0;
			shellPath = /bin/sh;
			shellScript = "diff \"${PODS_ROOT}/../Podfile.lock\" \"${PODS_ROOT}/Manifest.lock\" > /dev/null\nif [[ $? != 0 ]] ; then\n    cat << EOM\nerror: The sandbox is not in sync with the Podfile.lock. Run 'pod install' or update your CocoaPods installation.\nEOM\n    exit 1\nfi\n";
			showEnvVarsInLog = 0;
		};
/* End PBXShellScriptBuildPhase section */

/* Begin PBXSourcesBuildPhase section */
		D4121DDA1B07184400612CA3 /* Sources */ = {
			isa = PBXSourcesBuildPhase;
			buildActionMask = 2147483647;
			files = (
				D4BDF1331BC8E6B50053966A /* MVBHeroTableViewCell.swift in Sources */,
				D4BDF1161BC8A1490053966A /* MVBNewNoteTrackView.swift in Sources */,
				D4BDF1191BC8A1490053966A /* MVBNoteTrackCell.swift in Sources */,
				D47E024D1BEF411700E34F23 /* UINavigationBar+Awesome.m in Sources */,
				D4F01F901BEF26A20057CCEE /* MVBDetailBaseViewController.swift in Sources */,
				D4BDF1261BC8E6260053966A /* MVBMainMenuView.swift in Sources */,
				D41C80111B1BEF2600987D42 /* UIView+MQRecursiveLevelLog.m in Sources */,
				D40709361BB104F20098867E /* UIView_Extension.swift in Sources */,
				D4BDF1121BC8A1490053966A /* MVBNoteTrackViewController.swift in Sources */,
				D4BDF1131BC8A1490053966A /* MVBNoteTrackIdListModel.swift in Sources */,
				D4DE75A11B57560D007E31F0 /* MMDrawerVisualStateCustom.swift in Sources */,
				D4BDF1311BC8E6B50053966A /* MVBHeroesInfoModel.swift in Sources */,
				D4BDF1241BC8E6260053966A /* MVBMainMenuViewController.swift in Sources */,
				D4BDF1151BC8A1490053966A /* MVBNoteTrackModel.swift in Sources */,
				D4BDF1321BC8E6B50053966A /* MVBHeroModel.swift in Sources */,
				D488BF051B28685A0050C2E2 /* MVBAppDelegate.swift in Sources */,
				D418AD441BE0D70C00338CC2 /* MVBNoteTrackViewModel.swift in Sources */,
				D4B679B91BB4ED3D002E7B32 /* UIWindow_Extension.swift in Sources */,
				D40709321BB101250098867E /* NSObject_Extension.swift in Sources */,
				D4F01F931BEF26AC0057CCEE /* MVBHomeViewController.swift in Sources */,
				D4EA2EA61BAC505C00E48135 /* MVBAccountManageViewController.swift in Sources */,
				D4BDF11B1BC8A1490053966A /* MVBNoteTrackDetailCell.swift in Sources */,
				D45E89841B36CD1500AFF9F8 /* MVBLogInViewController.swift in Sources */,
				D45E89881B36CD1500AFF9F8 /* MVBPageTransformManage.swift in Sources */,
				D4F36EAA1BC6BFC6006DCF94 /* MVBImageTextTrackDisplayCell.swift in Sources */,
				D4EA2EA41BAC505C00E48135 /* MVBAcconutTableViewCell.swift in Sources */,
				D48982E01BB535A600A3D881 /* MVBImageTextTrackCell.swift in Sources */,
				D48982E21BB5391800A3D881 /* MVBImageTextTrackLayout.swift in Sources */,
				D4F01F971BEF2FE40057CCEE /* MVBSettingViewController.swift in Sources */,
				D41C80101B1BEF2600987D42 /* MQButton.swift in Sources */,
				D4F01F8C1BEEF0970057CCEE /* MVBMainMenuViewCell.swift in Sources */,
				D4E48EC51BB63F070042FC74 /* MVBImageTextTrackIdListModel.swift in Sources */,
				D4F01F4E1BE751730057CCEE /* MQPictureBrowserView.swift in Sources */,
				D418AD471BE0D72D00338CC2 /* MVBImageTextTrackViewModel.swift in Sources */,
				D44A6B151B2886A7003C4834 /* AppMacroObjc.m in Sources */,
				D417F1D71BCF509800106012 /* MVBAppDataSource.swift in Sources */,
				D4BDF1181BC8A1490053966A /* MVBNoteTrackDetailView.swift in Sources */,
				D48982E41BB53B4A00A3D881 /* MVBImageTextTrackModel.swift in Sources */,
				D4EA2EA51BAC505C00E48135 /* MVBAccountManageDataSource.swift in Sources */,
				D4F36EAE1BC6C227006DCF94 /* MQPictureBrowserCell.swift in Sources */,
				D4E903331BB1514000D5907D /* UILabel_Extension.swift in Sources */,
				D4786FBE1BC95FAA0043DCBF /* MVBImageTextTrackAddMenuView.swift in Sources */,
				D4F36EAF1BC6C227006DCF94 /* MQPictureBrowserController.swift in Sources */,
				D4BDF1301BC8E6B50053966A /* MVBHeroesViewController.swift in Sources */,
				D48982DA1BB532BE00A3D881 /* MVBImageTextTrackViewController.swift in Sources */,
				D4B679BB1BB4EDC1002E7B32 /* UIScreen_Extension.swift in Sources */,
				D4E17B4E1B286BC100228B4A /* AppMacro.swift in Sources */,
				D4EA2EA71BAC505C00E48135 /* MVBAccountRecordView.swift in Sources */,
				D4BDF1251BC8E6260053966A /* MVBUserModel.swift in Sources */,
			);
			runOnlyForDeploymentPostprocessing = 0;
		};
/* End PBXSourcesBuildPhase section */

/* Begin PBXVariantGroup section */
		D4121DE71B07184400612CA3 /* Main.storyboard */ = {
			isa = PBXVariantGroup;
			children = (
				D4121DE81B07184400612CA3 /* Base */,
			);
			name = Main.storyboard;
			sourceTree = "<group>";
		};
		D4121DEC1B07184400612CA3 /* LaunchScreen.xib */ = {
			isa = PBXVariantGroup;
			children = (
				D4121DED1B07184400612CA3 /* Base */,
			);
			name = LaunchScreen.xib;
			sourceTree = "<group>";
		};
/* End PBXVariantGroup section */

/* Begin XCBuildConfiguration section */
		D4121DFB1B07184400612CA3 /* Debug */ = {
			isa = XCBuildConfiguration;
			buildSettings = {
				ALWAYS_SEARCH_USER_PATHS = NO;
				CLANG_CXX_LANGUAGE_STANDARD = "gnu++0x";
				CLANG_CXX_LIBRARY = "libc++";
				CLANG_ENABLE_MODULES = YES;
				CLANG_ENABLE_OBJC_ARC = YES;
				CLANG_WARN_BOOL_CONVERSION = YES;
				CLANG_WARN_CONSTANT_CONVERSION = YES;
				CLANG_WARN_DIRECT_OBJC_ISA_USAGE = YES_ERROR;
				CLANG_WARN_EMPTY_BODY = YES;
				CLANG_WARN_ENUM_CONVERSION = YES;
				CLANG_WARN_INT_CONVERSION = YES;
				CLANG_WARN_OBJC_ROOT_CLASS = YES_ERROR;
				CLANG_WARN_UNREACHABLE_CODE = YES;
				CLANG_WARN__DUPLICATE_METHOD_MATCH = YES;
				"CODE_SIGN_IDENTITY[sdk=iphoneos*]" = "iPhone Developer";
				COPY_PHASE_STRIP = NO;
				DEBUG_INFORMATION_FORMAT = "dwarf-with-dsym";
				ENABLE_STRICT_OBJC_MSGSEND = YES;
				ENABLE_TESTABILITY = YES;
				GCC_C_LANGUAGE_STANDARD = gnu99;
				GCC_DYNAMIC_NO_PIC = NO;
				GCC_NO_COMMON_BLOCKS = YES;
				GCC_OPTIMIZATION_LEVEL = 0;
				GCC_PREPROCESSOR_DEFINITIONS = (
					"DEBUG=1",
					"$(inherited)",
				);
				GCC_SYMBOLS_PRIVATE_EXTERN = NO;
				GCC_WARN_64_TO_32_BIT_CONVERSION = YES;
				GCC_WARN_ABOUT_RETURN_TYPE = YES_ERROR;
				GCC_WARN_UNDECLARED_SELECTOR = YES;
				GCC_WARN_UNINITIALIZED_AUTOS = YES_AGGRESSIVE;
				GCC_WARN_UNUSED_FUNCTION = YES;
				GCC_WARN_UNUSED_VARIABLE = YES;
				IPHONEOS_DEPLOYMENT_TARGET = 8.0;
				MTL_ENABLE_DEBUG_INFO = YES;
				ONLY_ACTIVE_ARCH = YES;
				SDKROOT = iphoneos;
				SWIFT_OPTIMIZATION_LEVEL = "-Onone";
			};
			name = Debug;
		};
		D4121DFC1B07184400612CA3 /* Release */ = {
			isa = XCBuildConfiguration;
			buildSettings = {
				ALWAYS_SEARCH_USER_PATHS = NO;
				CLANG_CXX_LANGUAGE_STANDARD = "gnu++0x";
				CLANG_CXX_LIBRARY = "libc++";
				CLANG_ENABLE_MODULES = YES;
				CLANG_ENABLE_OBJC_ARC = YES;
				CLANG_WARN_BOOL_CONVERSION = YES;
				CLANG_WARN_CONSTANT_CONVERSION = YES;
				CLANG_WARN_DIRECT_OBJC_ISA_USAGE = YES_ERROR;
				CLANG_WARN_EMPTY_BODY = YES;
				CLANG_WARN_ENUM_CONVERSION = YES;
				CLANG_WARN_INT_CONVERSION = YES;
				CLANG_WARN_OBJC_ROOT_CLASS = YES_ERROR;
				CLANG_WARN_UNREACHABLE_CODE = YES;
				CLANG_WARN__DUPLICATE_METHOD_MATCH = YES;
				"CODE_SIGN_IDENTITY[sdk=iphoneos*]" = "iPhone Developer";
				COPY_PHASE_STRIP = NO;
				DEBUG_INFORMATION_FORMAT = "dwarf-with-dsym";
				ENABLE_NS_ASSERTIONS = NO;
				ENABLE_STRICT_OBJC_MSGSEND = YES;
				GCC_C_LANGUAGE_STANDARD = gnu99;
				GCC_NO_COMMON_BLOCKS = YES;
				GCC_WARN_64_TO_32_BIT_CONVERSION = YES;
				GCC_WARN_ABOUT_RETURN_TYPE = YES_ERROR;
				GCC_WARN_UNDECLARED_SELECTOR = YES;
				GCC_WARN_UNINITIALIZED_AUTOS = YES_AGGRESSIVE;
				GCC_WARN_UNUSED_FUNCTION = YES;
				GCC_WARN_UNUSED_VARIABLE = YES;
				IPHONEOS_DEPLOYMENT_TARGET = 8.0;
				MTL_ENABLE_DEBUG_INFO = NO;
				SDKROOT = iphoneos;
				VALIDATE_PRODUCT = YES;
			};
			name = Release;
		};
		D4121DFE1B07184400612CA3 /* Debug */ = {
			isa = XCBuildConfiguration;
			baseConfigurationReference = 74E4AD8AB57723A8F079C50C /* Pods.debug.xcconfig */;
			buildSettings = {
				ASSETCATALOG_COMPILER_APPICON_NAME = AppIcon;
				CLANG_CXX_LIBRARY = "libc++";
				CLANG_ENABLE_MODULES = YES;
				CODE_SIGN_IDENTITY = "iPhone Developer";
				"CODE_SIGN_IDENTITY[sdk=iphoneos*]" = "iPhone Developer";
				DEBUG_INFORMATION_FORMAT = dwarf;
				DEFINES_MODULE = YES;
				ENABLE_BITCODE = NO;
				FRAMEWORK_SEARCH_PATHS = (
					"$(inherited)",
					"$(PROJECT_DIR)/vb/Utils/SDK/AVOSCloud",
				);
				GCC_PRECOMPILE_PREFIX_HEADER = YES;
				GCC_PREFIX_HEADER = "vb/vb-Prefix.pch";
				GCC_WARN_UNUSED_FUNCTION = NO;
				INFOPLIST_FILE = vb/Info.plist;
				IPHONEOS_DEPLOYMENT_TARGET = 8.0;
				LD_RUNPATH_SEARCH_PATHS = "$(inherited) @executable_path/Frameworks";
				LIBRARY_SEARCH_PATHS = "$(inherited)";
				OTHER_CFLAGS = (
					"$(inherited)",
					"-isystem",
					"\"${PODS_ROOT}/Headers/Public\"",
					"-isystem",
					"\"${PODS_ROOT}/Headers/Public/AFNetworking\"",
					"-isystem",
					"\"${PODS_ROOT}/Headers/Public/JSONModel\"",
					"-isystem",
					"\"${PODS_ROOT}/Headers/Public/MJExtension\"",
					"-isystem",
					"\"${PODS_ROOT}/Headers/Public/SDWebImage\"",
					"-isystem",
					"\"${PODS_ROOT}/Headers/Public/SVProgressHUD\"",
					"-isystem",
					"\"${PODS_ROOT}/Headers/Public/SVPullToRefresh\"",
					"-isystem",
					"\"${PODS_ROOT}/Headers/Public/UIActivityIndicator-for-SDWebImage\"",
				);
				OTHER_LDFLAGS = (
					"$(inherited)",
					"-framework",
					"\"AFNetworking\"",
					"-framework",
					"\"Cent\"",
					"-framework",
					"\"Dollar\"",
					"-framework",
					"\"FDFullscreenPopGesture\"",
					"-framework",
					"\"Kingfisher\"",
					"-framework",
					"\"MJExtension\"",
					"-framework",
					"\"MJRefresh\"",
					"-framework",
					"\"MMDrawerController\"",
					"-framework",
					"\"MQMaskController\"",
					"-framework",
					"\"SDWebImage\"",
					"-framework",
					"\"SVProgressHUD\"",
					"-framework",
					"\"SWTableViewCell\"",
				);
				PRODUCT_BUNDLE_IDENTIFIER = maquan.vb;
				PRODUCT_NAME = "$(TARGET_NAME)";
				PROVISIONING_PROFILE = "";
				SWIFT_OBJC_BRIDGING_HEADER = "vb/vb-Bridging-Header.h";
				SWIFT_OPTIMIZATION_LEVEL = "-Onone";
				VALID_ARCHS = "arm64 armv7s armv7";
			};
			name = Debug;
		};
		D4121DFF1B07184400612CA3 /* Release */ = {
			isa = XCBuildConfiguration;
			baseConfigurationReference = 68C22996EE97883205A46665 /* Pods.release.xcconfig */;
			buildSettings = {
				ASSETCATALOG_COMPILER_APPICON_NAME = AppIcon;
				CLANG_CXX_LIBRARY = "libc++";
				CLANG_ENABLE_MODULES = YES;
				CODE_SIGN_IDENTITY = "iPhone Developer";
				"CODE_SIGN_IDENTITY[sdk=iphoneos*]" = "iPhone Developer";
				DEBUG_INFORMATION_FORMAT = dwarf;
				DEFINES_MODULE = YES;
				ENABLE_BITCODE = NO;
				FRAMEWORK_SEARCH_PATHS = (
					"$(inherited)",
					"$(PROJECT_DIR)/vb/Utils/SDK/AVOSCloud",
				);
				GCC_PRECOMPILE_PREFIX_HEADER = YES;
				GCC_PREFIX_HEADER = "vb/vb-Prefix.pch";
				GCC_WARN_UNUSED_FUNCTION = NO;
				INFOPLIST_FILE = vb/Info.plist;
				IPHONEOS_DEPLOYMENT_TARGET = 8.0;
				LD_RUNPATH_SEARCH_PATHS = "$(inherited) @executable_path/Frameworks";
				LIBRARY_SEARCH_PATHS = "$(inherited)";
				OTHER_CFLAGS = (
					"$(inherited)",
					"-isystem",
					"\"${PODS_ROOT}/Headers/Public\"",
					"-isystem",
					"\"${PODS_ROOT}/Headers/Public/AFNetworking\"",
					"-isystem",
					"\"${PODS_ROOT}/Headers/Public/JSONModel\"",
					"-isystem",
					"\"${PODS_ROOT}/Headers/Public/MJExtension\"",
					"-isystem",
					"\"${PODS_ROOT}/Headers/Public/SDWebImage\"",
					"-isystem",
					"\"${PODS_ROOT}/Headers/Public/SVProgressHUD\"",
					"-isystem",
					"\"${PODS_ROOT}/Headers/Public/SVPullToRefresh\"",
					"-isystem",
					"\"${PODS_ROOT}/Headers/Public/UIActivityIndicator-for-SDWebImage\"",
				);
				OTHER_LDFLAGS = (
					"$(inherited)",
					"-framework",
					"\"AFNetworking\"",
					"-framework",
					"\"Cent\"",
					"-framework",
					"\"Dollar\"",
					"-framework",
					"\"FDFullscreenPopGesture\"",
					"-framework",
					"\"Kingfisher\"",
					"-framework",
					"\"MJExtension\"",
					"-framework",
					"\"MJRefresh\"",
					"-framework",
					"\"MMDrawerController\"",
					"-framework",
					"\"MQMaskController\"",
					"-framework",
					"\"SDWebImage\"",
					"-framework",
					"\"SVProgressHUD\"",
					"-framework",
					"\"SWTableViewCell\"",
				);
				PRODUCT_BUNDLE_IDENTIFIER = maquan.vb;
				PRODUCT_NAME = "$(TARGET_NAME)";
				PROVISIONING_PROFILE = "";
				SWIFT_OBJC_BRIDGING_HEADER = "vb/vb-Bridging-Header.h";
				VALID_ARCHS = "arm64 armv7s armv7";
			};
			name = Release;
		};
/* End XCBuildConfiguration section */

/* Begin XCConfigurationList section */
		D4121DD91B07184400612CA3 /* Build configuration list for PBXProject "vb" */ = {
			isa = XCConfigurationList;
			buildConfigurations = (
				D4121DFB1B07184400612CA3 /* Debug */,
				D4121DFC1B07184400612CA3 /* Release */,
			);
			defaultConfigurationIsVisible = 0;
			defaultConfigurationName = Release;
		};
		D4121DFD1B07184400612CA3 /* Build configuration list for PBXNativeTarget "vb" */ = {
			isa = XCConfigurationList;
			buildConfigurations = (
				D4121DFE1B07184400612CA3 /* Debug */,
				D4121DFF1B07184400612CA3 /* Release */,
			);
			defaultConfigurationIsVisible = 0;
			defaultConfigurationName = Release;
		};
/* End XCConfigurationList section */
	};
	rootObject = D4121DD61B07184400612CA3 /* Project object */;
}
