// !$*UTF8*$!
{
	archiveVersion = 1;
	classes = {
	};
	objectVersion = 46;
	objects = {

/* Begin PBXBuildFile section */
		7D34E0700242C08FBFCB39EF /* Pods_vb.framework in Frameworks */ = {isa = PBXBuildFile; fileRef = 20DFC41BD83D2C3BBCFA08A6 /* Pods_vb.framework */; };
		D40709321BB101250098867E /* NSObject_Extension.swift in Sources */ = {isa = PBXBuildFile; fileRef = D40709311BB101250098867E /* NSObject_Extension.swift */; };
		D40709361BB104F20098867E /* UIView_Extension.swift in Sources */ = {isa = PBXBuildFile; fileRef = D40709351BB104F20098867E /* UIView_Extension.swift */; };
		D4073AB01CD9FB5700E880D2 /* DrawerVisualStateCustom.swift in Sources */ = {isa = PBXBuildFile; fileRef = D4073AAF1CD9FB5700E880D2 /* DrawerVisualStateCustom.swift */; };
		D4121E791B075D9200612CA3 /* QuartzCore.framework in Frameworks */ = {isa = PBXBuildFile; fileRef = D4121E781B075D9200612CA3 /* QuartzCore.framework */; };
		D4121E7B1B075D9B00612CA3 /* ImageIO.framework in Frameworks */ = {isa = PBXBuildFile; fileRef = D4121E7A1B075D9B00612CA3 /* ImageIO.framework */; };
		D4121E7D1B075DA700612CA3 /* SystemConfiguration.framework in Frameworks */ = {isa = PBXBuildFile; fileRef = D4121E7C1B075DA700612CA3 /* SystemConfiguration.framework */; };
		D4121E7F1B075DAE00612CA3 /* Security.framework in Frameworks */ = {isa = PBXBuildFile; fileRef = D4121E7E1B075DAE00612CA3 /* Security.framework */; };
		D4121E811B075DBA00612CA3 /* CoreTelephony.framework in Frameworks */ = {isa = PBXBuildFile; fileRef = D4121E801B075DBA00612CA3 /* CoreTelephony.framework */; };
		D4121E831B075DC200612CA3 /* CoreText.framework in Frameworks */ = {isa = PBXBuildFile; fileRef = D4121E821B075DC200612CA3 /* CoreText.framework */; };
		D4121E851B075DCC00612CA3 /* UIKit.framework in Frameworks */ = {isa = PBXBuildFile; fileRef = D4121E841B075DCC00612CA3 /* UIKit.framework */; };
		D4121E871B075DD600612CA3 /* Foundation.framework in Frameworks */ = {isa = PBXBuildFile; fileRef = D4121E861B075DD600612CA3 /* Foundation.framework */; };
		D4121E891B075DDC00612CA3 /* CoreGraphics.framework in Frameworks */ = {isa = PBXBuildFile; fileRef = D4121E881B075DDC00612CA3 /* CoreGraphics.framework */; };
		D42E74311CDA1A290050A9EC /* UserInfoManange.swift in Sources */ = {isa = PBXBuildFile; fileRef = D42E74301CDA1A290050A9EC /* UserInfoManange.swift */; };
		D451DD721CDB478F0035AEE1 /* DetailBaseViewController.swift in Sources */ = {isa = PBXBuildFile; fileRef = D451DD3F1CDB478F0035AEE1 /* DetailBaseViewController.swift */; };
		D451DD731CDB478F0035AEE1 /* HomeViewController.swift in Sources */ = {isa = PBXBuildFile; fileRef = D451DD411CDB478F0035AEE1 /* HomeViewController.swift */; };
		D451DD741CDB478F0035AEE1 /* ImageTextTrack.storyboard in Resources */ = {isa = PBXBuildFile; fileRef = D451DD441CDB478F0035AEE1 /* ImageTextTrack.storyboard */; };
		D451DD751CDB478F0035AEE1 /* ImageTextTrackViewController.swift in Sources */ = {isa = PBXBuildFile; fileRef = D451DD451CDB478F0035AEE1 /* ImageTextTrackViewController.swift */; };
		D451DD761CDB478F0035AEE1 /* ImageTextTrackIdListModel.swift in Sources */ = {isa = PBXBuildFile; fileRef = D451DD471CDB478F0035AEE1 /* ImageTextTrackIdListModel.swift */; };
		D451DD771CDB478F0035AEE1 /* ImageTextTrackModel.swift in Sources */ = {isa = PBXBuildFile; fileRef = D451DD481CDB478F0035AEE1 /* ImageTextTrackModel.swift */; };
		D451DD781CDB478F0035AEE1 /* ImageTextTrack.xib in Resources */ = {isa = PBXBuildFile; fileRef = D451DD4A1CDB478F0035AEE1 /* ImageTextTrack.xib */; };
		D451DD791CDB478F0035AEE1 /* ImageTextTrackAddMenuView.swift in Sources */ = {isa = PBXBuildFile; fileRef = D451DD4B1CDB478F0035AEE1 /* ImageTextTrackAddMenuView.swift */; };
		D451DD7A1CDB478F0035AEE1 /* ImageTextTrackCell.swift in Sources */ = {isa = PBXBuildFile; fileRef = D451DD4C1CDB478F0035AEE1 /* ImageTextTrackCell.swift */; };
		D451DD7B1CDB478F0035AEE1 /* ImageTextTrackDisplayCell.swift in Sources */ = {isa = PBXBuildFile; fileRef = D451DD4D1CDB478F0035AEE1 /* ImageTextTrackDisplayCell.swift */; };
		D451DD7C1CDB478F0035AEE1 /* ImageTextTrackDisplayCell.xib in Resources */ = {isa = PBXBuildFile; fileRef = D451DD4E1CDB478F0035AEE1 /* ImageTextTrackDisplayCell.xib */; };
		D451DD7D1CDB478F0035AEE1 /* ImageTextTrackLayout.swift in Sources */ = {isa = PBXBuildFile; fileRef = D451DD4F1CDB478F0035AEE1 /* ImageTextTrackLayout.swift */; };
		D451DD7E1CDB478F0035AEE1 /* ImageTextTrackViewModel.swift in Sources */ = {isa = PBXBuildFile; fileRef = D451DD511CDB478F0035AEE1 /* ImageTextTrackViewModel.swift */; };
		D451DD7F1CDB478F0035AEE1 /* NoteTrack.storyboard in Resources */ = {isa = PBXBuildFile; fileRef = D451DD541CDB478F0035AEE1 /* NoteTrack.storyboard */; };
		D451DD801CDB478F0035AEE1 /* NoteTrackViewController.swift in Sources */ = {isa = PBXBuildFile; fileRef = D451DD551CDB478F0035AEE1 /* NoteTrackViewController.swift */; };
		D451DD811CDB478F0035AEE1 /* NoteTrackIdListModel.swift in Sources */ = {isa = PBXBuildFile; fileRef = D451DD571CDB478F0035AEE1 /* NoteTrackIdListModel.swift */; };
		D451DD821CDB478F0035AEE1 /* NoteTrackModel.swift in Sources */ = {isa = PBXBuildFile; fileRef = D451DD581CDB478F0035AEE1 /* NoteTrackModel.swift */; };
		D451DD831CDB478F0035AEE1 /* NewNoteTrackView.swift in Sources */ = {isa = PBXBuildFile; fileRef = D451DD5A1CDB478F0035AEE1 /* NewNoteTrackView.swift */; };
		D451DD841CDB478F0035AEE1 /* NewNoteTrackView.xib in Resources */ = {isa = PBXBuildFile; fileRef = D451DD5B1CDB478F0035AEE1 /* NewNoteTrackView.xib */; };
		D451DD851CDB478F0035AEE1 /* NoteTrackCell.swift in Sources */ = {isa = PBXBuildFile; fileRef = D451DD5C1CDB478F0035AEE1 /* NoteTrackCell.swift */; };
		D451DD861CDB478F0035AEE1 /* NoteTrackCell.xib in Resources */ = {isa = PBXBuildFile; fileRef = D451DD5D1CDB478F0035AEE1 /* NoteTrackCell.xib */; };
		D451DD871CDB478F0035AEE1 /* NoteTrackDetailCell.swift in Sources */ = {isa = PBXBuildFile; fileRef = D451DD5E1CDB478F0035AEE1 /* NoteTrackDetailCell.swift */; };
		D451DD881CDB478F0035AEE1 /* NoteTrackDetailCell.xib in Resources */ = {isa = PBXBuildFile; fileRef = D451DD5F1CDB478F0035AEE1 /* NoteTrackDetailCell.xib */; };
		D451DD891CDB478F0035AEE1 /* NoteTrackDetailView.swift in Sources */ = {isa = PBXBuildFile; fileRef = D451DD601CDB478F0035AEE1 /* NoteTrackDetailView.swift */; };
		D451DD8A1CDB478F0035AEE1 /* NoteTrackViewModel.swift in Sources */ = {isa = PBXBuildFile; fileRef = D451DD621CDB478F0035AEE1 /* NoteTrackViewModel.swift */; };
		D451DD8D1CDB478F0035AEE1 /* MainMenuViewControllerOperate.swift in Sources */ = {isa = PBXBuildFile; fileRef = D451DD671CDB478F0035AEE1 /* MainMenuViewControllerOperate.swift */; };
		D451DD8E1CDB478F0035AEE1 /* UserModel.swift in Sources */ = {isa = PBXBuildFile; fileRef = D451DD691CDB478F0035AEE1 /* UserModel.swift */; };
		D451DD8F1CDB478F0035AEE1 /* MainMenuView.swift in Sources */ = {isa = PBXBuildFile; fileRef = D451DD6B1CDB478F0035AEE1 /* MainMenuView.swift */; };
		D451DD901CDB478F0035AEE1 /* MainMenuView.xib in Resources */ = {isa = PBXBuildFile; fileRef = D451DD6C1CDB478F0035AEE1 /* MainMenuView.xib */; };
		D451DD911CDB478F0035AEE1 /* MainMenuViewCell.swift in Sources */ = {isa = PBXBuildFile; fileRef = D451DD6D1CDB478F0035AEE1 /* MainMenuViewCell.swift */; };
		D451DD921CDB478F0035AEE1 /* MainMenuViewCell.xib in Resources */ = {isa = PBXBuildFile; fileRef = D451DD6E1CDB478F0035AEE1 /* MainMenuViewCell.xib */; };
		D451DD931CDB478F0035AEE1 /* Setting.storyboard in Resources */ = {isa = PBXBuildFile; fileRef = D451DD701CDB478F0035AEE1 /* Setting.storyboard */; };
		D451DD941CDB478F0035AEE1 /* SettingViewController.swift in Sources */ = {isa = PBXBuildFile; fileRef = D451DD711CDB478F0035AEE1 /* SettingViewController.swift */; };
		D451DD991CDB49420035AEE1 /* Constant.swift in Sources */ = {isa = PBXBuildFile; fileRef = D451DD961CDB49420035AEE1 /* Constant.swift */; };
		D451DD9A1CDB49420035AEE1 /* AppMacroObjc.m in Sources */ = {isa = PBXBuildFile; fileRef = D451DD981CDB49420035AEE1 /* AppMacroObjc.m */; };
		D451DD9F1CDB4ADD0035AEE1 /* UIView+MQRecursiveLevelLog.m in Sources */ = {isa = PBXBuildFile; fileRef = D451DD9E1CDB4ADD0035AEE1 /* UIView+MQRecursiveLevelLog.m */; };
		D45E89841B36CD1500AFF9F8 /* LogInViewController.swift in Sources */ = {isa = PBXBuildFile; fileRef = D45E89721B36CD1500AFF9F8 /* LogInViewController.swift */; };
		D47E024D1BEF411700E34F23 /* UINavigationBar+Awesome.m in Sources */ = {isa = PBXBuildFile; fileRef = D47E024C1BEF411700E34F23 /* UINavigationBar+Awesome.m */; };
		D488BF051B28685A0050C2E2 /* AppDelegate.swift in Sources */ = {isa = PBXBuildFile; fileRef = D488BF041B28685A0050C2E2 /* AppDelegate.swift */; };
		D4AAF2C51B31B47C00350A91 /* LaunchScreen.xib in Resources */ = {isa = PBXBuildFile; fileRef = D4121DEC1B07184400612CA3 /* LaunchScreen.xib */; };
		D4AAF2C61B31B47C00350A91 /* Main.storyboard in Resources */ = {isa = PBXBuildFile; fileRef = D4121DE71B07184400612CA3 /* Main.storyboard */; };
		D4B679B91BB4ED3D002E7B32 /* UIWindow_Extension.swift in Sources */ = {isa = PBXBuildFile; fileRef = D4B679B81BB4ED3D002E7B32 /* UIWindow_Extension.swift */; };
		D4B679BB1BB4EDC1002E7B32 /* UIScreen_Extension.swift in Sources */ = {isa = PBXBuildFile; fileRef = D4B679BA1BB4EDC1002E7B32 /* UIScreen_Extension.swift */; };
		D4B712F31BAFC6D200166806 /* AVOSCloud.framework in Frameworks */ = {isa = PBXBuildFile; fileRef = D4B712F21BAFC6D200166806 /* AVOSCloud.framework */; };
		D4B712F51BAFC72900166806 /* libsqlite3.tbd in Frameworks */ = {isa = PBXBuildFile; fileRef = D4B712F41BAFC72900166806 /* libsqlite3.tbd */; };
		D4B712F71BAFC77200166806 /* libicucore.tbd in Frameworks */ = {isa = PBXBuildFile; fileRef = D4B712F61BAFC77200166806 /* libicucore.tbd */; };
		D4C5B5B51CD9D88E00C8E7CB /* RootViewController.swift in Sources */ = {isa = PBXBuildFile; fileRef = D4C5B5B41CD9D88E00C8E7CB /* RootViewController.swift */; };
		D4C5B5B81CD9E14300C8E7CB /* DrawerController.swift in Sources */ = {isa = PBXBuildFile; fileRef = D4C5B5B71CD9E14300C8E7CB /* DrawerController.swift */; };
		D4E17B4C1B286A7F00228B4A /* Images.xcassets in Resources */ = {isa = PBXBuildFile; fileRef = D4E17B4B1B286A7F00228B4A /* Images.xcassets */; };
		D4E48EBF1BB6388F0042FC74 /* Photos.xcassets in Resources */ = {isa = PBXBuildFile; fileRef = D4E48EBE1BB6388F0042FC74 /* Photos.xcassets */; };
		D4E903331BB1514000D5907D /* UILabel_Extension.swift in Sources */ = {isa = PBXBuildFile; fileRef = D4E903321BB1514000D5907D /* UILabel_Extension.swift */; };
		D4F01F4E1BE751730057CCEE /* MQPictureBrowserView.swift in Sources */ = {isa = PBXBuildFile; fileRef = D4F01F4D1BE751730057CCEE /* MQPictureBrowserView.swift */; };
		D4F01F501BE7530D0057CCEE /* MQPictureBrowserView.xib in Resources */ = {isa = PBXBuildFile; fileRef = D4F01F4F1BE7530D0057CCEE /* MQPictureBrowserView.xib */; };
		D4F36EAE1BC6C227006DCF94 /* MQPictureBrowserCell.swift in Sources */ = {isa = PBXBuildFile; fileRef = D4F36EAC1BC6C227006DCF94 /* MQPictureBrowserCell.swift */; };
		D4F36EAF1BC6C227006DCF94 /* MQPictureBrowserController.swift in Sources */ = {isa = PBXBuildFile; fileRef = D4F36EAD1BC6C227006DCF94 /* MQPictureBrowserController.swift */; };
/* End PBXBuildFile section */

/* Begin PBXCopyFilesBuildPhase section */
		D4B337D21BA68E74005F88BD /* Embed Frameworks */ = {
			isa = PBXCopyFilesBuildPhase;
			buildActionMask = 2147483647;
			dstPath = "";
			dstSubfolderSpec = 10;
			files = (
			);
			name = "Embed Frameworks";
			runOnlyForDeploymentPostprocessing = 0;
		};
/* End PBXCopyFilesBuildPhase section */

/* Begin PBXFileReference section */
		20DFC41BD83D2C3BBCFA08A6 /* Pods_vb.framework */ = {isa = PBXFileReference; explicitFileType = wrapper.framework; includeInIndex = 0; path = Pods_vb.framework; sourceTree = BUILT_PRODUCTS_DIR; };
		68916BCF18B0690F8F2180BF /* Pods.framework */ = {isa = PBXFileReference; explicitFileType = wrapper.framework; includeInIndex = 0; path = Pods.framework; sourceTree = BUILT_PRODUCTS_DIR; };
		68C22996EE97883205A46665 /* Pods.release.xcconfig */ = {isa = PBXFileReference; includeInIndex = 1; lastKnownFileType = text.xcconfig; name = Pods.release.xcconfig; path = "Pods/Target Support Files/Pods/Pods.release.xcconfig"; sourceTree = "<group>"; };
		74E4AD8AB57723A8F079C50C /* Pods.debug.xcconfig */ = {isa = PBXFileReference; includeInIndex = 1; lastKnownFileType = text.xcconfig; name = Pods.debug.xcconfig; path = "Pods/Target Support Files/Pods/Pods.debug.xcconfig"; sourceTree = "<group>"; };
		9B10884A75F664EEDB106C2D /* Pods-vb.debug.xcconfig */ = {isa = PBXFileReference; includeInIndex = 1; lastKnownFileType = text.xcconfig; name = "Pods-vb.debug.xcconfig"; path = "Pods/Target Support Files/Pods-vb/Pods-vb.debug.xcconfig"; sourceTree = "<group>"; };
		9EB03327E890D0BE38B41628 /* Pods-vb.release.xcconfig */ = {isa = PBXFileReference; includeInIndex = 1; lastKnownFileType = text.xcconfig; name = "Pods-vb.release.xcconfig"; path = "Pods/Target Support Files/Pods-vb/Pods-vb.release.xcconfig"; sourceTree = "<group>"; };
		D40709311BB101250098867E /* NSObject_Extension.swift */ = {isa = PBXFileReference; fileEncoding = 4; lastKnownFileType = sourcecode.swift; path = NSObject_Extension.swift; sourceTree = "<group>"; };
		D40709351BB104F20098867E /* UIView_Extension.swift */ = {isa = PBXFileReference; fileEncoding = 4; lastKnownFileType = sourcecode.swift; path = UIView_Extension.swift; sourceTree = "<group>"; };
		D4073AAF1CD9FB5700E880D2 /* DrawerVisualStateCustom.swift */ = {isa = PBXFileReference; fileEncoding = 4; lastKnownFileType = sourcecode.swift; path = DrawerVisualStateCustom.swift; sourceTree = "<group>"; };
		D4121DDE1B07184400612CA3 /* vb.app */ = {isa = PBXFileReference; explicitFileType = wrapper.application; includeInIndex = 0; path = vb.app; sourceTree = BUILT_PRODUCTS_DIR; };
		D4121DE21B07184400612CA3 /* Info.plist */ = {isa = PBXFileReference; lastKnownFileType = text.plist.xml; path = Info.plist; sourceTree = "<group>"; };
		D4121DE81B07184400612CA3 /* Base */ = {isa = PBXFileReference; lastKnownFileType = file.storyboard; name = Base; path = Base.lproj/Main.storyboard; sourceTree = "<group>"; };
		D4121DED1B07184400612CA3 /* Base */ = {isa = PBXFileReference; lastKnownFileType = file.xib; name = Base; path = Base.lproj/LaunchScreen.xib; sourceTree = "<group>"; };
		D4121DF81B07184400612CA3 /* Info.plist */ = {isa = PBXFileReference; lastKnownFileType = text.plist.xml; path = Info.plist; sourceTree = "<group>"; };
		D4121DF91B07184400612CA3 /* vbTests.swift */ = {isa = PBXFileReference; lastKnownFileType = sourcecode.swift; path = vbTests.swift; sourceTree = "<group>"; };
		D4121E781B075D9200612CA3 /* QuartzCore.framework */ = {isa = PBXFileReference; lastKnownFileType = wrapper.framework; name = QuartzCore.framework; path = System/Library/Frameworks/QuartzCore.framework; sourceTree = SDKROOT; };
		D4121E7A1B075D9B00612CA3 /* ImageIO.framework */ = {isa = PBXFileReference; lastKnownFileType = wrapper.framework; name = ImageIO.framework; path = System/Library/Frameworks/ImageIO.framework; sourceTree = SDKROOT; };
		D4121E7C1B075DA700612CA3 /* SystemConfiguration.framework */ = {isa = PBXFileReference; lastKnownFileType = wrapper.framework; name = SystemConfiguration.framework; path = System/Library/Frameworks/SystemConfiguration.framework; sourceTree = SDKROOT; };
		D4121E7E1B075DAE00612CA3 /* Security.framework */ = {isa = PBXFileReference; lastKnownFileType = wrapper.framework; name = Security.framework; path = System/Library/Frameworks/Security.framework; sourceTree = SDKROOT; };
		D4121E801B075DBA00612CA3 /* CoreTelephony.framework */ = {isa = PBXFileReference; lastKnownFileType = wrapper.framework; name = CoreTelephony.framework; path = System/Library/Frameworks/CoreTelephony.framework; sourceTree = SDKROOT; };
		D4121E821B075DC200612CA3 /* CoreText.framework */ = {isa = PBXFileReference; lastKnownFileType = wrapper.framework; name = CoreText.framework; path = System/Library/Frameworks/CoreText.framework; sourceTree = SDKROOT; };
		D4121E841B075DCC00612CA3 /* UIKit.framework */ = {isa = PBXFileReference; lastKnownFileType = wrapper.framework; name = UIKit.framework; path = System/Library/Frameworks/UIKit.framework; sourceTree = SDKROOT; };
		D4121E861B075DD600612CA3 /* Foundation.framework */ = {isa = PBXFileReference; lastKnownFileType = wrapper.framework; name = Foundation.framework; path = System/Library/Frameworks/Foundation.framework; sourceTree = SDKROOT; };
		D4121E881B075DDC00612CA3 /* CoreGraphics.framework */ = {isa = PBXFileReference; lastKnownFileType = wrapper.framework; name = CoreGraphics.framework; path = System/Library/Frameworks/CoreGraphics.framework; sourceTree = SDKROOT; };
		D42E74301CDA1A290050A9EC /* UserInfoManange.swift */ = {isa = PBXFileReference; fileEncoding = 4; lastKnownFileType = sourcecode.swift; path = UserInfoManange.swift; sourceTree = "<group>"; };
		D451DD3F1CDB478F0035AEE1 /* DetailBaseViewController.swift */ = {isa = PBXFileReference; fileEncoding = 4; lastKnownFileType = sourcecode.swift; path = DetailBaseViewController.swift; sourceTree = "<group>"; };
		D451DD411CDB478F0035AEE1 /* HomeViewController.swift */ = {isa = PBXFileReference; fileEncoding = 4; lastKnownFileType = sourcecode.swift; path = HomeViewController.swift; sourceTree = "<group>"; };
		D451DD441CDB478F0035AEE1 /* ImageTextTrack.storyboard */ = {isa = PBXFileReference; fileEncoding = 4; lastKnownFileType = file.storyboard; path = ImageTextTrack.storyboard; sourceTree = "<group>"; };
		D451DD451CDB478F0035AEE1 /* ImageTextTrackViewController.swift */ = {isa = PBXFileReference; fileEncoding = 4; lastKnownFileType = sourcecode.swift; path = ImageTextTrackViewController.swift; sourceTree = "<group>"; };
		D451DD471CDB478F0035AEE1 /* ImageTextTrackIdListModel.swift */ = {isa = PBXFileReference; fileEncoding = 4; lastKnownFileType = sourcecode.swift; path = ImageTextTrackIdListModel.swift; sourceTree = "<group>"; };
		D451DD481CDB478F0035AEE1 /* ImageTextTrackModel.swift */ = {isa = PBXFileReference; fileEncoding = 4; lastKnownFileType = sourcecode.swift; path = ImageTextTrackModel.swift; sourceTree = "<group>"; };
		D451DD4A1CDB478F0035AEE1 /* ImageTextTrack.xib */ = {isa = PBXFileReference; fileEncoding = 4; lastKnownFileType = file.xib; path = ImageTextTrack.xib; sourceTree = "<group>"; };
		D451DD4B1CDB478F0035AEE1 /* ImageTextTrackAddMenuView.swift */ = {isa = PBXFileReference; fileEncoding = 4; lastKnownFileType = sourcecode.swift; path = ImageTextTrackAddMenuView.swift; sourceTree = "<group>"; };
		D451DD4C1CDB478F0035AEE1 /* ImageTextTrackCell.swift */ = {isa = PBXFileReference; fileEncoding = 4; lastKnownFileType = sourcecode.swift; path = ImageTextTrackCell.swift; sourceTree = "<group>"; };
		D451DD4D1CDB478F0035AEE1 /* ImageTextTrackDisplayCell.swift */ = {isa = PBXFileReference; fileEncoding = 4; lastKnownFileType = sourcecode.swift; path = ImageTextTrackDisplayCell.swift; sourceTree = "<group>"; };
		D451DD4E1CDB478F0035AEE1 /* ImageTextTrackDisplayCell.xib */ = {isa = PBXFileReference; fileEncoding = 4; lastKnownFileType = file.xib; path = ImageTextTrackDisplayCell.xib; sourceTree = "<group>"; };
		D451DD4F1CDB478F0035AEE1 /* ImageTextTrackLayout.swift */ = {isa = PBXFileReference; fileEncoding = 4; lastKnownFileType = sourcecode.swift; path = ImageTextTrackLayout.swift; sourceTree = "<group>"; };
		D451DD511CDB478F0035AEE1 /* ImageTextTrackViewModel.swift */ = {isa = PBXFileReference; fileEncoding = 4; lastKnownFileType = sourcecode.swift; path = ImageTextTrackViewModel.swift; sourceTree = "<group>"; };
		D451DD541CDB478F0035AEE1 /* NoteTrack.storyboard */ = {isa = PBXFileReference; fileEncoding = 4; lastKnownFileType = file.storyboard; path = NoteTrack.storyboard; sourceTree = "<group>"; };
		D451DD551CDB478F0035AEE1 /* NoteTrackViewController.swift */ = {isa = PBXFileReference; fileEncoding = 4; lastKnownFileType = sourcecode.swift; path = NoteTrackViewController.swift; sourceTree = "<group>"; };
		D451DD571CDB478F0035AEE1 /* NoteTrackIdListModel.swift */ = {isa = PBXFileReference; fileEncoding = 4; lastKnownFileType = sourcecode.swift; path = NoteTrackIdListModel.swift; sourceTree = "<group>"; };
		D451DD581CDB478F0035AEE1 /* NoteTrackModel.swift */ = {isa = PBXFileReference; fileEncoding = 4; lastKnownFileType = sourcecode.swift; path = NoteTrackModel.swift; sourceTree = "<group>"; };
		D451DD5A1CDB478F0035AEE1 /* NewNoteTrackView.swift */ = {isa = PBXFileReference; fileEncoding = 4; lastKnownFileType = sourcecode.swift; path = NewNoteTrackView.swift; sourceTree = "<group>"; };
		D451DD5B1CDB478F0035AEE1 /* NewNoteTrackView.xib */ = {isa = PBXFileReference; fileEncoding = 4; lastKnownFileType = file.xib; path = NewNoteTrackView.xib; sourceTree = "<group>"; };
		D451DD5C1CDB478F0035AEE1 /* NoteTrackCell.swift */ = {isa = PBXFileReference; fileEncoding = 4; lastKnownFileType = sourcecode.swift; path = NoteTrackCell.swift; sourceTree = "<group>"; };
		D451DD5D1CDB478F0035AEE1 /* NoteTrackCell.xib */ = {isa = PBXFileReference; fileEncoding = 4; lastKnownFileType = file.xib; path = NoteTrackCell.xib; sourceTree = "<group>"; };
		D451DD5E1CDB478F0035AEE1 /* NoteTrackDetailCell.swift */ = {isa = PBXFileReference; fileEncoding = 4; lastKnownFileType = sourcecode.swift; path = NoteTrackDetailCell.swift; sourceTree = "<group>"; };
		D451DD5F1CDB478F0035AEE1 /* NoteTrackDetailCell.xib */ = {isa = PBXFileReference; fileEncoding = 4; lastKnownFileType = file.xib; path = NoteTrackDetailCell.xib; sourceTree = "<group>"; };
		D451DD601CDB478F0035AEE1 /* NoteTrackDetailView.swift */ = {isa = PBXFileReference; fileEncoding = 4; lastKnownFileType = sourcecode.swift; path = NoteTrackDetailView.swift; sourceTree = "<group>"; };
		D451DD621CDB478F0035AEE1 /* NoteTrackViewModel.swift */ = {isa = PBXFileReference; fileEncoding = 4; lastKnownFileType = sourcecode.swift; path = NoteTrackViewModel.swift; sourceTree = "<group>"; };
		D451DD671CDB478F0035AEE1 /* MainMenuViewControllerOperate.swift */ = {isa = PBXFileReference; fileEncoding = 4; lastKnownFileType = sourcecode.swift; path = MainMenuViewControllerOperate.swift; sourceTree = "<group>"; };
		D451DD691CDB478F0035AEE1 /* UserModel.swift */ = {isa = PBXFileReference; fileEncoding = 4; lastKnownFileType = sourcecode.swift; path = UserModel.swift; sourceTree = "<group>"; };
		D451DD6B1CDB478F0035AEE1 /* MainMenuView.swift */ = {isa = PBXFileReference; fileEncoding = 4; lastKnownFileType = sourcecode.swift; path = MainMenuView.swift; sourceTree = "<group>"; };
		D451DD6C1CDB478F0035AEE1 /* MainMenuView.xib */ = {isa = PBXFileReference; fileEncoding = 4; lastKnownFileType = file.xib; path = MainMenuView.xib; sourceTree = "<group>"; };
		D451DD6D1CDB478F0035AEE1 /* MainMenuViewCell.swift */ = {isa = PBXFileReference; fileEncoding = 4; lastKnownFileType = sourcecode.swift; path = MainMenuViewCell.swift; sourceTree = "<group>"; };
		D451DD6E1CDB478F0035AEE1 /* MainMenuViewCell.xib */ = {isa = PBXFileReference; fileEncoding = 4; lastKnownFileType = file.xib; path = MainMenuViewCell.xib; sourceTree = "<group>"; };
		D451DD701CDB478F0035AEE1 /* Setting.storyboard */ = {isa = PBXFileReference; fileEncoding = 4; lastKnownFileType = file.storyboard; path = Setting.storyboard; sourceTree = "<group>"; };
		D451DD711CDB478F0035AEE1 /* SettingViewController.swift */ = {isa = PBXFileReference; fileEncoding = 4; lastKnownFileType = sourcecode.swift; path = SettingViewController.swift; sourceTree = "<group>"; };
		D451DD961CDB49420035AEE1 /* Constant.swift */ = {isa = PBXFileReference; fileEncoding = 4; lastKnownFileType = sourcecode.swift; path = Constant.swift; sourceTree = "<group>"; };
		D451DD971CDB49420035AEE1 /* AppMacroObjc.h */ = {isa = PBXFileReference; fileEncoding = 4; lastKnownFileType = sourcecode.c.h; path = AppMacroObjc.h; sourceTree = "<group>"; };
		D451DD981CDB49420035AEE1 /* AppMacroObjc.m */ = {isa = PBXFileReference; fileEncoding = 4; lastKnownFileType = sourcecode.c.objc; path = AppMacroObjc.m; sourceTree = "<group>"; };
		D451DD9D1CDB4ADD0035AEE1 /* UIView+MQRecursiveLevelLog.h */ = {isa = PBXFileReference; fileEncoding = 4; lastKnownFileType = sourcecode.c.h; path = "UIView+MQRecursiveLevelLog.h"; sourceTree = "<group>"; };
		D451DD9E1CDB4ADD0035AEE1 /* UIView+MQRecursiveLevelLog.m */ = {isa = PBXFileReference; fileEncoding = 4; lastKnownFileType = sourcecode.c.objc; path = "UIView+MQRecursiveLevelLog.m"; sourceTree = "<group>"; };
		D45E89721B36CD1500AFF9F8 /* LogInViewController.swift */ = {isa = PBXFileReference; fileEncoding = 4; lastKnownFileType = sourcecode.swift; path = LogInViewController.swift; sourceTree = "<group>"; };
		D46C6CB31B10273400EA9FF6 /* vb-Prefix.pch */ = {isa = PBXFileReference; fileEncoding = 4; lastKnownFileType = sourcecode.c.h; name = "vb-Prefix.pch"; path = "vb/vb-Prefix.pch"; sourceTree = "<group>"; };
		D46EFAFE1BA5CF3200DB73BE /* vb-Bridging-Header.h */ = {isa = PBXFileReference; lastKnownFileType = sourcecode.c.h; name = "vb-Bridging-Header.h"; path = "vb/vb-Bridging-Header.h"; sourceTree = "<group>"; };
		D47E024B1BEF411700E34F23 /* UINavigationBar+Awesome.h */ = {isa = PBXFileReference; fileEncoding = 4; lastKnownFileType = sourcecode.c.h; path = "UINavigationBar+Awesome.h"; sourceTree = "<group>"; };
		D47E024C1BEF411700E34F23 /* UINavigationBar+Awesome.m */ = {isa = PBXFileReference; fileEncoding = 4; lastKnownFileType = sourcecode.c.objc; path = "UINavigationBar+Awesome.m"; sourceTree = "<group>"; };
		D488BF041B28685A0050C2E2 /* AppDelegate.swift */ = {isa = PBXFileReference; fileEncoding = 4; lastKnownFileType = sourcecode.swift; path = AppDelegate.swift; sourceTree = "<group>"; };
		D4B679B81BB4ED3D002E7B32 /* UIWindow_Extension.swift */ = {isa = PBXFileReference; fileEncoding = 4; lastKnownFileType = sourcecode.swift; path = UIWindow_Extension.swift; sourceTree = "<group>"; };
		D4B679BA1BB4EDC1002E7B32 /* UIScreen_Extension.swift */ = {isa = PBXFileReference; fileEncoding = 4; lastKnownFileType = sourcecode.swift; path = UIScreen_Extension.swift; sourceTree = "<group>"; };
		D4B712F21BAFC6D200166806 /* AVOSCloud.framework */ = {isa = PBXFileReference; lastKnownFileType = wrapper.framework; path = AVOSCloud.framework; sourceTree = "<group>"; };
		D4B712F41BAFC72900166806 /* libsqlite3.tbd */ = {isa = PBXFileReference; lastKnownFileType = "sourcecode.text-based-dylib-definition"; name = libsqlite3.tbd; path = usr/lib/libsqlite3.tbd; sourceTree = SDKROOT; };
		D4B712F61BAFC77200166806 /* libicucore.tbd */ = {isa = PBXFileReference; lastKnownFileType = "sourcecode.text-based-dylib-definition"; name = libicucore.tbd; path = usr/lib/libicucore.tbd; sourceTree = SDKROOT; };
		D4C5B5B41CD9D88E00C8E7CB /* RootViewController.swift */ = {isa = PBXFileReference; fileEncoding = 4; lastKnownFileType = sourcecode.swift; path = RootViewController.swift; sourceTree = "<group>"; };
		D4C5B5B71CD9E14300C8E7CB /* DrawerController.swift */ = {isa = PBXFileReference; fileEncoding = 4; lastKnownFileType = sourcecode.swift; path = DrawerController.swift; sourceTree = "<group>"; };
		D4E17B4B1B286A7F00228B4A /* Images.xcassets */ = {isa = PBXFileReference; lastKnownFileType = folder.assetcatalog; path = Images.xcassets; sourceTree = "<group>"; };
		D4E48EBE1BB6388F0042FC74 /* Photos.xcassets */ = {isa = PBXFileReference; lastKnownFileType = folder.assetcatalog; path = Photos.xcassets; sourceTree = "<group>"; };
		D4E903321BB1514000D5907D /* UILabel_Extension.swift */ = {isa = PBXFileReference; fileEncoding = 4; lastKnownFileType = sourcecode.swift; path = UILabel_Extension.swift; sourceTree = "<group>"; };
		D4F01F4D1BE751730057CCEE /* MQPictureBrowserView.swift */ = {isa = PBXFileReference; fileEncoding = 4; lastKnownFileType = sourcecode.swift; path = MQPictureBrowserView.swift; sourceTree = "<group>"; };
		D4F01F4F1BE7530D0057CCEE /* MQPictureBrowserView.xib */ = {isa = PBXFileReference; fileEncoding = 4; lastKnownFileType = file.xib; path = MQPictureBrowserView.xib; sourceTree = "<group>"; };
		D4F36EAC1BC6C227006DCF94 /* MQPictureBrowserCell.swift */ = {isa = PBXFileReference; fileEncoding = 4; lastKnownFileType = sourcecode.swift; path = MQPictureBrowserCell.swift; sourceTree = "<group>"; };
		D4F36EAD1BC6C227006DCF94 /* MQPictureBrowserController.swift */ = {isa = PBXFileReference; fileEncoding = 4; lastKnownFileType = sourcecode.swift; path = MQPictureBrowserController.swift; sourceTree = "<group>"; };
/* End PBXFileReference section */

/* Begin PBXFrameworksBuildPhase section */
		D4121DDB1B07184400612CA3 /* Frameworks */ = {
			isa = PBXFrameworksBuildPhase;
			buildActionMask = 2147483647;
			files = (
				D4B712F71BAFC77200166806 /* libicucore.tbd in Frameworks */,
				D4B712F51BAFC72900166806 /* libsqlite3.tbd in Frameworks */,
				D4121E891B075DDC00612CA3 /* CoreGraphics.framework in Frameworks */,
				D4121E871B075DD600612CA3 /* Foundation.framework in Frameworks */,
				D4121E851B075DCC00612CA3 /* UIKit.framework in Frameworks */,
				D4121E831B075DC200612CA3 /* CoreText.framework in Frameworks */,
				D4B712F31BAFC6D200166806 /* AVOSCloud.framework in Frameworks */,
				D4121E811B075DBA00612CA3 /* CoreTelephony.framework in Frameworks */,
				D4121E7F1B075DAE00612CA3 /* Security.framework in Frameworks */,
				D4121E7D1B075DA700612CA3 /* SystemConfiguration.framework in Frameworks */,
				D4121E7B1B075D9B00612CA3 /* ImageIO.framework in Frameworks */,
				D4121E791B075D9200612CA3 /* QuartzCore.framework in Frameworks */,
				7D34E0700242C08FBFCB39EF /* Pods_vb.framework in Frameworks */,
			);
			runOnlyForDeploymentPostprocessing = 0;
		};
/* End PBXFrameworksBuildPhase section */

/* Begin PBXGroup section */
		9114F6F747F82872356B1F1F /* Frameworks */ = {
			isa = PBXGroup;
			children = (
				D4B712F61BAFC77200166806 /* libicucore.tbd */,
				D4B712F41BAFC72900166806 /* libsqlite3.tbd */,
				D4121E881B075DDC00612CA3 /* CoreGraphics.framework */,
				D4121E861B075DD600612CA3 /* Foundation.framework */,
				D4121E841B075DCC00612CA3 /* UIKit.framework */,
				D4121E821B075DC200612CA3 /* CoreText.framework */,
				D4121E801B075DBA00612CA3 /* CoreTelephony.framework */,
				D4121E7E1B075DAE00612CA3 /* Security.framework */,
				D4121E7C1B075DA700612CA3 /* SystemConfiguration.framework */,
				D4121E7A1B075D9B00612CA3 /* ImageIO.framework */,
				D4121E781B075D9200612CA3 /* QuartzCore.framework */,
				68916BCF18B0690F8F2180BF /* Pods.framework */,
				20DFC41BD83D2C3BBCFA08A6 /* Pods_vb.framework */,
			);
			name = Frameworks;
			sourceTree = "<group>";
		};
		D40709301BB100FA0098867E /* Extension */ = {
			isa = PBXGroup;
			children = (
				D40709311BB101250098867E /* NSObject_Extension.swift */,
				D4E903321BB1514000D5907D /* UILabel_Extension.swift */,
				D40709351BB104F20098867E /* UIView_Extension.swift */,
				D4B679B81BB4ED3D002E7B32 /* UIWindow_Extension.swift */,
				D4B679BA1BB4EDC1002E7B32 /* UIScreen_Extension.swift */,
			);
			path = Extension;
			sourceTree = "<group>";
		};
		D4121DD51B07184400612CA3 = {
			isa = PBXGroup;
			children = (
				D4121DE01B07184400612CA3 /* vb */,
				D46C6CB31B10273400EA9FF6 /* vb-Prefix.pch */,
				D46EFAFE1BA5CF3200DB73BE /* vb-Bridging-Header.h */,
				D4121DF61B07184400612CA3 /* vbTests */,
				D4121DDF1B07184400612CA3 /* Products */,
				9114F6F747F82872356B1F1F /* Frameworks */,
				FC9F7212BF61B2CF41494C5F /* Pods */,
			);
			sourceTree = "<group>";
		};
		D4121DDF1B07184400612CA3 /* Products */ = {
			isa = PBXGroup;
			children = (
				D4121DDE1B07184400612CA3 /* vb.app */,
			);
			name = Products;
			sourceTree = "<group>";
		};
		D4121DE01B07184400612CA3 /* vb */ = {
			isa = PBXGroup;
			children = (
				D488BF031B28685A0050C2E2 /* AppDelegate */,
				D45E89701B36CD1500AFF9F8 /* Modules */,
				D451DD951CDB49420035AEE1 /* Universal */,
				D41C7FF91B1BEF2600987D42 /* Utils */,
				D4E17B4A1B286A6300228B4A /* Resources */,
				D4121DE11B07184400612CA3 /* Supporting Files */,
			);
			path = vb;
			sourceTree = "<group>";
		};
		D4121DE11B07184400612CA3 /* Supporting Files */ = {
			isa = PBXGroup;
			children = (
				D4121DE71B07184400612CA3 /* Main.storyboard */,
				D4121DEC1B07184400612CA3 /* LaunchScreen.xib */,
				D4121DE21B07184400612CA3 /* Info.plist */,
			);
			name = "Supporting Files";
			sourceTree = "<group>";
		};
		D4121DF61B07184400612CA3 /* vbTests */ = {
			isa = PBXGroup;
			children = (
				D4121DF91B07184400612CA3 /* vbTests.swift */,
				D4121DF71B07184400612CA3 /* Supporting Files */,
			);
			path = vbTests;
			sourceTree = "<group>";
		};
		D4121DF71B07184400612CA3 /* Supporting Files */ = {
			isa = PBXGroup;
			children = (
				D4121DF81B07184400612CA3 /* Info.plist */,
			);
			name = "Supporting Files";
			sourceTree = "<group>";
		};
		D41C7FF91B1BEF2600987D42 /* Utils */ = {
			isa = PBXGroup;
			children = (
				D40709301BB100FA0098867E /* Extension */,
				D451DD9C1CDB4ADD0035AEE1 /* Category */,
				D41C7FFA1B1BEF2600987D42 /* Library */,
				D41C80021B1BEF2600987D42 /* SDK */,
			);
			path = Utils;
			sourceTree = "<group>";
		};
		D41C7FFA1B1BEF2600987D42 /* Library */ = {
			isa = PBXGroup;
			children = (
				D47E024A1BEF411700E34F23 /* AwsomeNavigationBar */,
				D4F36EAB1BC6C227006DCF94 /* MQPictureBrowser */,
			);
			path = Library;
			sourceTree = "<group>";
		};
		D41C80021B1BEF2600987D42 /* SDK */ = {
			isa = PBXGroup;
			children = (
				D4B712F11BAFC6D200166806 /* AVOSCloud */,
			);
			path = SDK;
			sourceTree = "<group>";
		};
		D451DD3E1CDB478F0035AEE1 /* DetailMenu */ = {
			isa = PBXGroup;
			children = (
				D451DD3F1CDB478F0035AEE1 /* DetailBaseViewController.swift */,
				D451DD401CDB478F0035AEE1 /* Home */,
				D451DD521CDB478F0035AEE1 /* NoteTrack */,
				D451DD421CDB478F0035AEE1 /* ImageTextTrack */,
			);
			path = DetailMenu;
			sourceTree = "<group>";
		};
		D451DD401CDB478F0035AEE1 /* Home */ = {
			isa = PBXGroup;
			children = (
				D451DD411CDB478F0035AEE1 /* HomeViewController.swift */,
			);
			path = Home;
			sourceTree = "<group>";
		};
		D451DD421CDB478F0035AEE1 /* ImageTextTrack */ = {
			isa = PBXGroup;
			children = (
				D451DD431CDB478F0035AEE1 /* Controller */,
				D451DD501CDB478F0035AEE1 /* ViewModel */,
				D451DD491CDB478F0035AEE1 /* View */,
				D451DD461CDB478F0035AEE1 /* Model */,
			);
			path = ImageTextTrack;
			sourceTree = "<group>";
		};
		D451DD431CDB478F0035AEE1 /* Controller */ = {
			isa = PBXGroup;
			children = (
				D451DD451CDB478F0035AEE1 /* ImageTextTrackViewController.swift */,
				D451DD441CDB478F0035AEE1 /* ImageTextTrack.storyboard */,
			);
			path = Controller;
			sourceTree = "<group>";
		};
		D451DD461CDB478F0035AEE1 /* Model */ = {
			isa = PBXGroup;
			children = (
				D451DD471CDB478F0035AEE1 /* ImageTextTrackIdListModel.swift */,
				D451DD481CDB478F0035AEE1 /* ImageTextTrackModel.swift */,
			);
			path = Model;
			sourceTree = "<group>";
		};
		D451DD491CDB478F0035AEE1 /* View */ = {
			isa = PBXGroup;
			children = (
				D451DD4A1CDB478F0035AEE1 /* ImageTextTrack.xib */,
				D451DD4B1CDB478F0035AEE1 /* ImageTextTrackAddMenuView.swift */,
				D451DD4C1CDB478F0035AEE1 /* ImageTextTrackCell.swift */,
				D451DD4D1CDB478F0035AEE1 /* ImageTextTrackDisplayCell.swift */,
				D451DD4E1CDB478F0035AEE1 /* ImageTextTrackDisplayCell.xib */,
				D451DD4F1CDB478F0035AEE1 /* ImageTextTrackLayout.swift */,
			);
			path = View;
			sourceTree = "<group>";
		};
		D451DD501CDB478F0035AEE1 /* ViewModel */ = {
			isa = PBXGroup;
			children = (
				D451DD511CDB478F0035AEE1 /* ImageTextTrackViewModel.swift */,
			);
			path = ViewModel;
			sourceTree = "<group>";
		};
		D451DD521CDB478F0035AEE1 /* NoteTrack */ = {
			isa = PBXGroup;
			children = (
				D451DD531CDB478F0035AEE1 /* Controller */,
				D451DD611CDB478F0035AEE1 /* ViewModel */,
				D451DD591CDB478F0035AEE1 /* View */,
				D451DD561CDB478F0035AEE1 /* Model */,
			);
			path = NoteTrack;
			sourceTree = "<group>";
		};
		D451DD531CDB478F0035AEE1 /* Controller */ = {
			isa = PBXGroup;
			children = (
				D451DD551CDB478F0035AEE1 /* NoteTrackViewController.swift */,
				D451DD541CDB478F0035AEE1 /* NoteTrack.storyboard */,
			);
			path = Controller;
			sourceTree = "<group>";
		};
		D451DD561CDB478F0035AEE1 /* Model */ = {
			isa = PBXGroup;
			children = (
				D451DD571CDB478F0035AEE1 /* NoteTrackIdListModel.swift */,
				D451DD581CDB478F0035AEE1 /* NoteTrackModel.swift */,
			);
			path = Model;
			sourceTree = "<group>";
		};
		D451DD591CDB478F0035AEE1 /* View */ = {
			isa = PBXGroup;
			children = (
				D451DD5A1CDB478F0035AEE1 /* NewNoteTrackView.swift */,
				D451DD5B1CDB478F0035AEE1 /* NewNoteTrackView.xib */,
				D451DD5C1CDB478F0035AEE1 /* NoteTrackCell.swift */,
				D451DD5D1CDB478F0035AEE1 /* NoteTrackCell.xib */,
				D451DD5E1CDB478F0035AEE1 /* NoteTrackDetailCell.swift */,
				D451DD5F1CDB478F0035AEE1 /* NoteTrackDetailCell.xib */,
				D451DD601CDB478F0035AEE1 /* NoteTrackDetailView.swift */,
			);
			path = View;
			sourceTree = "<group>";
		};
		D451DD611CDB478F0035AEE1 /* ViewModel */ = {
			isa = PBXGroup;
			children = (
				D451DD621CDB478F0035AEE1 /* NoteTrackViewModel.swift */,
			);
			path = ViewModel;
			sourceTree = "<group>";
		};
		D451DD651CDB478F0035AEE1 /* MainMenu */ = {
			isa = PBXGroup;
			children = (
				D451DD661CDB478F0035AEE1 /* Controller */,
				D451DD681CDB478F0035AEE1 /* Model */,
				D451DD6A1CDB478F0035AEE1 /* View */,
			);
			path = MainMenu;
			sourceTree = "<group>";
		};
		D451DD661CDB478F0035AEE1 /* Controller */ = {
			isa = PBXGroup;
			children = (
				D451DD671CDB478F0035AEE1 /* MainMenuViewControllerOperate.swift */,
			);
			path = Controller;
			sourceTree = "<group>";
		};
		D451DD681CDB478F0035AEE1 /* Model */ = {
			isa = PBXGroup;
			children = (
				D451DD691CDB478F0035AEE1 /* UserModel.swift */,
			);
			path = Model;
			sourceTree = "<group>";
		};
		D451DD6A1CDB478F0035AEE1 /* View */ = {
			isa = PBXGroup;
			children = (
				D451DD6B1CDB478F0035AEE1 /* MainMenuView.swift */,
				D451DD6C1CDB478F0035AEE1 /* MainMenuView.xib */,
				D451DD6D1CDB478F0035AEE1 /* MainMenuViewCell.swift */,
				D451DD6E1CDB478F0035AEE1 /* MainMenuViewCell.xib */,
			);
			path = View;
			sourceTree = "<group>";
		};
		D451DD6F1CDB478F0035AEE1 /* SettingMenu */ = {
			isa = PBXGroup;
			children = (
				D451DD701CDB478F0035AEE1 /* Setting.storyboard */,
				D451DD711CDB478F0035AEE1 /* SettingViewController.swift */,
			);
			path = SettingMenu;
			sourceTree = "<group>";
		};
		D451DD951CDB49420035AEE1 /* Universal */ = {
			isa = PBXGroup;
			children = (
				D451DD961CDB49420035AEE1 /* Constant.swift */,
				D451DD971CDB49420035AEE1 /* AppMacroObjc.h */,
				D451DD981CDB49420035AEE1 /* AppMacroObjc.m */,
			);
			path = Universal;
			sourceTree = "<group>";
		};
		D451DD9C1CDB4ADD0035AEE1 /* Category */ = {
			isa = PBXGroup;
			children = (
				D451DD9D1CDB4ADD0035AEE1 /* UIView+MQRecursiveLevelLog.h */,
				D451DD9E1CDB4ADD0035AEE1 /* UIView+MQRecursiveLevelLog.m */,
			);
			path = Category;
			sourceTree = "<group>";
		};
		D45E89701B36CD1500AFF9F8 /* Modules */ = {
			isa = PBXGroup;
			children = (
				D4C5B5B31CD9D87800C8E7CB /* Root */,
				D4C5B5B61CD9E0EB00C8E7CB /* Drawer */,
				D45E89711B36CD1500AFF9F8 /* LogIn */,
			);
			path = Modules;
			sourceTree = "<group>";
		};
		D45E89711B36CD1500AFF9F8 /* LogIn */ = {
			isa = PBXGroup;
			children = (
				D45E89721B36CD1500AFF9F8 /* LogInViewController.swift */,
			);
			path = LogIn;
			sourceTree = "<group>";
		};
		D47E024A1BEF411700E34F23 /* AwsomeNavigationBar */ = {
			isa = PBXGroup;
			children = (
				D47E024B1BEF411700E34F23 /* UINavigationBar+Awesome.h */,
				D47E024C1BEF411700E34F23 /* UINavigationBar+Awesome.m */,
			);
			path = AwsomeNavigationBar;
			sourceTree = "<group>";
		};
		D488BF031B28685A0050C2E2 /* AppDelegate */ = {
			isa = PBXGroup;
			children = (
				D488BF041B28685A0050C2E2 /* AppDelegate.swift */,
				D42E74301CDA1A290050A9EC /* UserInfoManange.swift */,
			);
			path = AppDelegate;
			sourceTree = "<group>";
		};
		D4B712F11BAFC6D200166806 /* AVOSCloud */ = {
			isa = PBXGroup;
			children = (
				D4B712F21BAFC6D200166806 /* AVOSCloud.framework */,
			);
			path = AVOSCloud;
			sourceTree = "<group>";
		};
		D4C5B5B31CD9D87800C8E7CB /* Root */ = {
			isa = PBXGroup;
			children = (
				D4C5B5B41CD9D88E00C8E7CB /* RootViewController.swift */,
			);
			path = Root;
			sourceTree = "<group>";
		};
		D4C5B5B61CD9E0EB00C8E7CB /* Drawer */ = {
			isa = PBXGroup;
			children = (
				D4C5B5B71CD9E14300C8E7CB /* DrawerController.swift */,
				D4073AAF1CD9FB5700E880D2 /* DrawerVisualStateCustom.swift */,
				D451DD651CDB478F0035AEE1 /* MainMenu */,
				D451DD3E1CDB478F0035AEE1 /* DetailMenu */,
				D451DD6F1CDB478F0035AEE1 /* SettingMenu */,
			);
			path = Drawer;
			sourceTree = "<group>";
		};
		D4E17B4A1B286A6300228B4A /* Resources */ = {
			isa = PBXGroup;
			children = (
				D4E48EBE1BB6388F0042FC74 /* Photos.xcassets */,
				D4E17B4B1B286A7F00228B4A /* Images.xcassets */,
			);
			path = Resources;
			sourceTree = "<group>";
		};
		D4F36EAB1BC6C227006DCF94 /* MQPictureBrowser */ = {
			isa = PBXGroup;
			children = (
				D4F36EAD1BC6C227006DCF94 /* MQPictureBrowserController.swift */,
				D4F01F4D1BE751730057CCEE /* MQPictureBrowserView.swift */,
				D4F01F4F1BE7530D0057CCEE /* MQPictureBrowserView.xib */,
				D4F36EAC1BC6C227006DCF94 /* MQPictureBrowserCell.swift */,
			);
			path = MQPictureBrowser;
			sourceTree = "<group>";
		};
		FC9F7212BF61B2CF41494C5F /* Pods */ = {
			isa = PBXGroup;
			children = (
				74E4AD8AB57723A8F079C50C /* Pods.debug.xcconfig */,
				68C22996EE97883205A46665 /* Pods.release.xcconfig */,
				9B10884A75F664EEDB106C2D /* Pods-vb.debug.xcconfig */,
				9EB03327E890D0BE38B41628 /* Pods-vb.release.xcconfig */,
			);
			name = Pods;
			sourceTree = "<group>";
		};
/* End PBXGroup section */

/* Begin PBXNativeTarget section */
		D4121DDD1B07184400612CA3 /* vb */ = {
			isa = PBXNativeTarget;
			buildConfigurationList = D4121DFD1B07184400612CA3 /* Build configuration list for PBXNativeTarget "vb" */;
			buildPhases = (
				DA80DC2C734EB17B3BC2DF76 /* Check Pods Manifest.lock */,
				D4121DDA1B07184400612CA3 /* Sources */,
				D4121DDB1B07184400612CA3 /* Frameworks */,
				D4121DDC1B07184400612CA3 /* Resources */,
				1D18ADCCFFCB080ECE3DEAFD /* Copy Pods Resources */,
				7E2C8CF46461D0FDE104281C /* Embed Pods Frameworks */,
				D4B337D21BA68E74005F88BD /* Embed Frameworks */,
			);
			buildRules = (
			);
			dependencies = (
			);
			name = vb;
			productName = vb;
			productReference = D4121DDE1B07184400612CA3 /* vb.app */;
			productType = "com.apple.product-type.application";
		};
/* End PBXNativeTarget section */

/* Begin PBXProject section */
		D4121DD61B07184400612CA3 /* Project object */ = {
			isa = PBXProject;
			attributes = {
				CLASSPREFIX = MVB;
				LastSwiftMigration = 0700;
				LastSwiftUpdateCheck = 0700;
				LastUpgradeCheck = 0700;
				ORGANIZATIONNAME = maquan;
				TargetAttributes = {
					D4121DDD1B07184400612CA3 = {
						CreatedOnToolsVersion = 6.3.1;
						DevelopmentTeam = 47A7JUUJ9E;
					};
				};
			};
			buildConfigurationList = D4121DD91B07184400612CA3 /* Build configuration list for PBXProject "vb" */;
			compatibilityVersion = "Xcode 3.2";
			developmentRegion = English;
			hasScannedForEncodings = 0;
			knownRegions = (
				en,
				Base,
			);
			mainGroup = D4121DD51B07184400612CA3;
			productRefGroup = D4121DDF1B07184400612CA3 /* Products */;
			projectDirPath = "";
			projectRoot = "";
			targets = (
				D4121DDD1B07184400612CA3 /* vb */,
			);
		};
/* End PBXProject section */

/* Begin PBXResourcesBuildPhase section */
		D4121DDC1B07184400612CA3 /* Resources */ = {
			isa = PBXResourcesBuildPhase;
			buildActionMask = 2147483647;
			files = (
				D451DD781CDB478F0035AEE1 /* ImageTextTrack.xib in Resources */,
				D451DD921CDB478F0035AEE1 /* MainMenuViewCell.xib in Resources */,
				D4AAF2C51B31B47C00350A91 /* LaunchScreen.xib in Resources */,
				D451DD7F1CDB478F0035AEE1 /* NoteTrack.storyboard in Resources */,
				D451DD861CDB478F0035AEE1 /* NoteTrackCell.xib in Resources */,
				D451DD901CDB478F0035AEE1 /* MainMenuView.xib in Resources */,
				D4E48EBF1BB6388F0042FC74 /* Photos.xcassets in Resources */,
				D451DD931CDB478F0035AEE1 /* Setting.storyboard in Resources */,
				D451DD841CDB478F0035AEE1 /* NewNoteTrackView.xib in Resources */,
				D4AAF2C61B31B47C00350A91 /* Main.storyboard in Resources */,
				D451DD7C1CDB478F0035AEE1 /* ImageTextTrackDisplayCell.xib in Resources */,
				D4F01F501BE7530D0057CCEE /* MQPictureBrowserView.xib in Resources */,
				D451DD741CDB478F0035AEE1 /* ImageTextTrack.storyboard in Resources */,
				D451DD881CDB478F0035AEE1 /* NoteTrackDetailCell.xib in Resources */,
				D4E17B4C1B286A7F00228B4A /* Images.xcassets in Resources */,
			);
			runOnlyForDeploymentPostprocessing = 0;
		};
/* End PBXResourcesBuildPhase section */

/* Begin PBXShellScriptBuildPhase section */
		1D18ADCCFFCB080ECE3DEAFD /* Copy Pods Resources */ = {
			isa = PBXShellScriptBuildPhase;
			buildActionMask = 2147483647;
			files = (
			);
			inputPaths = (
			);
			name = "Copy Pods Resources";
			outputPaths = (
			);
			runOnlyForDeploymentPostprocessing = 0;
			shellPath = /bin/sh;
			shellScript = "\"${SRCROOT}/Pods/Target Support Files/Pods-vb/Pods-vb-resources.sh\"\n";
			showEnvVarsInLog = 0;
		};
		7E2C8CF46461D0FDE104281C /* Embed Pods Frameworks */ = {
			isa = PBXShellScriptBuildPhase;
			buildActionMask = 2147483647;
			files = (
			);
			inputPaths = (
			);
			name = "Embed Pods Frameworks";
			outputPaths = (
			);
			runOnlyForDeploymentPostprocessing = 0;
			shellPath = /bin/sh;
			shellScript = "\"${SRCROOT}/Pods/Target Support Files/Pods-vb/Pods-vb-frameworks.sh\"\n";
			showEnvVarsInLog = 0;
		};
		DA80DC2C734EB17B3BC2DF76 /* Check Pods Manifest.lock */ = {
			isa = PBXShellScriptBuildPhase;
			buildActionMask = 2147483647;
			files = (
			);
			inputPaths = (
			);
			name = "Check Pods Manifest.lock";
			outputPaths = (
			);
			runOnlyForDeploymentPostprocessing = 0;
			shellPath = /bin/sh;
			shellScript = "diff \"${PODS_ROOT}/../Podfile.lock\" \"${PODS_ROOT}/Manifest.lock\" > /dev/null\nif [[ $? != 0 ]] ; then\n    cat << EOM\nerror: The sandbox is not in sync with the Podfile.lock. Run 'pod install' or update your CocoaPods installation.\nEOM\n    exit 1\nfi\n";
			showEnvVarsInLog = 0;
		};
/* End PBXShellScriptBuildPhase section */

/* Begin PBXSourcesBuildPhase section */
		D4121DDA1B07184400612CA3 /* Sources */ = {
			isa = PBXSourcesBuildPhase;
			buildActionMask = 2147483647;
			files = (
				D451DD791CDB478F0035AEE1 /* ImageTextTrackAddMenuView.swift in Sources */,
				D451DD891CDB478F0035AEE1 /* NoteTrackDetailView.swift in Sources */,
				D47E024D1BEF411700E34F23 /* UINavigationBar+Awesome.m in Sources */,
				D451DD7E1CDB478F0035AEE1 /* ImageTextTrackViewModel.swift in Sources */,
				D451DD7D1CDB478F0035AEE1 /* ImageTextTrackLayout.swift in Sources */,
				D451DD831CDB478F0035AEE1 /* NewNoteTrackView.swift in Sources */,
				D4073AB01CD9FB5700E880D2 /* DrawerVisualStateCustom.swift in Sources */,
				D40709361BB104F20098867E /* UIView_Extension.swift in Sources */,
				D451DD7B1CDB478F0035AEE1 /* ImageTextTrackDisplayCell.swift in Sources */,
				D451DD721CDB478F0035AEE1 /* DetailBaseViewController.swift in Sources */,
				D451DD811CDB478F0035AEE1 /* NoteTrackIdListModel.swift in Sources */,
				D488BF051B28685A0050C2E2 /* AppDelegate.swift in Sources */,
				D451DD871CDB478F0035AEE1 /* NoteTrackDetailCell.swift in Sources */,
				D451DD941CDB478F0035AEE1 /* SettingViewController.swift in Sources */,
				D4C5B5B51CD9D88E00C8E7CB /* RootViewController.swift in Sources */,
				D4B679B91BB4ED3D002E7B32 /* UIWindow_Extension.swift in Sources */,
				D40709321BB101250098867E /* NSObject_Extension.swift in Sources */,
				D451DD821CDB478F0035AEE1 /* NoteTrackModel.swift in Sources */,
				D451DD9A1CDB49420035AEE1 /* AppMacroObjc.m in Sources */,
				D451DD851CDB478F0035AEE1 /* NoteTrackCell.swift in Sources */,
				D451DD991CDB49420035AEE1 /* Constant.swift in Sources */,
				D451DD731CDB478F0035AEE1 /* HomeViewController.swift in Sources */,
				D42E74311CDA1A290050A9EC /* UserInfoManange.swift in Sources */,
				D451DD771CDB478F0035AEE1 /* ImageTextTrackModel.swift in Sources */,
				D451DD8F1CDB478F0035AEE1 /* MainMenuView.swift in Sources */,
				D45E89841B36CD1500AFF9F8 /* LogInViewController.swift in Sources */,
				D4F01F4E1BE751730057CCEE /* MQPictureBrowserView.swift in Sources */,
				D451DD8A1CDB478F0035AEE1 /* NoteTrackViewModel.swift in Sources */,
				D451DD8E1CDB478F0035AEE1 /* UserModel.swift in Sources */,
				D451DD7A1CDB478F0035AEE1 /* ImageTextTrackCell.swift in Sources */,
				D451DD8D1CDB478F0035AEE1 /* MainMenuViewControllerOperate.swift in Sources */,
				D451DD801CDB478F0035AEE1 /* NoteTrackViewController.swift in Sources */,
				D451DD9F1CDB4ADD0035AEE1 /* UIView+MQRecursiveLevelLog.m in Sources */,
				D451DD751CDB478F0035AEE1 /* ImageTextTrackViewController.swift in Sources */,
				D4F36EAE1BC6C227006DCF94 /* MQPictureBrowserCell.swift in Sources */,
				D4E903331BB1514000D5907D /* UILabel_Extension.swift in Sources */,
				D451DD761CDB478F0035AEE1 /* ImageTextTrackIdListModel.swift in Sources */,
				D4F36EAF1BC6C227006DCF94 /* MQPictureBrowserController.swift in Sources */,
				D451DD911CDB478F0035AEE1 /* MainMenuViewCell.swift in Sources */,
				D4B679BB1BB4EDC1002E7B32 /* UIScreen_Extension.swift in Sources */,
				D4C5B5B81CD9E14300C8E7CB /* DrawerController.swift in Sources */,
			);
			runOnlyForDeploymentPostprocessing = 0;
		};
/* End PBXSourcesBuildPhase section */

/* Begin PBXVariantGroup section */
		D4121DE71B07184400612CA3 /* Main.storyboard */ = {
			isa = PBXVariantGroup;
			children = (
				D4121DE81B07184400612CA3 /* Base */,
			);
			name = Main.storyboard;
			sourceTree = "<group>";
		};
		D4121DEC1B07184400612CA3 /* LaunchScreen.xib */ = {
			isa = PBXVariantGroup;
			children = (
				D4121DED1B07184400612CA3 /* Base */,
			);
			name = LaunchScreen.xib;
			sourceTree = "<group>";
		};
/* End PBXVariantGroup section */

/* Begin XCBuildConfiguration section */
		D4121DFB1B07184400612CA3 /* Debug */ = {
			isa = XCBuildConfiguration;
			buildSettings = {
				ALWAYS_SEARCH_USER_PATHS = NO;
				CLANG_CXX_LANGUAGE_STANDARD = "gnu++0x";
				CLANG_CXX_LIBRARY = "libc++";
				CLANG_ENABLE_MODULES = YES;
				CLANG_ENABLE_OBJC_ARC = YES;
				CLANG_WARN_BOOL_CONVERSION = YES;
				CLANG_WARN_CONSTANT_CONVERSION = YES;
				CLANG_WARN_DIRECT_OBJC_ISA_USAGE = YES_ERROR;
				CLANG_WARN_EMPTY_BODY = YES;
				CLANG_WARN_ENUM_CONVERSION = YES;
				CLANG_WARN_INT_CONVERSION = YES;
				CLANG_WARN_OBJC_ROOT_CLASS = YES_ERROR;
				CLANG_WARN_UNREACHABLE_CODE = YES;
				CLANG_WARN__DUPLICATE_METHOD_MATCH = YES;
				"CODE_SIGN_IDENTITY[sdk=iphoneos*]" = "iPhone Developer";
				COPY_PHASE_STRIP = NO;
				DEBUG_INFORMATION_FORMAT = "dwarf-with-dsym";
				ENABLE_STRICT_OBJC_MSGSEND = YES;
				ENABLE_TESTABILITY = YES;
				GCC_C_LANGUAGE_STANDARD = gnu99;
				GCC_DYNAMIC_NO_PIC = NO;
				GCC_NO_COMMON_BLOCKS = YES;
				GCC_OPTIMIZATION_LEVEL = 0;
				GCC_PREPROCESSOR_DEFINITIONS = (
					"DEBUG=1",
					"$(inherited)",
				);
				GCC_SYMBOLS_PRIVATE_EXTERN = NO;
				GCC_WARN_64_TO_32_BIT_CONVERSION = YES;
				GCC_WARN_ABOUT_RETURN_TYPE = YES_ERROR;
				GCC_WARN_UNDECLARED_SELECTOR = YES;
				GCC_WARN_UNINITIALIZED_AUTOS = YES_AGGRESSIVE;
				GCC_WARN_UNUSED_FUNCTION = YES;
				GCC_WARN_UNUSED_VARIABLE = YES;
				IPHONEOS_DEPLOYMENT_TARGET = 8.0;
				MTL_ENABLE_DEBUG_INFO = YES;
				ONLY_ACTIVE_ARCH = YES;
				SDKROOT = iphoneos;
				SWIFT_OPTIMIZATION_LEVEL = "-Onone";
			};
			name = Debug;
		};
		D4121DFC1B07184400612CA3 /* Release */ = {
			isa = XCBuildConfiguration;
			buildSettings = {
				ALWAYS_SEARCH_USER_PATHS = NO;
				CLANG_CXX_LANGUAGE_STANDARD = "gnu++0x";
				CLANG_CXX_LIBRARY = "libc++";
				CLANG_ENABLE_MODULES = YES;
				CLANG_ENABLE_OBJC_ARC = YES;
				CLANG_WARN_BOOL_CONVERSION = YES;
				CLANG_WARN_CONSTANT_CONVERSION = YES;
				CLANG_WARN_DIRECT_OBJC_ISA_USAGE = YES_ERROR;
				CLANG_WARN_EMPTY_BODY = YES;
				CLANG_WARN_ENUM_CONVERSION = YES;
				CLANG_WARN_INT_CONVERSION = YES;
				CLANG_WARN_OBJC_ROOT_CLASS = YES_ERROR;
				CLANG_WARN_UNREACHABLE_CODE = YES;
				CLANG_WARN__DUPLICATE_METHOD_MATCH = YES;
				"CODE_SIGN_IDENTITY[sdk=iphoneos*]" = "iPhone Developer";
				COPY_PHASE_STRIP = NO;
				DEBUG_INFORMATION_FORMAT = "dwarf-with-dsym";
				ENABLE_NS_ASSERTIONS = NO;
				ENABLE_STRICT_OBJC_MSGSEND = YES;
				GCC_C_LANGUAGE_STANDARD = gnu99;
				GCC_NO_COMMON_BLOCKS = YES;
				GCC_WARN_64_TO_32_BIT_CONVERSION = YES;
				GCC_WARN_ABOUT_RETURN_TYPE = YES_ERROR;
				GCC_WARN_UNDECLARED_SELECTOR = YES;
				GCC_WARN_UNINITIALIZED_AUTOS = YES_AGGRESSIVE;
				GCC_WARN_UNUSED_FUNCTION = YES;
				GCC_WARN_UNUSED_VARIABLE = YES;
				IPHONEOS_DEPLOYMENT_TARGET = 8.0;
				MTL_ENABLE_DEBUG_INFO = NO;
				SDKROOT = iphoneos;
				VALIDATE_PRODUCT = YES;
			};
			name = Release;
		};
		D4121DFE1B07184400612CA3 /* Debug */ = {
			isa = XCBuildConfiguration;
			baseConfigurationReference = 9B10884A75F664EEDB106C2D /* Pods-vb.debug.xcconfig */;
			buildSettings = {
				ASSETCATALOG_COMPILER_APPICON_NAME = AppIcon;
				CLANG_CXX_LIBRARY = "libc++";
				CLANG_ENABLE_MODULES = YES;
				CODE_SIGN_IDENTITY = "iPhone Developer";
				"CODE_SIGN_IDENTITY[sdk=iphoneos*]" = "iPhone Developer";
				DEBUG_INFORMATION_FORMAT = dwarf;
				DEFINES_MODULE = YES;
				ENABLE_BITCODE = NO;
				FRAMEWORK_SEARCH_PATHS = (
					"$(inherited)",
					"$(PROJECT_DIR)/vb/Utils/SDK/AVOSCloud",
				);
				GCC_PRECOMPILE_PREFIX_HEADER = YES;
				GCC_PREFIX_HEADER = "vb/vb-Prefix.pch";
				GCC_WARN_UNUSED_FUNCTION = NO;
				INFOPLIST_FILE = vb/Info.plist;
				IPHONEOS_DEPLOYMENT_TARGET = 8.0;
				LD_RUNPATH_SEARCH_PATHS = "$(inherited) @executable_path/Frameworks";
				LIBRARY_SEARCH_PATHS = "$(inherited)";
				OTHER_CFLAGS = (
					"$(inherited)",
					"-isystem",
					"\"${PODS_ROOT}/Headers/Public\"",
					"-isystem",
					"\"${PODS_ROOT}/Headers/Public/AFNetworking\"",
					"-isystem",
					"\"${PODS_ROOT}/Headers/Public/JSONModel\"",
					"-isystem",
					"\"${PODS_ROOT}/Headers/Public/MJExtension\"",
					"-isystem",
					"\"${PODS_ROOT}/Headers/Public/SDWebImage\"",
					"-isystem",
					"\"${PODS_ROOT}/Headers/Public/SVProgressHUD\"",
					"-isystem",
					"\"${PODS_ROOT}/Headers/Public/SVPullToRefresh\"",
					"-isystem",
					"\"${PODS_ROOT}/Headers/Public/UIActivityIndicator-for-SDWebImage\"",
				);
				OTHER_LDFLAGS = (
					"$(inherited)",
					"-framework",
					"\"AFNetworking\"",
					"-framework",
					"\"Cent\"",
					"-framework",
					"\"Dollar\"",
					"-framework",
					"\"FDFullscreenPopGesture\"",
					"-framework",
					"\"Kingfisher\"",
					"-framework",
					"\"MJExtension\"",
					"-framework",
					"\"MJRefresh\"",
					"-framework",
					"\"MMDrawerController\"",
					"-framework",
					"\"MQMaskController\"",
					"-framework",
					"\"SDWebImage\"",
					"-framework",
					"\"SVProgressHUD\"",
					"-framework",
					"\"SWTableViewCell\"",
				);
				PRODUCT_BUNDLE_IDENTIFIER = maquan.vb;
				PRODUCT_NAME = "$(TARGET_NAME)";
				PROVISIONING_PROFILE = "";
				SWIFT_OBJC_BRIDGING_HEADER = "vb/vb-Bridging-Header.h";
				SWIFT_OPTIMIZATION_LEVEL = "-Onone";
				VALID_ARCHS = "arm64 armv7s armv7";
			};
			name = Debug;
		};
		D4121DFF1B07184400612CA3 /* Release */ = {
			isa = XCBuildConfiguration;
			baseConfigurationReference = 9EB03327E890D0BE38B41628 /* Pods-vb.release.xcconfig */;
			buildSettings = {
				ASSETCATALOG_COMPILER_APPICON_NAME = AppIcon;
				CLANG_CXX_LIBRARY = "libc++";
				CLANG_ENABLE_MODULES = YES;
				CODE_SIGN_IDENTITY = "iPhone Developer";
				"CODE_SIGN_IDENTITY[sdk=iphoneos*]" = "iPhone Developer";
				DEBUG_INFORMATION_FORMAT = dwarf;
				DEFINES_MODULE = YES;
				ENABLE_BITCODE = NO;
				FRAMEWORK_SEARCH_PATHS = (
					"$(inherited)",
					"$(PROJECT_DIR)/vb/Utils/SDK/AVOSCloud",
				);
				GCC_PRECOMPILE_PREFIX_HEADER = YES;
				GCC_PREFIX_HEADER = "vb/vb-Prefix.pch";
				GCC_WARN_UNUSED_FUNCTION = NO;
				INFOPLIST_FILE = vb/Info.plist;
				IPHONEOS_DEPLOYMENT_TARGET = 8.0;
				LD_RUNPATH_SEARCH_PATHS = "$(inherited) @executable_path/Frameworks";
				LIBRARY_SEARCH_PATHS = "$(inherited)";
				OTHER_CFLAGS = (
					"$(inherited)",
					"-isystem",
					"\"${PODS_ROOT}/Headers/Public\"",
					"-isystem",
					"\"${PODS_ROOT}/Headers/Public/AFNetworking\"",
					"-isystem",
					"\"${PODS_ROOT}/Headers/Public/JSONModel\"",
					"-isystem",
					"\"${PODS_ROOT}/Headers/Public/MJExtension\"",
					"-isystem",
					"\"${PODS_ROOT}/Headers/Public/SDWebImage\"",
					"-isystem",
					"\"${PODS_ROOT}/Headers/Public/SVProgressHUD\"",
					"-isystem",
					"\"${PODS_ROOT}/Headers/Public/SVPullToRefresh\"",
					"-isystem",
					"\"${PODS_ROOT}/Headers/Public/UIActivityIndicator-for-SDWebImage\"",
				);
				OTHER_LDFLAGS = (
					"$(inherited)",
					"-framework",
					"\"AFNetworking\"",
					"-framework",
					"\"Cent\"",
					"-framework",
					"\"Dollar\"",
					"-framework",
					"\"FDFullscreenPopGesture\"",
					"-framework",
					"\"Kingfisher\"",
					"-framework",
					"\"MJExtension\"",
					"-framework",
					"\"MJRefresh\"",
					"-framework",
					"\"MMDrawerController\"",
					"-framework",
					"\"MQMaskController\"",
					"-framework",
					"\"SDWebImage\"",
					"-framework",
					"\"SVProgressHUD\"",
					"-framework",
					"\"SWTableViewCell\"",
				);
				PRODUCT_BUNDLE_IDENTIFIER = maquan.vb;
				PRODUCT_NAME = "$(TARGET_NAME)";
				PROVISIONING_PROFILE = "";
				SWIFT_OBJC_BRIDGING_HEADER = "vb/vb-Bridging-Header.h";
				VALID_ARCHS = "arm64 armv7s armv7";
			};
			name = Release;
		};
/* End XCBuildConfiguration section */

/* Begin XCConfigurationList section */
		D4121DD91B07184400612CA3 /* Build configuration list for PBXProject "vb" */ = {
			isa = XCConfigurationList;
			buildConfigurations = (
				D4121DFB1B07184400612CA3 /* Debug */,
				D4121DFC1B07184400612CA3 /* Release */,
			);
			defaultConfigurationIsVisible = 0;
			defaultConfigurationName = Release;
		};
		D4121DFD1B07184400612CA3 /* Build configuration list for PBXNativeTarget "vb" */ = {
			isa = XCConfigurationList;
			buildConfigurations = (
				D4121DFE1B07184400612CA3 /* Debug */,
				D4121DFF1B07184400612CA3 /* Release */,
			);
			defaultConfigurationIsVisible = 0;
			defaultConfigurationName = Release;
		};
/* End XCConfigurationList section */
	};
	rootObject = D4121DD61B07184400612CA3 /* Project object */;
}
